// !$*UTF8*$!
{
	archiveVersion = 1;
	classes = {
	};
	objectVersion = 46;
	objects = {

/* Begin PBXBuildFile section */
		A6177097165826F200F5E5EE /* ASIAuthenticationDialog.m in Sources */ = {isa = PBXBuildFile; fileRef = A6176F9B165826F200F5E5EE /* ASIAuthenticationDialog.m */; settings = {COMPILER_FLAGS = "-fno-objc-arc"; }; };
		A6177098165826F200F5E5EE /* ASIDataCompressor.m in Sources */ = {isa = PBXBuildFile; fileRef = A6176F9E165826F200F5E5EE /* ASIDataCompressor.m */; settings = {COMPILER_FLAGS = "-fno-objc-arc"; }; };
		A6177099165826F200F5E5EE /* ASIDataDecompressor.m in Sources */ = {isa = PBXBuildFile; fileRef = A6176FA0165826F200F5E5EE /* ASIDataDecompressor.m */; settings = {COMPILER_FLAGS = "-fno-objc-arc"; }; };
		A617709A165826F200F5E5EE /* ASIDownloadCache.m in Sources */ = {isa = PBXBuildFile; fileRef = A6176FA2165826F200F5E5EE /* ASIDownloadCache.m */; settings = {COMPILER_FLAGS = "-fno-objc-arc"; }; };
		A617709B165826F200F5E5EE /* ASIFormDataRequest.m in Sources */ = {isa = PBXBuildFile; fileRef = A6176FA4165826F200F5E5EE /* ASIFormDataRequest.m */; settings = {COMPILER_FLAGS = "-fno-objc-arc"; }; };
		A617709C165826F200F5E5EE /* ASIHTTPRequest.m in Sources */ = {isa = PBXBuildFile; fileRef = A6176FA6165826F200F5E5EE /* ASIHTTPRequest.m */; settings = {COMPILER_FLAGS = "-fno-objc-arc"; }; };
		A617709D165826F200F5E5EE /* ASIInputStream.m in Sources */ = {isa = PBXBuildFile; fileRef = A6176FAA165826F200F5E5EE /* ASIInputStream.m */; settings = {COMPILER_FLAGS = "-fno-objc-arc"; }; };
		A617709E165826F200F5E5EE /* ASINetworkQueue.m in Sources */ = {isa = PBXBuildFile; fileRef = A6176FAC165826F200F5E5EE /* ASINetworkQueue.m */; settings = {COMPILER_FLAGS = "-fno-objc-arc"; }; };
		A617709F165826F200F5E5EE /* FKBadgeField.m in Sources */ = {isa = PBXBuildFile; fileRef = A6176FB1165826F200F5E5EE /* FKBadgeField.m */; };
		A61770A0165826F200F5E5EE /* FKButtonField.m in Sources */ = {isa = PBXBuildFile; fileRef = A6176FB3165826F200F5E5EE /* FKButtonField.m */; };
		A61770A1165826F200F5E5EE /* FKDisclosureIndicatorAccessoryField.m in Sources */ = {isa = PBXBuildFile; fileRef = A6176FB5165826F200F5E5EE /* FKDisclosureIndicatorAccessoryField.m */; };
		A61770A2165826F200F5E5EE /* FKFloatField.m in Sources */ = {isa = PBXBuildFile; fileRef = A6176FB9165826F200F5E5EE /* FKFloatField.m */; };
		A61770A3165826F200F5E5EE /* FKImageField.m in Sources */ = {isa = PBXBuildFile; fileRef = A6176FBB165826F200F5E5EE /* FKImageField.m */; };
		A61770A4165826F200F5E5EE /* FKIntegerField.m in Sources */ = {isa = PBXBuildFile; fileRef = A6176FBD165826F200F5E5EE /* FKIntegerField.m */; };
		A61770A5165826F200F5E5EE /* FKLabelField.m in Sources */ = {isa = PBXBuildFile; fileRef = A6176FBF165826F200F5E5EE /* FKLabelField.m */; };
		A61770A6165826F200F5E5EE /* FKPasswordTextField.m in Sources */ = {isa = PBXBuildFile; fileRef = A6176FC1165826F200F5E5EE /* FKPasswordTextField.m */; };
		A61770A7165826F200F5E5EE /* FKSaveButtonField.m in Sources */ = {isa = PBXBuildFile; fileRef = A6176FC3165826F200F5E5EE /* FKSaveButtonField.m */; };
		A61770A8165826F200F5E5EE /* FKSimpleField.m in Sources */ = {isa = PBXBuildFile; fileRef = A6176FC5165826F200F5E5EE /* FKSimpleField.m */; };
		A61770A9165826F200F5E5EE /* FKSliderField.m in Sources */ = {isa = PBXBuildFile; fileRef = A6176FC7165826F200F5E5EE /* FKSliderField.m */; };
		A61770AA165826F200F5E5EE /* FKSwitchField.m in Sources */ = {isa = PBXBuildFile; fileRef = A6176FC9165826F200F5E5EE /* FKSwitchField.m */; };
		A61770AB165826F200F5E5EE /* FKTextField.m in Sources */ = {isa = PBXBuildFile; fileRef = A6176FCB165826F200F5E5EE /* FKTextField.m */; };
		A61770AC165826F200F5E5EE /* FKTextViewField.m in Sources */ = {isa = PBXBuildFile; fileRef = A6176FCD165826F200F5E5EE /* FKTextViewField.m */; };
		A61770AD165826F200F5E5EE /* FKValueViewField.m in Sources */ = {isa = PBXBuildFile; fileRef = A6176FCF165826F200F5E5EE /* FKValueViewField.m */; };
		A61770AE165826F200F5E5EE /* FKFormAttributeMapping.m in Sources */ = {isa = PBXBuildFile; fileRef = A6176FD2165826F200F5E5EE /* FKFormAttributeMapping.m */; };
		A61770AF165826F200F5E5EE /* FKFormAttributeValidation.m in Sources */ = {isa = PBXBuildFile; fileRef = A6176FD4165826F200F5E5EE /* FKFormAttributeValidation.m */; };
		A61770B0165826F200F5E5EE /* FKFormMapper.m in Sources */ = {isa = PBXBuildFile; fileRef = A6176FD6165826F200F5E5EE /* FKFormMapper.m */; };
		A61770B1165826F200F5E5EE /* FKFormMapping.m in Sources */ = {isa = PBXBuildFile; fileRef = A6176FD8165826F200F5E5EE /* FKFormMapping.m */; };
		A61770B2165826F200F5E5EE /* FKFormModel.m in Sources */ = {isa = PBXBuildFile; fileRef = A6176FDA165826F200F5E5EE /* FKFormModel.m */; };
		A61770B3165826F200F5E5EE /* FKSectionObject.m in Sources */ = {isa = PBXBuildFile; fileRef = A6176FDD165826F200F5E5EE /* FKSectionObject.m */; };
		A61770B4165826F200F5E5EE /* NSObject+FKFormAttributeMapping.m in Sources */ = {isa = PBXBuildFile; fileRef = A6176FE0165826F200F5E5EE /* NSObject+FKFormAttributeMapping.m */; };
		A61770B5165826F200F5E5EE /* UITableViewCell+FormKit.m in Sources */ = {isa = PBXBuildFile; fileRef = A6176FE2165826F200F5E5EE /* UITableViewCell+FormKit.m */; };
		A61770B6165826F200F5E5EE /* UIView+FormKit.m in Sources */ = {isa = PBXBuildFile; fileRef = A6176FE4165826F200F5E5EE /* UIView+FormKit.m */; };
		A61770E6165826F200F5E5EE /* LBYouTubeExtractor.m in Sources */ = {isa = PBXBuildFile; fileRef = A6177050165826F200F5E5EE /* LBYouTubeExtractor.m */; };
		A61770E7165826F200F5E5EE /* LBYouTubePlayerController.m in Sources */ = {isa = PBXBuildFile; fileRef = A6177052165826F200F5E5EE /* LBYouTubePlayerController.m */; };
		A61770E8165826F200F5E5EE /* LBYouTubePlayerViewController.m in Sources */ = {isa = PBXBuildFile; fileRef = A6177054165826F200F5E5EE /* LBYouTubePlayerViewController.m */; };
		A61770E9165826F200F5E5EE /* Reachability.m in Sources */ = {isa = PBXBuildFile; fileRef = A6177057165826F200F5E5EE /* Reachability.m */; settings = {COMPILER_FLAGS = "-fno-objc-arc"; }; };
		A61770EA165826F200F5E5EE /* NSObject+SBJson.m in Sources */ = {isa = PBXBuildFile; fileRef = A617705A165826F200F5E5EE /* NSObject+SBJson.m */; };
		A61770EB165826F200F5E5EE /* SBJsonParser.m in Sources */ = {isa = PBXBuildFile; fileRef = A617705D165826F200F5E5EE /* SBJsonParser.m */; };
		A61770EC165826F200F5E5EE /* SBJsonStreamParser.m in Sources */ = {isa = PBXBuildFile; fileRef = A617705F165826F200F5E5EE /* SBJsonStreamParser.m */; };
		A61770ED165826F200F5E5EE /* SBJsonStreamParserAccumulator.m in Sources */ = {isa = PBXBuildFile; fileRef = A6177061165826F200F5E5EE /* SBJsonStreamParserAccumulator.m */; };
		A61770EE165826F200F5E5EE /* SBJsonStreamParserAdapter.m in Sources */ = {isa = PBXBuildFile; fileRef = A6177063165826F200F5E5EE /* SBJsonStreamParserAdapter.m */; };
		A61770EF165826F200F5E5EE /* SBJsonStreamParserState.m in Sources */ = {isa = PBXBuildFile; fileRef = A6177065165826F200F5E5EE /* SBJsonStreamParserState.m */; };
		A61770F0165826F200F5E5EE /* SBJsonStreamWriter.m in Sources */ = {isa = PBXBuildFile; fileRef = A6177067165826F200F5E5EE /* SBJsonStreamWriter.m */; };
		A61770F1165826F200F5E5EE /* SBJsonStreamWriterAccumulator.m in Sources */ = {isa = PBXBuildFile; fileRef = A6177069165826F200F5E5EE /* SBJsonStreamWriterAccumulator.m */; };
		A61770F2165826F200F5E5EE /* SBJsonStreamWriterState.m in Sources */ = {isa = PBXBuildFile; fileRef = A617706B165826F200F5E5EE /* SBJsonStreamWriterState.m */; };
		A61770F3165826F200F5E5EE /* SBJsonTokeniser.m in Sources */ = {isa = PBXBuildFile; fileRef = A617706D165826F200F5E5EE /* SBJsonTokeniser.m */; };
		A61770F4165826F200F5E5EE /* SBJsonUTF8Stream.m in Sources */ = {isa = PBXBuildFile; fileRef = A617706F165826F200F5E5EE /* SBJsonUTF8Stream.m */; };
		A61770F5165826F200F5E5EE /* SBJsonWriter.m in Sources */ = {isa = PBXBuildFile; fileRef = A6177071165826F200F5E5EE /* SBJsonWriter.m */; };
		A61770F6165826F200F5E5EE /* SSKeychain.m in Sources */ = {isa = PBXBuildFile; fileRef = A6177074165826F200F5E5EE /* SSKeychain.m */; };
		A61770F7165826F200F5E5EE /* SVProgressHUD.bundle in Resources */ = {isa = PBXBuildFile; fileRef = A6177076165826F200F5E5EE /* SVProgressHUD.bundle */; };
		A61770F8165826F200F5E5EE /* SVProgressHUD.m in Sources */ = {isa = PBXBuildFile; fileRef = A6177078165826F200F5E5EE /* SVProgressHUD.m */; };
		A61770F9165826F200F5E5EE /* AbstractActionSheetPicker.m in Sources */ = {isa = PBXBuildFile; fileRef = A617707C165826F200F5E5EE /* AbstractActionSheetPicker.m */; };
		A61770FA165826F200F5E5EE /* ActionSheetCustomPicker.m in Sources */ = {isa = PBXBuildFile; fileRef = A617707E165826F200F5E5EE /* ActionSheetCustomPicker.m */; };
		A61770FB165826F200F5E5EE /* ActionSheetDatePicker.m in Sources */ = {isa = PBXBuildFile; fileRef = A6177081165826F200F5E5EE /* ActionSheetDatePicker.m */; };
		A61770FC165826F200F5E5EE /* ActionSheetDistancePicker.m in Sources */ = {isa = PBXBuildFile; fileRef = A6177083165826F200F5E5EE /* ActionSheetDistancePicker.m */; };
		A61770FD165826F200F5E5EE /* ActionSheetStringPicker.m in Sources */ = {isa = PBXBuildFile; fileRef = A6177085165826F200F5E5EE /* ActionSheetStringPicker.m */; };
		A61770FE165826F200F5E5EE /* DistancePickerView.m in Sources */ = {isa = PBXBuildFile; fileRef = A6177087165826F200F5E5EE /* DistancePickerView.m */; };
		A61770FF165826F200F5E5EE /* BWLongTextViewController.m in Sources */ = {isa = PBXBuildFile; fileRef = A617708A165826F200F5E5EE /* BWLongTextViewController.m */; };
		A6177100165826F200F5E5EE /* BWSelectViewController.m in Sources */ = {isa = PBXBuildFile; fileRef = A617708D165826F200F5E5EE /* BWSelectViewController.m */; };
		A617710F1658281F00F5E5EE /* arrow.png in Resources */ = {isa = PBXBuildFile; fileRef = A617710D1658281F00F5E5EE /* arrow.png */; };
		A61771101658281F00F5E5EE /* arrow@2x.png in Resources */ = {isa = PBXBuildFile; fileRef = A617710E1658281F00F5E5EE /* arrow@2x.png */; };
		A681A78D1655F99E0069521B /* main.m in Sources */ = {isa = PBXBuildFile; fileRef = DAF330AE164F335100DBBFD3 /* main.m */; };
		A681A78E1655F99E0069521B /* LTAppDelegate.m in Sources */ = {isa = PBXBuildFile; fileRef = DAF330B2164F335100DBBFD3 /* LTAppDelegate.m */; };
		A681A78F1655F99E0069521B /* LTExploreViewController.m in Sources */ = {isa = PBXBuildFile; fileRef = DAF330BE164F335100DBBFD3 /* LTExploreViewController.m */; };
		A681A7901655F99E0069521B /* LTListenViewController.m in Sources */ = {isa = PBXBuildFile; fileRef = DAF330C5164F335200DBBFD3 /* LTListenViewController.m */; };
		A681A7911655F99E0069521B /* LTBlipViewController.m in Sources */ = {isa = PBXBuildFile; fileRef = DAF330E9164F343D00DBBFD3 /* LTBlipViewController.m */; };
		A681A7921655F99E0069521B /* LTCommunication.m in Sources */ = {isa = PBXBuildFile; fileRef = DAF330EC164F347400DBBFD3 /* LTCommunication.m */; };
		A681A7A81655F99E0069521B /* LTLocationController.m in Sources */ = {isa = PBXBuildFile; fileRef = A69FE9C2164F59AB00274407 /* LTLocationController.m */; };
		A681A7A91655F99E0069521B /* LTYouTubeViewController.m in Sources */ = {isa = PBXBuildFile; fileRef = DA0A31EF16501AFB00E7A2A4 /* LTYouTubeViewController.m */; };
		A681A7AA1655F99E0069521B /* JSONKit.m in Sources */ = {isa = PBXBuildFile; fileRef = A6E84ADE1650204B00CE73F6 /* JSONKit.m */; settings = {COMPILER_FLAGS = "-fno-objc-arc"; }; };
		A681A7AB1655F99E0069521B /* LTRegisterViewController.m in Sources */ = {isa = PBXBuildFile; fileRef = DA0A32EC16502BAC00E7A2A4 /* LTRegisterViewController.m */; };
		A681A7AD1655F99E0069521B /* Security.framework in Frameworks */ = {isa = PBXBuildFile; fileRef = DA0A32EE16502BCD00E7A2A4 /* Security.framework */; };
		A681A7AE1655F99E0069521B /* MediaPlayer.framework in Frameworks */ = {isa = PBXBuildFile; fileRef = A69FE9BA164F51C600274407 /* MediaPlayer.framework */; };
		A681A7AF1655F99E0069521B /* CoreLocation.framework in Frameworks */ = {isa = PBXBuildFile; fileRef = DAF3313E164F443600DBBFD3 /* CoreLocation.framework */; };
		A681A7B01655F99E0069521B /* libz.dylib in Frameworks */ = {isa = PBXBuildFile; fileRef = DAF3313C164F432700DBBFD3 /* libz.dylib */; };
		A681A7B11655F99E0069521B /* CoreGraphics.framework in Frameworks */ = {isa = PBXBuildFile; fileRef = DAF330A6164F335100DBBFD3 /* CoreGraphics.framework */; };
		A681A7B21655F99E0069521B /* MobileCoreServices.framework in Frameworks */ = {isa = PBXBuildFile; fileRef = DAF3313A164F431600DBBFD3 /* MobileCoreServices.framework */; };
		A681A7B31655F99E0069521B /* SystemConfiguration.framework in Frameworks */ = {isa = PBXBuildFile; fileRef = DAF33138164F431000DBBFD3 /* SystemConfiguration.framework */; };
		A681A7B41655F99E0069521B /* CFNetwork.framework in Frameworks */ = {isa = PBXBuildFile; fileRef = DAF33136164F430300DBBFD3 /* CFNetwork.framework */; };
		A681A7B51655F99E0069521B /* UIKit.framework in Frameworks */ = {isa = PBXBuildFile; fileRef = DAF330A2164F335100DBBFD3 /* UIKit.framework */; };
		A681A7B61655F99E0069521B /* Foundation.framework in Frameworks */ = {isa = PBXBuildFile; fileRef = DAF330A4164F335100DBBFD3 /* Foundation.framework */; };
		A681A7B81655F99E0069521B /* InfoPlist.strings in Resources */ = {isa = PBXBuildFile; fileRef = DAF330AB164F335100DBBFD3 /* InfoPlist.strings */; };
		A681A7B91655F99E0069521B /* Default.png in Resources */ = {isa = PBXBuildFile; fileRef = DAF330B4164F335100DBBFD3 /* Default.png */; };
		A681A7BA1655F99E0069521B /* Default@2x.png in Resources */ = {isa = PBXBuildFile; fileRef = DAF330B6164F335100DBBFD3 /* Default@2x.png */; };
		A681A7BB1655F99E0069521B /* Default-568h@2x.png in Resources */ = {isa = PBXBuildFile; fileRef = DAF330B8164F335100DBBFD3 /* Default-568h@2x.png */; };
		A681A7BC1655F99E0069521B /* MainStoryboard.storyboard in Resources */ = {isa = PBXBuildFile; fileRef = DAF330BA164F335100DBBFD3 /* MainStoryboard.storyboard */; };
		A681A7CA1655F9D70069521B /* libKIF.a in Frameworks */ = {isa = PBXBuildFile; fileRef = A681A7C91655F9D70069521B /* libKIF.a */; };
		A681A7CF1655FB5C0069521B /* LTTestController.m in Sources */ = {isa = PBXBuildFile; fileRef = A681A7CE1655FB5C0069521B /* LTTestController.m */; };
		A681A7D41655FBEB0069521B /* KIFTestScenario+LTAdditions.m in Sources */ = {isa = PBXBuildFile; fileRef = A681A7D21655FBEB0069521B /* KIFTestScenario+LTAdditions.m */; };
		A681A7DD1655FE660069521B /* KIFTestStep+EXAdditions.m in Sources */ = {isa = PBXBuildFile; fileRef = A681A7DC1655FE660069521B /* KIFTestStep+EXAdditions.m */; };
		A69FE9BB164F51C600274407 /* MediaPlayer.framework in Frameworks */ = {isa = PBXBuildFile; fileRef = A69FE9BA164F51C600274407 /* MediaPlayer.framework */; };
		A69FE9C3164F59AB00274407 /* LTLocationController.m in Sources */ = {isa = PBXBuildFile; fileRef = A69FE9C2164F59AB00274407 /* LTLocationController.m */; };
		A6E84ADF1650204B00CE73F6 /* JSONKit.m in Sources */ = {isa = PBXBuildFile; fileRef = A6E84ADE1650204B00CE73F6 /* JSONKit.m */; settings = {COMPILER_FLAGS = "-fno-objc-arc"; }; };
		DA0A31F016501AFB00E7A2A4 /* LTYouTubeViewController.m in Sources */ = {isa = PBXBuildFile; fileRef = DA0A31EF16501AFB00E7A2A4 /* LTYouTubeViewController.m */; };
		DA0A32ED16502BAC00E7A2A4 /* LTRegisterViewController.m in Sources */ = {isa = PBXBuildFile; fileRef = DA0A32EC16502BAC00E7A2A4 /* LTRegisterViewController.m */; };
		DA0A32EF16502BCD00E7A2A4 /* Security.framework in Frameworks */ = {isa = PBXBuildFile; fileRef = DA0A32EE16502BCD00E7A2A4 /* Security.framework */; };
		DA0A331C1651948200E7A2A4 /* LTLoginViewController.m in Sources */ = {isa = PBXBuildFile; fileRef = DA0A331B1651948100E7A2A4 /* LTLoginViewController.m */; };
		DAF330A3164F335100DBBFD3 /* UIKit.framework in Frameworks */ = {isa = PBXBuildFile; fileRef = DAF330A2164F335100DBBFD3 /* UIKit.framework */; };
		DAF330A5164F335100DBBFD3 /* Foundation.framework in Frameworks */ = {isa = PBXBuildFile; fileRef = DAF330A4164F335100DBBFD3 /* Foundation.framework */; };
		DAF330A7164F335100DBBFD3 /* CoreGraphics.framework in Frameworks */ = {isa = PBXBuildFile; fileRef = DAF330A6164F335100DBBFD3 /* CoreGraphics.framework */; };
		DAF330AD164F335100DBBFD3 /* InfoPlist.strings in Resources */ = {isa = PBXBuildFile; fileRef = DAF330AB164F335100DBBFD3 /* InfoPlist.strings */; };
		DAF330AF164F335100DBBFD3 /* main.m in Sources */ = {isa = PBXBuildFile; fileRef = DAF330AE164F335100DBBFD3 /* main.m */; };
		DAF330B3164F335100DBBFD3 /* LTAppDelegate.m in Sources */ = {isa = PBXBuildFile; fileRef = DAF330B2164F335100DBBFD3 /* LTAppDelegate.m */; };
		DAF330B5164F335100DBBFD3 /* Default.png in Resources */ = {isa = PBXBuildFile; fileRef = DAF330B4164F335100DBBFD3 /* Default.png */; };
		DAF330B7164F335100DBBFD3 /* Default@2x.png in Resources */ = {isa = PBXBuildFile; fileRef = DAF330B6164F335100DBBFD3 /* Default@2x.png */; };
		DAF330B9164F335100DBBFD3 /* Default-568h@2x.png in Resources */ = {isa = PBXBuildFile; fileRef = DAF330B8164F335100DBBFD3 /* Default-568h@2x.png */; };
		DAF330BC164F335100DBBFD3 /* MainStoryboard.storyboard in Resources */ = {isa = PBXBuildFile; fileRef = DAF330BA164F335100DBBFD3 /* MainStoryboard.storyboard */; };
		DAF330BF164F335100DBBFD3 /* LTExploreViewController.m in Sources */ = {isa = PBXBuildFile; fileRef = DAF330BE164F335100DBBFD3 /* LTExploreViewController.m */; };
		DAF330C6164F335200DBBFD3 /* LTListenViewController.m in Sources */ = {isa = PBXBuildFile; fileRef = DAF330C5164F335200DBBFD3 /* LTListenViewController.m */; };
		DAF330EA164F343D00DBBFD3 /* LTBlipViewController.m in Sources */ = {isa = PBXBuildFile; fileRef = DAF330E9164F343D00DBBFD3 /* LTBlipViewController.m */; };
		DAF330ED164F347400DBBFD3 /* LTCommunication.m in Sources */ = {isa = PBXBuildFile; fileRef = DAF330EC164F347400DBBFD3 /* LTCommunication.m */; };
		DAF33137164F430300DBBFD3 /* CFNetwork.framework in Frameworks */ = {isa = PBXBuildFile; fileRef = DAF33136164F430300DBBFD3 /* CFNetwork.framework */; };
		DAF33139164F431000DBBFD3 /* SystemConfiguration.framework in Frameworks */ = {isa = PBXBuildFile; fileRef = DAF33138164F431000DBBFD3 /* SystemConfiguration.framework */; };
		DAF3313B164F431600DBBFD3 /* MobileCoreServices.framework in Frameworks */ = {isa = PBXBuildFile; fileRef = DAF3313A164F431600DBBFD3 /* MobileCoreServices.framework */; };
		DAF3313D164F432700DBBFD3 /* libz.dylib in Frameworks */ = {isa = PBXBuildFile; fileRef = DAF3313C164F432700DBBFD3 /* libz.dylib */; };
		DAF3313F164F443600DBBFD3 /* CoreLocation.framework in Frameworks */ = {isa = PBXBuildFile; fileRef = DAF3313E164F443600DBBFD3 /* CoreLocation.framework */; };
/* End PBXBuildFile section */

/* Begin PBXFileReference section */
		A6176F9A165826F200F5E5EE /* ASIAuthenticationDialog.h */ = {isa = PBXFileReference; fileEncoding = 4; lastKnownFileType = sourcecode.c.h; path = ASIAuthenticationDialog.h; sourceTree = "<group>"; };
		A6176F9B165826F200F5E5EE /* ASIAuthenticationDialog.m */ = {isa = PBXFileReference; fileEncoding = 4; lastKnownFileType = sourcecode.c.objc; path = ASIAuthenticationDialog.m; sourceTree = "<group>"; };
		A6176F9C165826F200F5E5EE /* ASICacheDelegate.h */ = {isa = PBXFileReference; fileEncoding = 4; lastKnownFileType = sourcecode.c.h; path = ASICacheDelegate.h; sourceTree = "<group>"; };
		A6176F9D165826F200F5E5EE /* ASIDataCompressor.h */ = {isa = PBXFileReference; fileEncoding = 4; lastKnownFileType = sourcecode.c.h; path = ASIDataCompressor.h; sourceTree = "<group>"; };
		A6176F9E165826F200F5E5EE /* ASIDataCompressor.m */ = {isa = PBXFileReference; fileEncoding = 4; lastKnownFileType = sourcecode.c.objc; path = ASIDataCompressor.m; sourceTree = "<group>"; };
		A6176F9F165826F200F5E5EE /* ASIDataDecompressor.h */ = {isa = PBXFileReference; fileEncoding = 4; lastKnownFileType = sourcecode.c.h; path = ASIDataDecompressor.h; sourceTree = "<group>"; };
		A6176FA0165826F200F5E5EE /* ASIDataDecompressor.m */ = {isa = PBXFileReference; fileEncoding = 4; lastKnownFileType = sourcecode.c.objc; path = ASIDataDecompressor.m; sourceTree = "<group>"; };
		A6176FA1165826F200F5E5EE /* ASIDownloadCache.h */ = {isa = PBXFileReference; fileEncoding = 4; lastKnownFileType = sourcecode.c.h; path = ASIDownloadCache.h; sourceTree = "<group>"; };
		A6176FA2165826F200F5E5EE /* ASIDownloadCache.m */ = {isa = PBXFileReference; fileEncoding = 4; lastKnownFileType = sourcecode.c.objc; path = ASIDownloadCache.m; sourceTree = "<group>"; };
		A6176FA3165826F200F5E5EE /* ASIFormDataRequest.h */ = {isa = PBXFileReference; fileEncoding = 4; lastKnownFileType = sourcecode.c.h; path = ASIFormDataRequest.h; sourceTree = "<group>"; };
		A6176FA4165826F200F5E5EE /* ASIFormDataRequest.m */ = {isa = PBXFileReference; fileEncoding = 4; lastKnownFileType = sourcecode.c.objc; path = ASIFormDataRequest.m; sourceTree = "<group>"; };
		A6176FA5165826F200F5E5EE /* ASIHTTPRequest.h */ = {isa = PBXFileReference; fileEncoding = 4; lastKnownFileType = sourcecode.c.h; path = ASIHTTPRequest.h; sourceTree = "<group>"; };
		A6176FA6165826F200F5E5EE /* ASIHTTPRequest.m */ = {isa = PBXFileReference; fileEncoding = 4; lastKnownFileType = sourcecode.c.objc; path = ASIHTTPRequest.m; sourceTree = "<group>"; };
		A6176FA7165826F200F5E5EE /* ASIHTTPRequestConfig.h */ = {isa = PBXFileReference; fileEncoding = 4; lastKnownFileType = sourcecode.c.h; path = ASIHTTPRequestConfig.h; sourceTree = "<group>"; };
		A6176FA8165826F200F5E5EE /* ASIHTTPRequestDelegate.h */ = {isa = PBXFileReference; fileEncoding = 4; lastKnownFileType = sourcecode.c.h; path = ASIHTTPRequestDelegate.h; sourceTree = "<group>"; };
		A6176FA9165826F200F5E5EE /* ASIInputStream.h */ = {isa = PBXFileReference; fileEncoding = 4; lastKnownFileType = sourcecode.c.h; path = ASIInputStream.h; sourceTree = "<group>"; };
		A6176FAA165826F200F5E5EE /* ASIInputStream.m */ = {isa = PBXFileReference; fileEncoding = 4; lastKnownFileType = sourcecode.c.objc; path = ASIInputStream.m; sourceTree = "<group>"; };
		A6176FAB165826F200F5E5EE /* ASINetworkQueue.h */ = {isa = PBXFileReference; fileEncoding = 4; lastKnownFileType = sourcecode.c.h; path = ASINetworkQueue.h; sourceTree = "<group>"; };
		A6176FAC165826F200F5E5EE /* ASINetworkQueue.m */ = {isa = PBXFileReference; fileEncoding = 4; lastKnownFileType = sourcecode.c.objc; path = ASINetworkQueue.m; sourceTree = "<group>"; };
		A6176FAD165826F200F5E5EE /* ASIProgressDelegate.h */ = {isa = PBXFileReference; fileEncoding = 4; lastKnownFileType = sourcecode.c.h; path = ASIProgressDelegate.h; sourceTree = "<group>"; };
		A6176FB0165826F200F5E5EE /* FKBadgeField.h */ = {isa = PBXFileReference; fileEncoding = 4; lastKnownFileType = sourcecode.c.h; path = FKBadgeField.h; sourceTree = "<group>"; };
		A6176FB1165826F200F5E5EE /* FKBadgeField.m */ = {isa = PBXFileReference; fileEncoding = 4; lastKnownFileType = sourcecode.c.objc; path = FKBadgeField.m; sourceTree = "<group>"; };
		A6176FB2165826F200F5E5EE /* FKButtonField.h */ = {isa = PBXFileReference; fileEncoding = 4; lastKnownFileType = sourcecode.c.h; path = FKButtonField.h; sourceTree = "<group>"; };
		A6176FB3165826F200F5E5EE /* FKButtonField.m */ = {isa = PBXFileReference; fileEncoding = 4; lastKnownFileType = sourcecode.c.objc; path = FKButtonField.m; sourceTree = "<group>"; };
		A6176FB4165826F200F5E5EE /* FKDisclosureIndicatorAccessoryField.h */ = {isa = PBXFileReference; fileEncoding = 4; lastKnownFileType = sourcecode.c.h; path = FKDisclosureIndicatorAccessoryField.h; sourceTree = "<group>"; };
		A6176FB5165826F200F5E5EE /* FKDisclosureIndicatorAccessoryField.m */ = {isa = PBXFileReference; fileEncoding = 4; lastKnownFileType = sourcecode.c.objc; path = FKDisclosureIndicatorAccessoryField.m; sourceTree = "<group>"; };
		A6176FB6165826F200F5E5EE /* FKFields.h */ = {isa = PBXFileReference; fileEncoding = 4; lastKnownFileType = sourcecode.c.h; path = FKFields.h; sourceTree = "<group>"; };
		A6176FB7165826F200F5E5EE /* FKFieldsBlocks.h */ = {isa = PBXFileReference; fileEncoding = 4; lastKnownFileType = sourcecode.c.h; path = FKFieldsBlocks.h; sourceTree = "<group>"; };
		A6176FB8165826F200F5E5EE /* FKFloatField.h */ = {isa = PBXFileReference; fileEncoding = 4; lastKnownFileType = sourcecode.c.h; path = FKFloatField.h; sourceTree = "<group>"; };
		A6176FB9165826F200F5E5EE /* FKFloatField.m */ = {isa = PBXFileReference; fileEncoding = 4; lastKnownFileType = sourcecode.c.objc; path = FKFloatField.m; sourceTree = "<group>"; };
		A6176FBA165826F200F5E5EE /* FKImageField.h */ = {isa = PBXFileReference; fileEncoding = 4; lastKnownFileType = sourcecode.c.h; path = FKImageField.h; sourceTree = "<group>"; };
		A6176FBB165826F200F5E5EE /* FKImageField.m */ = {isa = PBXFileReference; fileEncoding = 4; lastKnownFileType = sourcecode.c.objc; path = FKImageField.m; sourceTree = "<group>"; };
		A6176FBC165826F200F5E5EE /* FKIntegerField.h */ = {isa = PBXFileReference; fileEncoding = 4; lastKnownFileType = sourcecode.c.h; path = FKIntegerField.h; sourceTree = "<group>"; };
		A6176FBD165826F200F5E5EE /* FKIntegerField.m */ = {isa = PBXFileReference; fileEncoding = 4; lastKnownFileType = sourcecode.c.objc; path = FKIntegerField.m; sourceTree = "<group>"; };
		A6176FBE165826F200F5E5EE /* FKLabelField.h */ = {isa = PBXFileReference; fileEncoding = 4; lastKnownFileType = sourcecode.c.h; path = FKLabelField.h; sourceTree = "<group>"; };
		A6176FBF165826F200F5E5EE /* FKLabelField.m */ = {isa = PBXFileReference; fileEncoding = 4; lastKnownFileType = sourcecode.c.objc; path = FKLabelField.m; sourceTree = "<group>"; };
		A6176FC0165826F200F5E5EE /* FKPasswordTextField.h */ = {isa = PBXFileReference; fileEncoding = 4; lastKnownFileType = sourcecode.c.h; path = FKPasswordTextField.h; sourceTree = "<group>"; };
		A6176FC1165826F200F5E5EE /* FKPasswordTextField.m */ = {isa = PBXFileReference; fileEncoding = 4; lastKnownFileType = sourcecode.c.objc; path = FKPasswordTextField.m; sourceTree = "<group>"; };
		A6176FC2165826F200F5E5EE /* FKSaveButtonField.h */ = {isa = PBXFileReference; fileEncoding = 4; lastKnownFileType = sourcecode.c.h; path = FKSaveButtonField.h; sourceTree = "<group>"; };
		A6176FC3165826F200F5E5EE /* FKSaveButtonField.m */ = {isa = PBXFileReference; fileEncoding = 4; lastKnownFileType = sourcecode.c.objc; path = FKSaveButtonField.m; sourceTree = "<group>"; };
		A6176FC4165826F200F5E5EE /* FKSimpleField.h */ = {isa = PBXFileReference; fileEncoding = 4; lastKnownFileType = sourcecode.c.h; path = FKSimpleField.h; sourceTree = "<group>"; };
		A6176FC5165826F200F5E5EE /* FKSimpleField.m */ = {isa = PBXFileReference; fileEncoding = 4; lastKnownFileType = sourcecode.c.objc; path = FKSimpleField.m; sourceTree = "<group>"; };
		A6176FC6165826F200F5E5EE /* FKSliderField.h */ = {isa = PBXFileReference; fileEncoding = 4; lastKnownFileType = sourcecode.c.h; path = FKSliderField.h; sourceTree = "<group>"; };
		A6176FC7165826F200F5E5EE /* FKSliderField.m */ = {isa = PBXFileReference; fileEncoding = 4; lastKnownFileType = sourcecode.c.objc; path = FKSliderField.m; sourceTree = "<group>"; };
		A6176FC8165826F200F5E5EE /* FKSwitchField.h */ = {isa = PBXFileReference; fileEncoding = 4; lastKnownFileType = sourcecode.c.h; path = FKSwitchField.h; sourceTree = "<group>"; };
		A6176FC9165826F200F5E5EE /* FKSwitchField.m */ = {isa = PBXFileReference; fileEncoding = 4; lastKnownFileType = sourcecode.c.objc; path = FKSwitchField.m; sourceTree = "<group>"; };
		A6176FCA165826F200F5E5EE /* FKTextField.h */ = {isa = PBXFileReference; fileEncoding = 4; lastKnownFileType = sourcecode.c.h; path = FKTextField.h; sourceTree = "<group>"; };
		A6176FCB165826F200F5E5EE /* FKTextField.m */ = {isa = PBXFileReference; fileEncoding = 4; lastKnownFileType = sourcecode.c.objc; path = FKTextField.m; sourceTree = "<group>"; };
		A6176FCC165826F200F5E5EE /* FKTextViewField.h */ = {isa = PBXFileReference; fileEncoding = 4; lastKnownFileType = sourcecode.c.h; path = FKTextViewField.h; sourceTree = "<group>"; };
		A6176FCD165826F200F5E5EE /* FKTextViewField.m */ = {isa = PBXFileReference; fileEncoding = 4; lastKnownFileType = sourcecode.c.objc; path = FKTextViewField.m; sourceTree = "<group>"; };
		A6176FCE165826F200F5E5EE /* FKValueViewField.h */ = {isa = PBXFileReference; fileEncoding = 4; lastKnownFileType = sourcecode.c.h; path = FKValueViewField.h; sourceTree = "<group>"; };
		A6176FCF165826F200F5E5EE /* FKValueViewField.m */ = {isa = PBXFileReference; fileEncoding = 4; lastKnownFileType = sourcecode.c.objc; path = FKValueViewField.m; sourceTree = "<group>"; };
		A6176FD0165826F200F5E5EE /* FKBlocks.h */ = {isa = PBXFileReference; fileEncoding = 4; lastKnownFileType = sourcecode.c.h; path = FKBlocks.h; sourceTree = "<group>"; };
		A6176FD1165826F200F5E5EE /* FKFormAttributeMapping.h */ = {isa = PBXFileReference; fileEncoding = 4; lastKnownFileType = sourcecode.c.h; path = FKFormAttributeMapping.h; sourceTree = "<group>"; };
		A6176FD2165826F200F5E5EE /* FKFormAttributeMapping.m */ = {isa = PBXFileReference; fileEncoding = 4; lastKnownFileType = sourcecode.c.objc; path = FKFormAttributeMapping.m; sourceTree = "<group>"; };
		A6176FD3165826F200F5E5EE /* FKFormAttributeValidation.h */ = {isa = PBXFileReference; fileEncoding = 4; lastKnownFileType = sourcecode.c.h; path = FKFormAttributeValidation.h; sourceTree = "<group>"; };
		A6176FD4165826F200F5E5EE /* FKFormAttributeValidation.m */ = {isa = PBXFileReference; fileEncoding = 4; lastKnownFileType = sourcecode.c.objc; path = FKFormAttributeValidation.m; sourceTree = "<group>"; };
		A6176FD5165826F200F5E5EE /* FKFormMapper.h */ = {isa = PBXFileReference; fileEncoding = 4; lastKnownFileType = sourcecode.c.h; path = FKFormMapper.h; sourceTree = "<group>"; };
		A6176FD6165826F200F5E5EE /* FKFormMapper.m */ = {isa = PBXFileReference; fileEncoding = 4; lastKnownFileType = sourcecode.c.objc; path = FKFormMapper.m; sourceTree = "<group>"; };
		A6176FD7165826F200F5E5EE /* FKFormMapping.h */ = {isa = PBXFileReference; fileEncoding = 4; lastKnownFileType = sourcecode.c.h; path = FKFormMapping.h; sourceTree = "<group>"; };
		A6176FD8165826F200F5E5EE /* FKFormMapping.m */ = {isa = PBXFileReference; fileEncoding = 4; lastKnownFileType = sourcecode.c.objc; path = FKFormMapping.m; sourceTree = "<group>"; };
		A6176FD9165826F200F5E5EE /* FKFormModel.h */ = {isa = PBXFileReference; fileEncoding = 4; lastKnownFileType = sourcecode.c.h; path = FKFormModel.h; sourceTree = "<group>"; };
		A6176FDA165826F200F5E5EE /* FKFormModel.m */ = {isa = PBXFileReference; fileEncoding = 4; lastKnownFileType = sourcecode.c.objc; path = FKFormModel.m; sourceTree = "<group>"; };
		A6176FDB165826F200F5E5EE /* FKMacrosDefinitions.h */ = {isa = PBXFileReference; fileEncoding = 4; lastKnownFileType = sourcecode.c.h; path = FKMacrosDefinitions.h; sourceTree = "<group>"; };
		A6176FDC165826F200F5E5EE /* FKSectionObject.h */ = {isa = PBXFileReference; fileEncoding = 4; lastKnownFileType = sourcecode.c.h; path = FKSectionObject.h; sourceTree = "<group>"; };
		A6176FDD165826F200F5E5EE /* FKSectionObject.m */ = {isa = PBXFileReference; fileEncoding = 4; lastKnownFileType = sourcecode.c.objc; path = FKSectionObject.m; sourceTree = "<group>"; };
		A6176FDE165826F200F5E5EE /* FormKit.h */ = {isa = PBXFileReference; fileEncoding = 4; lastKnownFileType = sourcecode.c.h; path = FormKit.h; sourceTree = "<group>"; };
		A6176FDF165826F200F5E5EE /* NSObject+FKFormAttributeMapping.h */ = {isa = PBXFileReference; fileEncoding = 4; lastKnownFileType = sourcecode.c.h; path = "NSObject+FKFormAttributeMapping.h"; sourceTree = "<group>"; };
		A6176FE0165826F200F5E5EE /* NSObject+FKFormAttributeMapping.m */ = {isa = PBXFileReference; fileEncoding = 4; lastKnownFileType = sourcecode.c.objc; path = "NSObject+FKFormAttributeMapping.m"; sourceTree = "<group>"; };
		A6176FE1165826F200F5E5EE /* UITableViewCell+FormKit.h */ = {isa = PBXFileReference; fileEncoding = 4; lastKnownFileType = sourcecode.c.h; path = "UITableViewCell+FormKit.h"; sourceTree = "<group>"; };
		A6176FE2165826F200F5E5EE /* UITableViewCell+FormKit.m */ = {isa = PBXFileReference; fileEncoding = 4; lastKnownFileType = sourcecode.c.objc; path = "UITableViewCell+FormKit.m"; sourceTree = "<group>"; };
		A6176FE3165826F200F5E5EE /* UIView+FormKit.h */ = {isa = PBXFileReference; fileEncoding = 4; lastKnownFileType = sourcecode.c.h; path = "UIView+FormKit.h"; sourceTree = "<group>"; };
		A6176FE4165826F200F5E5EE /* UIView+FormKit.m */ = {isa = PBXFileReference; fileEncoding = 4; lastKnownFileType = sourcecode.c.objc; path = "UIView+FormKit.m"; sourceTree = "<group>"; };
		A6176FE8165826F200F5E5EE /* CGGeometry-KIFAdditions.h */ = {isa = PBXFileReference; fileEncoding = 4; lastKnownFileType = sourcecode.c.h; path = "CGGeometry-KIFAdditions.h"; sourceTree = "<group>"; };
		A6176FE9165826F200F5E5EE /* CGGeometry-KIFAdditions.m */ = {isa = PBXFileReference; fileEncoding = 4; lastKnownFileType = sourcecode.c.objc; path = "CGGeometry-KIFAdditions.m"; sourceTree = "<group>"; };
		A6176FEA165826F200F5E5EE /* LoadableCategory.h */ = {isa = PBXFileReference; fileEncoding = 4; lastKnownFileType = sourcecode.c.h; path = LoadableCategory.h; sourceTree = "<group>"; };
		A6176FEB165826F200F5E5EE /* NSFileManager-KIFAdditions.h */ = {isa = PBXFileReference; fileEncoding = 4; lastKnownFileType = sourcecode.c.h; path = "NSFileManager-KIFAdditions.h"; sourceTree = "<group>"; };
		A6176FEC165826F200F5E5EE /* NSFileManager-KIFAdditions.m */ = {isa = PBXFileReference; fileEncoding = 4; lastKnownFileType = sourcecode.c.objc; path = "NSFileManager-KIFAdditions.m"; sourceTree = "<group>"; };
		A6176FED165826F200F5E5EE /* UIAccessibilityElement-KIFAdditions.h */ = {isa = PBXFileReference; fileEncoding = 4; lastKnownFileType = sourcecode.c.h; path = "UIAccessibilityElement-KIFAdditions.h"; sourceTree = "<group>"; };
		A6176FEE165826F200F5E5EE /* UIAccessibilityElement-KIFAdditions.m */ = {isa = PBXFileReference; fileEncoding = 4; lastKnownFileType = sourcecode.c.objc; path = "UIAccessibilityElement-KIFAdditions.m"; sourceTree = "<group>"; };
		A6176FEF165826F200F5E5EE /* UIApplication-KIFAdditions.h */ = {isa = PBXFileReference; fileEncoding = 4; lastKnownFileType = sourcecode.c.h; path = "UIApplication-KIFAdditions.h"; sourceTree = "<group>"; };
		A6176FF0165826F200F5E5EE /* UIApplication-KIFAdditions.m */ = {isa = PBXFileReference; fileEncoding = 4; lastKnownFileType = sourcecode.c.objc; path = "UIApplication-KIFAdditions.m"; sourceTree = "<group>"; };
		A6176FF1165826F200F5E5EE /* UIScrollView-KIFAdditions.h */ = {isa = PBXFileReference; fileEncoding = 4; lastKnownFileType = sourcecode.c.h; path = "UIScrollView-KIFAdditions.h"; sourceTree = "<group>"; };
		A6176FF2165826F200F5E5EE /* UIScrollView-KIFAdditions.m */ = {isa = PBXFileReference; fileEncoding = 4; lastKnownFileType = sourcecode.c.objc; path = "UIScrollView-KIFAdditions.m"; sourceTree = "<group>"; };
		A6176FF3165826F200F5E5EE /* UITouch-KIFAdditions.h */ = {isa = PBXFileReference; fileEncoding = 4; lastKnownFileType = sourcecode.c.h; path = "UITouch-KIFAdditions.h"; sourceTree = "<group>"; };
		A6176FF4165826F200F5E5EE /* UITouch-KIFAdditions.m */ = {isa = PBXFileReference; fileEncoding = 4; lastKnownFileType = sourcecode.c.objc; path = "UITouch-KIFAdditions.m"; sourceTree = "<group>"; };
		A6176FF5165826F200F5E5EE /* UIView-KIFAdditions.h */ = {isa = PBXFileReference; fileEncoding = 4; lastKnownFileType = sourcecode.c.h; path = "UIView-KIFAdditions.h"; sourceTree = "<group>"; };
		A6176FF6165826F200F5E5EE /* UIView-KIFAdditions.m */ = {isa = PBXFileReference; fileEncoding = 4; lastKnownFileType = sourcecode.c.objc; path = "UIView-KIFAdditions.m"; sourceTree = "<group>"; };
		A6176FF7165826F200F5E5EE /* UIWindow-KIFAdditions.h */ = {isa = PBXFileReference; fileEncoding = 4; lastKnownFileType = sourcecode.c.h; path = "UIWindow-KIFAdditions.h"; sourceTree = "<group>"; };
		A6176FF8165826F200F5E5EE /* UIWindow-KIFAdditions.m */ = {isa = PBXFileReference; fileEncoding = 4; lastKnownFileType = sourcecode.c.objc; path = "UIWindow-KIFAdditions.m"; sourceTree = "<group>"; };
		A6176FFA165826F200F5E5EE /* KIF-Prefix.pch */ = {isa = PBXFileReference; fileEncoding = 4; lastKnownFileType = sourcecode.c.h; path = "KIF-Prefix.pch"; sourceTree = "<group>"; };
		A6176FFB165826F200F5E5EE /* KIFTestController.h */ = {isa = PBXFileReference; fileEncoding = 4; lastKnownFileType = sourcecode.c.h; path = KIFTestController.h; sourceTree = "<group>"; };
		A6176FFC165826F200F5E5EE /* KIFTestController.m */ = {isa = PBXFileReference; fileEncoding = 4; lastKnownFileType = sourcecode.c.objc; path = KIFTestController.m; sourceTree = "<group>"; };
		A6176FFD165826F200F5E5EE /* KIFTestScenario.h */ = {isa = PBXFileReference; fileEncoding = 4; lastKnownFileType = sourcecode.c.h; path = KIFTestScenario.h; sourceTree = "<group>"; };
		A6176FFE165826F200F5E5EE /* KIFTestScenario.m */ = {isa = PBXFileReference; fileEncoding = 4; lastKnownFileType = sourcecode.c.objc; path = KIFTestScenario.m; sourceTree = "<group>"; };
		A6176FFF165826F200F5E5EE /* KIFTestStep.h */ = {isa = PBXFileReference; fileEncoding = 4; lastKnownFileType = sourcecode.c.h; path = KIFTestStep.h; sourceTree = "<group>"; };
		A6177000165826F200F5E5EE /* KIFTestStep.m */ = {isa = PBXFileReference; fileEncoding = 4; lastKnownFileType = sourcecode.c.objc; path = KIFTestStep.m; sourceTree = "<group>"; };
		A617704E165826F200F5E5EE /* LBYouTube.h */ = {isa = PBXFileReference; fileEncoding = 4; lastKnownFileType = sourcecode.c.h; path = LBYouTube.h; sourceTree = "<group>"; };
		A617704F165826F200F5E5EE /* LBYouTubeExtractor.h */ = {isa = PBXFileReference; fileEncoding = 4; lastKnownFileType = sourcecode.c.h; path = LBYouTubeExtractor.h; sourceTree = "<group>"; };
		A6177050165826F200F5E5EE /* LBYouTubeExtractor.m */ = {isa = PBXFileReference; fileEncoding = 4; lastKnownFileType = sourcecode.c.objc; path = LBYouTubeExtractor.m; sourceTree = "<group>"; };
		A6177051165826F200F5E5EE /* LBYouTubePlayerController.h */ = {isa = PBXFileReference; fileEncoding = 4; lastKnownFileType = sourcecode.c.h; path = LBYouTubePlayerController.h; sourceTree = "<group>"; };
		A6177052165826F200F5E5EE /* LBYouTubePlayerController.m */ = {isa = PBXFileReference; fileEncoding = 4; lastKnownFileType = sourcecode.c.objc; path = LBYouTubePlayerController.m; sourceTree = "<group>"; };
		A6177053165826F200F5E5EE /* LBYouTubePlayerViewController.h */ = {isa = PBXFileReference; fileEncoding = 4; lastKnownFileType = sourcecode.c.h; path = LBYouTubePlayerViewController.h; sourceTree = "<group>"; };
		A6177054165826F200F5E5EE /* LBYouTubePlayerViewController.m */ = {isa = PBXFileReference; fileEncoding = 4; lastKnownFileType = sourcecode.c.objc; path = LBYouTubePlayerViewController.m; sourceTree = "<group>"; };
		A6177056165826F200F5E5EE /* Reachability.h */ = {isa = PBXFileReference; fileEncoding = 4; lastKnownFileType = sourcecode.c.h; path = Reachability.h; sourceTree = "<group>"; };
		A6177057165826F200F5E5EE /* Reachability.m */ = {isa = PBXFileReference; fileEncoding = 4; lastKnownFileType = sourcecode.c.objc; path = Reachability.m; sourceTree = "<group>"; };
		A6177059165826F200F5E5EE /* NSObject+SBJson.h */ = {isa = PBXFileReference; fileEncoding = 4; lastKnownFileType = sourcecode.c.h; path = "NSObject+SBJson.h"; sourceTree = "<group>"; };
		A617705A165826F200F5E5EE /* NSObject+SBJson.m */ = {isa = PBXFileReference; fileEncoding = 4; lastKnownFileType = sourcecode.c.objc; path = "NSObject+SBJson.m"; sourceTree = "<group>"; };
		A617705B165826F200F5E5EE /* SBJson.h */ = {isa = PBXFileReference; fileEncoding = 4; lastKnownFileType = sourcecode.c.h; path = SBJson.h; sourceTree = "<group>"; };
		A617705C165826F200F5E5EE /* SBJsonParser.h */ = {isa = PBXFileReference; fileEncoding = 4; lastKnownFileType = sourcecode.c.h; path = SBJsonParser.h; sourceTree = "<group>"; };
		A617705D165826F200F5E5EE /* SBJsonParser.m */ = {isa = PBXFileReference; fileEncoding = 4; lastKnownFileType = sourcecode.c.objc; path = SBJsonParser.m; sourceTree = "<group>"; };
		A617705E165826F200F5E5EE /* SBJsonStreamParser.h */ = {isa = PBXFileReference; fileEncoding = 4; lastKnownFileType = sourcecode.c.h; path = SBJsonStreamParser.h; sourceTree = "<group>"; };
		A617705F165826F200F5E5EE /* SBJsonStreamParser.m */ = {isa = PBXFileReference; fileEncoding = 4; lastKnownFileType = sourcecode.c.objc; path = SBJsonStreamParser.m; sourceTree = "<group>"; };
		A6177060165826F200F5E5EE /* SBJsonStreamParserAccumulator.h */ = {isa = PBXFileReference; fileEncoding = 4; lastKnownFileType = sourcecode.c.h; path = SBJsonStreamParserAccumulator.h; sourceTree = "<group>"; };
		A6177061165826F200F5E5EE /* SBJsonStreamParserAccumulator.m */ = {isa = PBXFileReference; fileEncoding = 4; lastKnownFileType = sourcecode.c.objc; path = SBJsonStreamParserAccumulator.m; sourceTree = "<group>"; };
		A6177062165826F200F5E5EE /* SBJsonStreamParserAdapter.h */ = {isa = PBXFileReference; fileEncoding = 4; lastKnownFileType = sourcecode.c.h; path = SBJsonStreamParserAdapter.h; sourceTree = "<group>"; };
		A6177063165826F200F5E5EE /* SBJsonStreamParserAdapter.m */ = {isa = PBXFileReference; fileEncoding = 4; lastKnownFileType = sourcecode.c.objc; path = SBJsonStreamParserAdapter.m; sourceTree = "<group>"; };
		A6177064165826F200F5E5EE /* SBJsonStreamParserState.h */ = {isa = PBXFileReference; fileEncoding = 4; lastKnownFileType = sourcecode.c.h; path = SBJsonStreamParserState.h; sourceTree = "<group>"; };
		A6177065165826F200F5E5EE /* SBJsonStreamParserState.m */ = {isa = PBXFileReference; fileEncoding = 4; lastKnownFileType = sourcecode.c.objc; path = SBJsonStreamParserState.m; sourceTree = "<group>"; };
		A6177066165826F200F5E5EE /* SBJsonStreamWriter.h */ = {isa = PBXFileReference; fileEncoding = 4; lastKnownFileType = sourcecode.c.h; path = SBJsonStreamWriter.h; sourceTree = "<group>"; };
		A6177067165826F200F5E5EE /* SBJsonStreamWriter.m */ = {isa = PBXFileReference; fileEncoding = 4; lastKnownFileType = sourcecode.c.objc; path = SBJsonStreamWriter.m; sourceTree = "<group>"; };
		A6177068165826F200F5E5EE /* SBJsonStreamWriterAccumulator.h */ = {isa = PBXFileReference; fileEncoding = 4; lastKnownFileType = sourcecode.c.h; path = SBJsonStreamWriterAccumulator.h; sourceTree = "<group>"; };
		A6177069165826F200F5E5EE /* SBJsonStreamWriterAccumulator.m */ = {isa = PBXFileReference; fileEncoding = 4; lastKnownFileType = sourcecode.c.objc; path = SBJsonStreamWriterAccumulator.m; sourceTree = "<group>"; };
		A617706A165826F200F5E5EE /* SBJsonStreamWriterState.h */ = {isa = PBXFileReference; fileEncoding = 4; lastKnownFileType = sourcecode.c.h; path = SBJsonStreamWriterState.h; sourceTree = "<group>"; };
		A617706B165826F200F5E5EE /* SBJsonStreamWriterState.m */ = {isa = PBXFileReference; fileEncoding = 4; lastKnownFileType = sourcecode.c.objc; path = SBJsonStreamWriterState.m; sourceTree = "<group>"; };
		A617706C165826F200F5E5EE /* SBJsonTokeniser.h */ = {isa = PBXFileReference; fileEncoding = 4; lastKnownFileType = sourcecode.c.h; path = SBJsonTokeniser.h; sourceTree = "<group>"; };
		A617706D165826F200F5E5EE /* SBJsonTokeniser.m */ = {isa = PBXFileReference; fileEncoding = 4; lastKnownFileType = sourcecode.c.objc; path = SBJsonTokeniser.m; sourceTree = "<group>"; };
		A617706E165826F200F5E5EE /* SBJsonUTF8Stream.h */ = {isa = PBXFileReference; fileEncoding = 4; lastKnownFileType = sourcecode.c.h; path = SBJsonUTF8Stream.h; sourceTree = "<group>"; };
		A617706F165826F200F5E5EE /* SBJsonUTF8Stream.m */ = {isa = PBXFileReference; fileEncoding = 4; lastKnownFileType = sourcecode.c.objc; path = SBJsonUTF8Stream.m; sourceTree = "<group>"; };
		A6177070165826F200F5E5EE /* SBJsonWriter.h */ = {isa = PBXFileReference; fileEncoding = 4; lastKnownFileType = sourcecode.c.h; path = SBJsonWriter.h; sourceTree = "<group>"; };
		A6177071165826F200F5E5EE /* SBJsonWriter.m */ = {isa = PBXFileReference; fileEncoding = 4; lastKnownFileType = sourcecode.c.objc; path = SBJsonWriter.m; sourceTree = "<group>"; };
		A6177073165826F200F5E5EE /* SSKeychain.h */ = {isa = PBXFileReference; fileEncoding = 4; lastKnownFileType = sourcecode.c.h; path = SSKeychain.h; sourceTree = "<group>"; };
		A6177074165826F200F5E5EE /* SSKeychain.m */ = {isa = PBXFileReference; fileEncoding = 4; lastKnownFileType = sourcecode.c.objc; path = SSKeychain.m; sourceTree = "<group>"; };
		A6177076165826F200F5E5EE /* SVProgressHUD.bundle */ = {isa = PBXFileReference; lastKnownFileType = "wrapper.plug-in"; path = SVProgressHUD.bundle; sourceTree = "<group>"; };
		A6177077165826F200F5E5EE /* SVProgressHUD.h */ = {isa = PBXFileReference; fileEncoding = 4; lastKnownFileType = sourcecode.c.h; path = SVProgressHUD.h; sourceTree = "<group>"; };
		A6177078165826F200F5E5EE /* SVProgressHUD.m */ = {isa = PBXFileReference; fileEncoding = 4; lastKnownFileType = sourcecode.c.objc; path = SVProgressHUD.m; sourceTree = "<group>"; };
		A617707B165826F200F5E5EE /* AbstractActionSheetPicker.h */ = {isa = PBXFileReference; fileEncoding = 4; lastKnownFileType = sourcecode.c.h; path = AbstractActionSheetPicker.h; sourceTree = "<group>"; };
		A617707C165826F200F5E5EE /* AbstractActionSheetPicker.m */ = {isa = PBXFileReference; fileEncoding = 4; lastKnownFileType = sourcecode.c.objc; path = AbstractActionSheetPicker.m; sourceTree = "<group>"; };
		A617707D165826F200F5E5EE /* ActionSheetCustomPicker.h */ = {isa = PBXFileReference; fileEncoding = 4; lastKnownFileType = sourcecode.c.h; path = ActionSheetCustomPicker.h; sourceTree = "<group>"; };
		A617707E165826F200F5E5EE /* ActionSheetCustomPicker.m */ = {isa = PBXFileReference; fileEncoding = 4; lastKnownFileType = sourcecode.c.objc; path = ActionSheetCustomPicker.m; sourceTree = "<group>"; };
		A617707F165826F200F5E5EE /* ActionSheetCustomPickerDelegate.h */ = {isa = PBXFileReference; fileEncoding = 4; lastKnownFileType = sourcecode.c.h; path = ActionSheetCustomPickerDelegate.h; sourceTree = "<group>"; };
		A6177080165826F200F5E5EE /* ActionSheetDatePicker.h */ = {isa = PBXFileReference; fileEncoding = 4; lastKnownFileType = sourcecode.c.h; path = ActionSheetDatePicker.h; sourceTree = "<group>"; };
		A6177081165826F200F5E5EE /* ActionSheetDatePicker.m */ = {isa = PBXFileReference; fileEncoding = 4; lastKnownFileType = sourcecode.c.objc; path = ActionSheetDatePicker.m; sourceTree = "<group>"; };
		A6177082165826F200F5E5EE /* ActionSheetDistancePicker.h */ = {isa = PBXFileReference; fileEncoding = 4; lastKnownFileType = sourcecode.c.h; path = ActionSheetDistancePicker.h; sourceTree = "<group>"; };
		A6177083165826F200F5E5EE /* ActionSheetDistancePicker.m */ = {isa = PBXFileReference; fileEncoding = 4; lastKnownFileType = sourcecode.c.objc; path = ActionSheetDistancePicker.m; sourceTree = "<group>"; };
		A6177084165826F200F5E5EE /* ActionSheetStringPicker.h */ = {isa = PBXFileReference; fileEncoding = 4; lastKnownFileType = sourcecode.c.h; path = ActionSheetStringPicker.h; sourceTree = "<group>"; };
		A6177085165826F200F5E5EE /* ActionSheetStringPicker.m */ = {isa = PBXFileReference; fileEncoding = 4; lastKnownFileType = sourcecode.c.objc; path = ActionSheetStringPicker.m; sourceTree = "<group>"; };
		A6177086165826F200F5E5EE /* DistancePickerView.h */ = {isa = PBXFileReference; fileEncoding = 4; lastKnownFileType = sourcecode.c.h; path = DistancePickerView.h; sourceTree = "<group>"; };
		A6177087165826F200F5E5EE /* DistancePickerView.m */ = {isa = PBXFileReference; fileEncoding = 4; lastKnownFileType = sourcecode.c.objc; path = DistancePickerView.m; sourceTree = "<group>"; };
		A6177089165826F200F5E5EE /* BWLongTextViewController.h */ = {isa = PBXFileReference; fileEncoding = 4; lastKnownFileType = sourcecode.c.h; path = BWLongTextViewController.h; sourceTree = "<group>"; };
		A617708A165826F200F5E5EE /* BWLongTextViewController.m */ = {isa = PBXFileReference; fileEncoding = 4; lastKnownFileType = sourcecode.c.objc; path = BWLongTextViewController.m; sourceTree = "<group>"; };
		A617708C165826F200F5E5EE /* BWSelectViewController.h */ = {isa = PBXFileReference; fileEncoding = 4; lastKnownFileType = sourcecode.c.h; path = BWSelectViewController.h; sourceTree = "<group>"; };
		A617708D165826F200F5E5EE /* BWSelectViewController.m */ = {isa = PBXFileReference; fileEncoding = 4; lastKnownFileType = sourcecode.c.objc; path = BWSelectViewController.m; sourceTree = "<group>"; };
		A617710D1658281F00F5E5EE /* arrow.png */ = {isa = PBXFileReference; lastKnownFileType = image.png; name = arrow.png; path = Resources/arrow.png; sourceTree = "<group>"; };
		A617710E1658281F00F5E5EE /* arrow@2x.png */ = {isa = PBXFileReference; lastKnownFileType = image.png; name = "arrow@2x.png"; path = "Resources/arrow@2x.png"; sourceTree = "<group>"; };
		A681A7C61655F99E0069521B /* Latitune copy.app */ = {isa = PBXFileReference; explicitFileType = wrapper.application; includeInIndex = 0; path = "Latitune copy.app"; sourceTree = BUILT_PRODUCTS_DIR; };
		A681A7C81655F99E0069521B /* Latitune copy-Info.plist */ = {isa = PBXFileReference; lastKnownFileType = text.plist.xml; name = "Latitune copy-Info.plist"; path = "/Users/mmoutenot/projects/latitune_mobile/Latitune/Latitune copy-Info.plist"; sourceTree = "<absolute>"; };
		A681A7C91655F9D70069521B /* libKIF.a */ = {isa = PBXFileReference; lastKnownFileType = archive.ar; name = libKIF.a; path = "../Frameworks/KIF/build/Release-iphoneos/libKIF.a"; sourceTree = "<group>"; };
		A681A7CD1655FB5C0069521B /* LTTestController.h */ = {isa = PBXFileReference; fileEncoding = 4; lastKnownFileType = sourcecode.c.h; name = LTTestController.h; path = "Integration Tests/LTTestController.h"; sourceTree = "<group>"; };
		A681A7CE1655FB5C0069521B /* LTTestController.m */ = {isa = PBXFileReference; fileEncoding = 4; lastKnownFileType = sourcecode.c.objc; name = LTTestController.m; path = "Integration Tests/LTTestController.m"; sourceTree = "<group>"; };
		A681A7D11655FBEB0069521B /* KIFTestScenario+LTAdditions.h */ = {isa = PBXFileReference; lastKnownFileType = sourcecode.c.h; name = "KIFTestScenario+LTAdditions.h"; path = "Integration Tests/KIFTestScenario+LTAdditions.h"; sourceTree = "<group>"; };
		A681A7D21655FBEB0069521B /* KIFTestScenario+LTAdditions.m */ = {isa = PBXFileReference; lastKnownFileType = sourcecode.c.objc; name = "KIFTestScenario+LTAdditions.m"; path = "Integration Tests/KIFTestScenario+LTAdditions.m"; sourceTree = "<group>"; };
		A681A7DB1655FE660069521B /* KIFTestStep+EXAdditions.h */ = {isa = PBXFileReference; fileEncoding = 4; lastKnownFileType = sourcecode.c.h; name = "KIFTestStep+EXAdditions.h"; path = "Integration Tests/KIFTestStep+EXAdditions.h"; sourceTree = "<group>"; };
		A681A7DC1655FE660069521B /* KIFTestStep+EXAdditions.m */ = {isa = PBXFileReference; fileEncoding = 4; lastKnownFileType = sourcecode.c.objc; name = "KIFTestStep+EXAdditions.m"; path = "Integration Tests/KIFTestStep+EXAdditions.m"; sourceTree = "<group>"; };
		A69FE9BA164F51C600274407 /* MediaPlayer.framework */ = {isa = PBXFileReference; lastKnownFileType = wrapper.framework; name = MediaPlayer.framework; path = System/Library/Frameworks/MediaPlayer.framework; sourceTree = SDKROOT; };
		A69FE9C1164F59AB00274407 /* LTLocationController.h */ = {isa = PBXFileReference; fileEncoding = 4; lastKnownFileType = sourcecode.c.h; path = LTLocationController.h; sourceTree = "<group>"; };
		A69FE9C2164F59AB00274407 /* LTLocationController.m */ = {isa = PBXFileReference; fileEncoding = 4; lastKnownFileType = sourcecode.c.objc; path = LTLocationController.m; sourceTree = "<group>"; };
		A6E84ADD1650204B00CE73F6 /* JSONKit.h */ = {isa = PBXFileReference; fileEncoding = 4; lastKnownFileType = sourcecode.c.h; path = JSONKit.h; sourceTree = "<group>"; };
		A6E84ADE1650204B00CE73F6 /* JSONKit.m */ = {isa = PBXFileReference; fileEncoding = 4; lastKnownFileType = sourcecode.c.objc; path = JSONKit.m; sourceTree = "<group>"; };
		DA0A31EE16501AFB00E7A2A4 /* LTYouTubeViewController.h */ = {isa = PBXFileReference; fileEncoding = 4; lastKnownFileType = sourcecode.c.h; path = LTYouTubeViewController.h; sourceTree = "<group>"; };
		DA0A31EF16501AFB00E7A2A4 /* LTYouTubeViewController.m */ = {isa = PBXFileReference; fileEncoding = 4; lastKnownFileType = sourcecode.c.objc; path = LTYouTubeViewController.m; sourceTree = "<group>"; };
		DA0A32EB16502BAC00E7A2A4 /* LTRegisterViewController.h */ = {isa = PBXFileReference; fileEncoding = 4; lastKnownFileType = sourcecode.c.h; path = LTRegisterViewController.h; sourceTree = "<group>"; };
		DA0A32EC16502BAC00E7A2A4 /* LTRegisterViewController.m */ = {isa = PBXFileReference; fileEncoding = 4; lastKnownFileType = sourcecode.c.objc; path = LTRegisterViewController.m; sourceTree = "<group>"; };
		DA0A32EE16502BCD00E7A2A4 /* Security.framework */ = {isa = PBXFileReference; lastKnownFileType = wrapper.framework; name = Security.framework; path = System/Library/Frameworks/Security.framework; sourceTree = SDKROOT; };
		DA0A331A1651948100E7A2A4 /* LTLoginViewController.h */ = {isa = PBXFileReference; fileEncoding = 4; lastKnownFileType = sourcecode.c.h; path = LTLoginViewController.h; sourceTree = "<group>"; };
		DA0A331B1651948100E7A2A4 /* LTLoginViewController.m */ = {isa = PBXFileReference; fileEncoding = 4; lastKnownFileType = sourcecode.c.objc; path = LTLoginViewController.m; sourceTree = "<group>"; };
		DAF3309E164F335100DBBFD3 /* Latitune.app */ = {isa = PBXFileReference; explicitFileType = wrapper.application; includeInIndex = 0; path = Latitune.app; sourceTree = BUILT_PRODUCTS_DIR; };
		DAF330A2164F335100DBBFD3 /* UIKit.framework */ = {isa = PBXFileReference; lastKnownFileType = wrapper.framework; name = UIKit.framework; path = System/Library/Frameworks/UIKit.framework; sourceTree = SDKROOT; };
		DAF330A4164F335100DBBFD3 /* Foundation.framework */ = {isa = PBXFileReference; lastKnownFileType = wrapper.framework; name = Foundation.framework; path = System/Library/Frameworks/Foundation.framework; sourceTree = SDKROOT; };
		DAF330A6164F335100DBBFD3 /* CoreGraphics.framework */ = {isa = PBXFileReference; lastKnownFileType = wrapper.framework; name = CoreGraphics.framework; path = System/Library/Frameworks/CoreGraphics.framework; sourceTree = SDKROOT; };
		DAF330AA164F335100DBBFD3 /* Latitune-Info.plist */ = {isa = PBXFileReference; lastKnownFileType = text.plist.xml; path = "Latitune-Info.plist"; sourceTree = "<group>"; };
		DAF330AC164F335100DBBFD3 /* en */ = {isa = PBXFileReference; lastKnownFileType = text.plist.strings; name = en; path = en.lproj/InfoPlist.strings; sourceTree = "<group>"; };
		DAF330AE164F335100DBBFD3 /* main.m */ = {isa = PBXFileReference; lastKnownFileType = sourcecode.c.objc; path = main.m; sourceTree = "<group>"; };
		DAF330B0164F335100DBBFD3 /* Latitune-Prefix.pch */ = {isa = PBXFileReference; lastKnownFileType = sourcecode.c.h; path = "Latitune-Prefix.pch"; sourceTree = "<group>"; };
		DAF330B1164F335100DBBFD3 /* LTAppDelegate.h */ = {isa = PBXFileReference; lastKnownFileType = sourcecode.c.h; path = LTAppDelegate.h; sourceTree = "<group>"; };
		DAF330B2164F335100DBBFD3 /* LTAppDelegate.m */ = {isa = PBXFileReference; lastKnownFileType = sourcecode.c.objc; path = LTAppDelegate.m; sourceTree = "<group>"; };
		DAF330B4164F335100DBBFD3 /* Default.png */ = {isa = PBXFileReference; lastKnownFileType = image.png; name = Default.png; path = Latitune/Default.png; sourceTree = "<group>"; };
		DAF330B6164F335100DBBFD3 /* Default@2x.png */ = {isa = PBXFileReference; lastKnownFileType = image.png; name = "Default@2x.png"; path = "Latitune/Default@2x.png"; sourceTree = "<group>"; };
		DAF330B8164F335100DBBFD3 /* Default-568h@2x.png */ = {isa = PBXFileReference; lastKnownFileType = image.png; name = "Default-568h@2x.png"; path = "Latitune/Default-568h@2x.png"; sourceTree = "<group>"; };
		DAF330BB164F335100DBBFD3 /* en */ = {isa = PBXFileReference; lastKnownFileType = file.storyboard; name = en; path = en.lproj/MainStoryboard.storyboard; sourceTree = "<group>"; };
		DAF330BD164F335100DBBFD3 /* LTExploreViewController.h */ = {isa = PBXFileReference; lastKnownFileType = sourcecode.c.h; path = LTExploreViewController.h; sourceTree = "<group>"; };
		DAF330BE164F335100DBBFD3 /* LTExploreViewController.m */ = {isa = PBXFileReference; lastKnownFileType = sourcecode.c.objc; path = LTExploreViewController.m; sourceTree = "<group>"; };
		DAF330C4164F335200DBBFD3 /* LTListenViewController.h */ = {isa = PBXFileReference; lastKnownFileType = sourcecode.c.h; path = LTListenViewController.h; sourceTree = "<group>"; };
		DAF330C5164F335200DBBFD3 /* LTListenViewController.m */ = {isa = PBXFileReference; lastKnownFileType = sourcecode.c.objc; path = LTListenViewController.m; sourceTree = "<group>"; };
		DAF330D1164F335200DBBFD3 /* SenTestingKit.framework */ = {isa = PBXFileReference; lastKnownFileType = wrapper.framework; name = SenTestingKit.framework; path = Library/Frameworks/SenTestingKit.framework; sourceTree = DEVELOPER_DIR; };
		DAF330D9164F335200DBBFD3 /* LatituneTests-Info.plist */ = {isa = PBXFileReference; lastKnownFileType = text.plist.xml; path = "LatituneTests-Info.plist"; sourceTree = "<group>"; };
		DAF330DB164F335200DBBFD3 /* en */ = {isa = PBXFileReference; lastKnownFileType = text.plist.strings; name = en; path = en.lproj/InfoPlist.strings; sourceTree = "<group>"; };
		DAF330DD164F335200DBBFD3 /* LatituneTests.h */ = {isa = PBXFileReference; lastKnownFileType = sourcecode.c.h; path = LatituneTests.h; sourceTree = "<group>"; };
		DAF330DE164F335200DBBFD3 /* LatituneTests.m */ = {isa = PBXFileReference; lastKnownFileType = sourcecode.c.objc; path = LatituneTests.m; sourceTree = "<group>"; };
		DAF330E8164F343D00DBBFD3 /* LTBlipViewController.h */ = {isa = PBXFileReference; fileEncoding = 4; lastKnownFileType = sourcecode.c.h; path = LTBlipViewController.h; sourceTree = "<group>"; };
		DAF330E9164F343D00DBBFD3 /* LTBlipViewController.m */ = {isa = PBXFileReference; fileEncoding = 4; lastKnownFileType = sourcecode.c.objc; path = LTBlipViewController.m; sourceTree = "<group>"; };
		DAF330EB164F347400DBBFD3 /* LTCommunication.h */ = {isa = PBXFileReference; fileEncoding = 4; lastKnownFileType = sourcecode.c.h; path = LTCommunication.h; sourceTree = "<group>"; };
		DAF330EC164F347400DBBFD3 /* LTCommunication.m */ = {isa = PBXFileReference; fileEncoding = 4; lastKnownFileType = sourcecode.c.objc; path = LTCommunication.m; sourceTree = "<group>"; };
		DAF33136164F430300DBBFD3 /* CFNetwork.framework */ = {isa = PBXFileReference; lastKnownFileType = wrapper.framework; name = CFNetwork.framework; path = System/Library/Frameworks/CFNetwork.framework; sourceTree = SDKROOT; };
		DAF33138164F431000DBBFD3 /* SystemConfiguration.framework */ = {isa = PBXFileReference; lastKnownFileType = wrapper.framework; name = SystemConfiguration.framework; path = System/Library/Frameworks/SystemConfiguration.framework; sourceTree = SDKROOT; };
		DAF3313A164F431600DBBFD3 /* MobileCoreServices.framework */ = {isa = PBXFileReference; lastKnownFileType = wrapper.framework; name = MobileCoreServices.framework; path = System/Library/Frameworks/MobileCoreServices.framework; sourceTree = SDKROOT; };
		DAF3313C164F432700DBBFD3 /* libz.dylib */ = {isa = PBXFileReference; lastKnownFileType = "compiled.mach-o.dylib"; name = libz.dylib; path = usr/lib/libz.dylib; sourceTree = SDKROOT; };
		DAF3313E164F443600DBBFD3 /* CoreLocation.framework */ = {isa = PBXFileReference; lastKnownFileType = wrapper.framework; name = CoreLocation.framework; path = System/Library/Frameworks/CoreLocation.framework; sourceTree = SDKROOT; };
/* End PBXFileReference section */

/* Begin PBXFrameworksBuildPhase section */
		A681A7AC1655F99E0069521B /* Frameworks */ = {
			isa = PBXFrameworksBuildPhase;
			buildActionMask = 2147483647;
			files = (
				A681A7CA1655F9D70069521B /* libKIF.a in Frameworks */,
				A681A7AD1655F99E0069521B /* Security.framework in Frameworks */,
				A681A7AE1655F99E0069521B /* MediaPlayer.framework in Frameworks */,
				A681A7AF1655F99E0069521B /* CoreLocation.framework in Frameworks */,
				A681A7B01655F99E0069521B /* libz.dylib in Frameworks */,
				A681A7B11655F99E0069521B /* CoreGraphics.framework in Frameworks */,
				A681A7B21655F99E0069521B /* MobileCoreServices.framework in Frameworks */,
				A681A7B31655F99E0069521B /* SystemConfiguration.framework in Frameworks */,
				A681A7B41655F99E0069521B /* CFNetwork.framework in Frameworks */,
				A681A7B51655F99E0069521B /* UIKit.framework in Frameworks */,
				A681A7B61655F99E0069521B /* Foundation.framework in Frameworks */,
			);
			runOnlyForDeploymentPostprocessing = 0;
		};
		DAF3309B164F335100DBBFD3 /* Frameworks */ = {
			isa = PBXFrameworksBuildPhase;
			buildActionMask = 2147483647;
			files = (
				DA0A32EF16502BCD00E7A2A4 /* Security.framework in Frameworks */,
				A69FE9BB164F51C600274407 /* MediaPlayer.framework in Frameworks */,
				DAF3313F164F443600DBBFD3 /* CoreLocation.framework in Frameworks */,
				DAF3313D164F432700DBBFD3 /* libz.dylib in Frameworks */,
				DAF330A7164F335100DBBFD3 /* CoreGraphics.framework in Frameworks */,
				DAF3313B164F431600DBBFD3 /* MobileCoreServices.framework in Frameworks */,
				DAF33139164F431000DBBFD3 /* SystemConfiguration.framework in Frameworks */,
				DAF33137164F430300DBBFD3 /* CFNetwork.framework in Frameworks */,
				DAF330A3164F335100DBBFD3 /* UIKit.framework in Frameworks */,
				DAF330A5164F335100DBBFD3 /* Foundation.framework in Frameworks */,
			);
			runOnlyForDeploymentPostprocessing = 0;
		};
/* End PBXFrameworksBuildPhase section */

/* Begin PBXGroup section */
		A6176F99165826F200F5E5EE /* ASIHTTPRequest */ = {
			isa = PBXGroup;
			children = (
				A6176F9A165826F200F5E5EE /* ASIAuthenticationDialog.h */,
				A6176F9B165826F200F5E5EE /* ASIAuthenticationDialog.m */,
				A6176F9C165826F200F5E5EE /* ASICacheDelegate.h */,
				A6176F9D165826F200F5E5EE /* ASIDataCompressor.h */,
				A6176F9E165826F200F5E5EE /* ASIDataCompressor.m */,
				A6176F9F165826F200F5E5EE /* ASIDataDecompressor.h */,
				A6176FA0165826F200F5E5EE /* ASIDataDecompressor.m */,
				A6176FA1165826F200F5E5EE /* ASIDownloadCache.h */,
				A6176FA2165826F200F5E5EE /* ASIDownloadCache.m */,
				A6176FA3165826F200F5E5EE /* ASIFormDataRequest.h */,
				A6176FA4165826F200F5E5EE /* ASIFormDataRequest.m */,
				A6176FA5165826F200F5E5EE /* ASIHTTPRequest.h */,
				A6176FA6165826F200F5E5EE /* ASIHTTPRequest.m */,
				A6176FA7165826F200F5E5EE /* ASIHTTPRequestConfig.h */,
				A6176FA8165826F200F5E5EE /* ASIHTTPRequestDelegate.h */,
				A6176FA9165826F200F5E5EE /* ASIInputStream.h */,
				A6176FAA165826F200F5E5EE /* ASIInputStream.m */,
				A6176FAB165826F200F5E5EE /* ASINetworkQueue.h */,
				A6176FAC165826F200F5E5EE /* ASINetworkQueue.m */,
				A6176FAD165826F200F5E5EE /* ASIProgressDelegate.h */,
			);
			name = ASIHTTPRequest;
			path = "External Sources/ASIHTTPRequest";
			sourceTree = "<group>";
		};
		A6176FAE165826F200F5E5EE /* FormKit */ = {
			isa = PBXGroup;
			children = (
				A6176FAF165826F200F5E5EE /* Fields */,
				A6176FD0165826F200F5E5EE /* FKBlocks.h */,
				A6176FD1165826F200F5E5EE /* FKFormAttributeMapping.h */,
				A6176FD2165826F200F5E5EE /* FKFormAttributeMapping.m */,
				A6176FD3165826F200F5E5EE /* FKFormAttributeValidation.h */,
				A6176FD4165826F200F5E5EE /* FKFormAttributeValidation.m */,
				A6176FD5165826F200F5E5EE /* FKFormMapper.h */,
				A6176FD6165826F200F5E5EE /* FKFormMapper.m */,
				A6176FD7165826F200F5E5EE /* FKFormMapping.h */,
				A6176FD8165826F200F5E5EE /* FKFormMapping.m */,
				A6176FD9165826F200F5E5EE /* FKFormModel.h */,
				A6176FDA165826F200F5E5EE /* FKFormModel.m */,
				A6176FDB165826F200F5E5EE /* FKMacrosDefinitions.h */,
				A6176FDC165826F200F5E5EE /* FKSectionObject.h */,
				A6176FDD165826F200F5E5EE /* FKSectionObject.m */,
				A6176FDE165826F200F5E5EE /* FormKit.h */,
				A6176FDF165826F200F5E5EE /* NSObject+FKFormAttributeMapping.h */,
				A6176FE0165826F200F5E5EE /* NSObject+FKFormAttributeMapping.m */,
				A6176FE1165826F200F5E5EE /* UITableViewCell+FormKit.h */,
				A6176FE2165826F200F5E5EE /* UITableViewCell+FormKit.m */,
				A6176FE3165826F200F5E5EE /* UIView+FormKit.h */,
				A6176FE4165826F200F5E5EE /* UIView+FormKit.m */,
			);
			name = FormKit;
			path = "External Sources/FormKit";
			sourceTree = "<group>";
		};
		A6176FAF165826F200F5E5EE /* Fields */ = {
			isa = PBXGroup;
			children = (
				A6176FB0165826F200F5E5EE /* FKBadgeField.h */,
				A6176FB1165826F200F5E5EE /* FKBadgeField.m */,
				A6176FB2165826F200F5E5EE /* FKButtonField.h */,
				A6176FB3165826F200F5E5EE /* FKButtonField.m */,
				A6176FB4165826F200F5E5EE /* FKDisclosureIndicatorAccessoryField.h */,
				A6176FB5165826F200F5E5EE /* FKDisclosureIndicatorAccessoryField.m */,
				A6176FB6165826F200F5E5EE /* FKFields.h */,
				A6176FB7165826F200F5E5EE /* FKFieldsBlocks.h */,
				A6176FB8165826F200F5E5EE /* FKFloatField.h */,
				A6176FB9165826F200F5E5EE /* FKFloatField.m */,
				A6176FBA165826F200F5E5EE /* FKImageField.h */,
				A6176FBB165826F200F5E5EE /* FKImageField.m */,
				A6176FBC165826F200F5E5EE /* FKIntegerField.h */,
				A6176FBD165826F200F5E5EE /* FKIntegerField.m */,
				A6176FBE165826F200F5E5EE /* FKLabelField.h */,
				A6176FBF165826F200F5E5EE /* FKLabelField.m */,
				A6176FC0165826F200F5E5EE /* FKPasswordTextField.h */,
				A6176FC1165826F200F5E5EE /* FKPasswordTextField.m */,
				A6176FC2165826F200F5E5EE /* FKSaveButtonField.h */,
				A6176FC3165826F200F5E5EE /* FKSaveButtonField.m */,
				A6176FC4165826F200F5E5EE /* FKSimpleField.h */,
				A6176FC5165826F200F5E5EE /* FKSimpleField.m */,
				A6176FC6165826F200F5E5EE /* FKSliderField.h */,
				A6176FC7165826F200F5E5EE /* FKSliderField.m */,
				A6176FC8165826F200F5E5EE /* FKSwitchField.h */,
				A6176FC9165826F200F5E5EE /* FKSwitchField.m */,
				A6176FCA165826F200F5E5EE /* FKTextField.h */,
				A6176FCB165826F200F5E5EE /* FKTextField.m */,
				A6176FCC165826F200F5E5EE /* FKTextViewField.h */,
				A6176FCD165826F200F5E5EE /* FKTextViewField.m */,
				A6176FCE165826F200F5E5EE /* FKValueViewField.h */,
				A6176FCF165826F200F5E5EE /* FKValueViewField.m */,
			);
			path = Fields;
			sourceTree = "<group>";
		};
		A6176FE5165826F200F5E5EE /* KIF */ = {
			isa = PBXGroup;
			children = (
				A6176FE7165826F200F5E5EE /* Additions */,
				A6176FF9165826F200F5E5EE /* Classes */,
			);
			name = KIF;
			path = "External Sources/KIF";
			sourceTree = "<group>";
		};
		A6176FE7165826F200F5E5EE /* Additions */ = {
			isa = PBXGroup;
			children = (
				A6176FE8165826F200F5E5EE /* CGGeometry-KIFAdditions.h */,
				A6176FE9165826F200F5E5EE /* CGGeometry-KIFAdditions.m */,
				A6176FEA165826F200F5E5EE /* LoadableCategory.h */,
				A6176FEB165826F200F5E5EE /* NSFileManager-KIFAdditions.h */,
				A6176FEC165826F200F5E5EE /* NSFileManager-KIFAdditions.m */,
				A6176FED165826F200F5E5EE /* UIAccessibilityElement-KIFAdditions.h */,
				A6176FEE165826F200F5E5EE /* UIAccessibilityElement-KIFAdditions.m */,
				A6176FEF165826F200F5E5EE /* UIApplication-KIFAdditions.h */,
				A6176FF0165826F200F5E5EE /* UIApplication-KIFAdditions.m */,
				A6176FF1165826F200F5E5EE /* UIScrollView-KIFAdditions.h */,
				A6176FF2165826F200F5E5EE /* UIScrollView-KIFAdditions.m */,
				A6176FF3165826F200F5E5EE /* UITouch-KIFAdditions.h */,
				A6176FF4165826F200F5E5EE /* UITouch-KIFAdditions.m */,
				A6176FF5165826F200F5E5EE /* UIView-KIFAdditions.h */,
				A6176FF6165826F200F5E5EE /* UIView-KIFAdditions.m */,
				A6176FF7165826F200F5E5EE /* UIWindow-KIFAdditions.h */,
				A6176FF8165826F200F5E5EE /* UIWindow-KIFAdditions.m */,
			);
			path = Additions;
			sourceTree = "<group>";
		};
		A6176FF9165826F200F5E5EE /* Classes */ = {
			isa = PBXGroup;
			children = (
				A6176FFA165826F200F5E5EE /* KIF-Prefix.pch */,
				A6176FFB165826F200F5E5EE /* KIFTestController.h */,
				A6176FFC165826F200F5E5EE /* KIFTestController.m */,
				A6176FFD165826F200F5E5EE /* KIFTestScenario.h */,
				A6176FFE165826F200F5E5EE /* KIFTestScenario.m */,
				A6176FFF165826F200F5E5EE /* KIFTestStep.h */,
				A6177000165826F200F5E5EE /* KIFTestStep.m */,
			);
			path = Classes;
			sourceTree = "<group>";
		};
		A617704D165826F200F5E5EE /* LBYouTubeView */ = {
			isa = PBXGroup;
			children = (
				A617704E165826F200F5E5EE /* LBYouTube.h */,
				A617704F165826F200F5E5EE /* LBYouTubeExtractor.h */,
				A6177050165826F200F5E5EE /* LBYouTubeExtractor.m */,
				A6177051165826F200F5E5EE /* LBYouTubePlayerController.h */,
				A6177052165826F200F5E5EE /* LBYouTubePlayerController.m */,
				A6177053165826F200F5E5EE /* LBYouTubePlayerViewController.h */,
				A6177054165826F200F5E5EE /* LBYouTubePlayerViewController.m */,
			);
			name = LBYouTubeView;
			path = "External Sources/LBYouTubeView";
			sourceTree = "<group>";
		};
		A6177055165826F200F5E5EE /* Reachability */ = {
			isa = PBXGroup;
			children = (
				A6177056165826F200F5E5EE /* Reachability.h */,
				A6177057165826F200F5E5EE /* Reachability.m */,
			);
			name = Reachability;
			path = "External Sources/Reachability";
			sourceTree = "<group>";
		};
		A6177058165826F200F5E5EE /* SBJSON */ = {
			isa = PBXGroup;
			children = (
				A6177059165826F200F5E5EE /* NSObject+SBJson.h */,
				A617705A165826F200F5E5EE /* NSObject+SBJson.m */,
				A617705B165826F200F5E5EE /* SBJson.h */,
				A617705C165826F200F5E5EE /* SBJsonParser.h */,
				A617705D165826F200F5E5EE /* SBJsonParser.m */,
				A617705E165826F200F5E5EE /* SBJsonStreamParser.h */,
				A617705F165826F200F5E5EE /* SBJsonStreamParser.m */,
				A6177060165826F200F5E5EE /* SBJsonStreamParserAccumulator.h */,
				A6177061165826F200F5E5EE /* SBJsonStreamParserAccumulator.m */,
				A6177062165826F200F5E5EE /* SBJsonStreamParserAdapter.h */,
				A6177063165826F200F5E5EE /* SBJsonStreamParserAdapter.m */,
				A6177064165826F200F5E5EE /* SBJsonStreamParserState.h */,
				A6177065165826F200F5E5EE /* SBJsonStreamParserState.m */,
				A6177066165826F200F5E5EE /* SBJsonStreamWriter.h */,
				A6177067165826F200F5E5EE /* SBJsonStreamWriter.m */,
				A6177068165826F200F5E5EE /* SBJsonStreamWriterAccumulator.h */,
				A6177069165826F200F5E5EE /* SBJsonStreamWriterAccumulator.m */,
				A617706A165826F200F5E5EE /* SBJsonStreamWriterState.h */,
				A617706B165826F200F5E5EE /* SBJsonStreamWriterState.m */,
				A617706C165826F200F5E5EE /* SBJsonTokeniser.h */,
				A617706D165826F200F5E5EE /* SBJsonTokeniser.m */,
				A617706E165826F200F5E5EE /* SBJsonUTF8Stream.h */,
				A617706F165826F200F5E5EE /* SBJsonUTF8Stream.m */,
				A6177070165826F200F5E5EE /* SBJsonWriter.h */,
				A6177071165826F200F5E5EE /* SBJsonWriter.m */,
			);
			name = SBJSON;
			path = "External Sources/SBJSON";
			sourceTree = "<group>";
		};
		A6177072165826F200F5E5EE /* SSKeyChain */ = {
			isa = PBXGroup;
			children = (
				A6177073165826F200F5E5EE /* SSKeychain.h */,
				A6177074165826F200F5E5EE /* SSKeychain.m */,
			);
			name = SSKeyChain;
			path = "External Sources/SSKeyChain";
			sourceTree = "<group>";
		};
		A6177075165826F200F5E5EE /* SVProgressHUD */ = {
			isa = PBXGroup;
			children = (
				A6177076165826F200F5E5EE /* SVProgressHUD.bundle */,
				A6177077165826F200F5E5EE /* SVProgressHUD.h */,
				A6177078165826F200F5E5EE /* SVProgressHUD.m */,
			);
			name = SVProgressHUD;
			path = "External Sources/SVProgressHUD";
			sourceTree = "<group>";
		};
		A6177079165826F200F5E5EE /* Vendor */ = {
			isa = PBXGroup;
			children = (
				A617707A165826F200F5E5EE /* ActionSheetPicker */,
				A6177088165826F200F5E5EE /* BWLongTextViewController */,
				A617708B165826F200F5E5EE /* BWSelectViewController */,
			);
			name = Vendor;
			path = "External Sources/Vendor";
			sourceTree = "<group>";
		};
		A617707A165826F200F5E5EE /* ActionSheetPicker */ = {
			isa = PBXGroup;
			children = (
				A617707B165826F200F5E5EE /* AbstractActionSheetPicker.h */,
				A617707C165826F200F5E5EE /* AbstractActionSheetPicker.m */,
				A617707D165826F200F5E5EE /* ActionSheetCustomPicker.h */,
				A617707E165826F200F5E5EE /* ActionSheetCustomPicker.m */,
				A617707F165826F200F5E5EE /* ActionSheetCustomPickerDelegate.h */,
				A6177080165826F200F5E5EE /* ActionSheetDatePicker.h */,
				A6177081165826F200F5E5EE /* ActionSheetDatePicker.m */,
				A6177082165826F200F5E5EE /* ActionSheetDistancePicker.h */,
				A6177083165826F200F5E5EE /* ActionSheetDistancePicker.m */,
				A6177084165826F200F5E5EE /* ActionSheetStringPicker.h */,
				A6177085165826F200F5E5EE /* ActionSheetStringPicker.m */,
				A6177086165826F200F5E5EE /* DistancePickerView.h */,
				A6177087165826F200F5E5EE /* DistancePickerView.m */,
			);
			path = ActionSheetPicker;
			sourceTree = "<group>";
		};
		A6177088165826F200F5E5EE /* BWLongTextViewController */ = {
			isa = PBXGroup;
			children = (
				A6177089165826F200F5E5EE /* BWLongTextViewController.h */,
				A617708A165826F200F5E5EE /* BWLongTextViewController.m */,
			);
			path = BWLongTextViewController;
			sourceTree = "<group>";
		};
		A617708B165826F200F5E5EE /* BWSelectViewController */ = {
			isa = PBXGroup;
			children = (
				A617708C165826F200F5E5EE /* BWSelectViewController.h */,
				A617708D165826F200F5E5EE /* BWSelectViewController.m */,
			);
			path = BWSelectViewController;
			sourceTree = "<group>";
		};
		A681A7CB1655FAFE0069521B /* Integration Tests */ = {
			isa = PBXGroup;
			children = (
				A681A7DB1655FE660069521B /* KIFTestStep+EXAdditions.h */,
				A681A7DC1655FE660069521B /* KIFTestStep+EXAdditions.m */,
				A681A7D11655FBEB0069521B /* KIFTestScenario+LTAdditions.h */,
				A681A7D21655FBEB0069521B /* KIFTestScenario+LTAdditions.m */,
				A681A7CD1655FB5C0069521B /* LTTestController.h */,
				A681A7CE1655FB5C0069521B /* LTTestController.m */,
			);
			name = "Integration Tests";
			path = ..;
			sourceTree = "<group>";
		};
		DA2E05B4164F8FC400BF9B50 /* Resources */ = {
			isa = PBXGroup;
			children = (
				DAF330BA164F335100DBBFD3 /* MainStoryboard.storyboard */,
				DAF330B4164F335100DBBFD3 /* Default.png */,
				DAF330B6164F335100DBBFD3 /* Default@2x.png */,
				DAF330B8164F335100DBBFD3 /* Default-568h@2x.png */,
				DA2E05B6164F8FFB00BF9B50 /* Icons */,
			);
			name = Resources;
			sourceTree = "<group>";
		};
		DA2E05B6164F8FFB00BF9B50 /* Icons */ = {
			isa = PBXGroup;
			children = (
				A617710D1658281F00F5E5EE /* arrow.png */,
				A617710E1658281F00F5E5EE /* arrow@2x.png */,
			);
			name = Icons;
			sourceTree = "<group>";
		};
		DAF33093164F335100DBBFD3 = {
			isa = PBXGroup;
			children = (
				A681A7C91655F9D70069521B /* libKIF.a */,
				DA0A32EE16502BCD00E7A2A4 /* Security.framework */,
				A69FE9BA164F51C600274407 /* MediaPlayer.framework */,
				DAF3313E164F443600DBBFD3 /* CoreLocation.framework */,
				DAF3313C164F432700DBBFD3 /* libz.dylib */,
				DAF3313A164F431600DBBFD3 /* MobileCoreServices.framework */,
				DAF33138164F431000DBBFD3 /* SystemConfiguration.framework */,
				DAF33136164F430300DBBFD3 /* CFNetwork.framework */,
				DA2E05B4164F8FC400BF9B50 /* Resources */,
				DAF330EE164F374000DBBFD3 /* External Sources */,
				DAF330A8164F335100DBBFD3 /* Latitune */,
				A681A7CB1655FAFE0069521B /* Integration Tests */,
				DAF330D7164F335200DBBFD3 /* LatituneTests */,
				DAF330A1164F335100DBBFD3 /* Frameworks */,
				DAF3309F164F335100DBBFD3 /* Products */,
				A681A7C81655F99E0069521B /* Latitune copy-Info.plist */,
			);
			sourceTree = "<group>";
		};
		DAF3309F164F335100DBBFD3 /* Products */ = {
			isa = PBXGroup;
			children = (
				DAF3309E164F335100DBBFD3 /* Latitune.app */,
				A681A7C61655F99E0069521B /* Latitune copy.app */,
			);
			name = Products;
			sourceTree = "<group>";
		};
		DAF330A1164F335100DBBFD3 /* Frameworks */ = {
			isa = PBXGroup;
			children = (
				DAF330A2164F335100DBBFD3 /* UIKit.framework */,
				DAF330A4164F335100DBBFD3 /* Foundation.framework */,
				DAF330A6164F335100DBBFD3 /* CoreGraphics.framework */,
				DAF330D1164F335200DBBFD3 /* SenTestingKit.framework */,
			);
			name = Frameworks;
			sourceTree = "<group>";
		};
		DAF330A8164F335100DBBFD3 /* Latitune */ = {
			isa = PBXGroup;
			children = (
				DA0A32EB16502BAC00E7A2A4 /* LTRegisterViewController.h */,
				DA0A32EC16502BAC00E7A2A4 /* LTRegisterViewController.m */,
				DA0A331A1651948100E7A2A4 /* LTLoginViewController.h */,
				DA0A331B1651948100E7A2A4 /* LTLoginViewController.m */,
				A69FE9C1164F59AB00274407 /* LTLocationController.h */,
				A69FE9C2164F59AB00274407 /* LTLocationController.m */,
				DAF330B1164F335100DBBFD3 /* LTAppDelegate.h */,
				DAF330B2164F335100DBBFD3 /* LTAppDelegate.m */,
				DAF330BD164F335100DBBFD3 /* LTExploreViewController.h */,
				DAF330BE164F335100DBBFD3 /* LTExploreViewController.m */,
				DA0A31EE16501AFB00E7A2A4 /* LTYouTubeViewController.h */,
				DA0A31EF16501AFB00E7A2A4 /* LTYouTubeViewController.m */,
				DAF330C4164F335200DBBFD3 /* LTListenViewController.h */,
				DAF330C5164F335200DBBFD3 /* LTListenViewController.m */,
				DAF330E8164F343D00DBBFD3 /* LTBlipViewController.h */,
				DAF330E9164F343D00DBBFD3 /* LTBlipViewController.m */,
				DAF330EB164F347400DBBFD3 /* LTCommunication.h */,
				DAF330EC164F347400DBBFD3 /* LTCommunication.m */,
				DAF330A9164F335100DBBFD3 /* Supporting Files */,
			);
			path = Latitune;
			sourceTree = "<group>";
		};
		DAF330A9164F335100DBBFD3 /* Supporting Files */ = {
			isa = PBXGroup;
			children = (
				DAF330AA164F335100DBBFD3 /* Latitune-Info.plist */,
				DAF330AB164F335100DBBFD3 /* InfoPlist.strings */,
				DAF330AE164F335100DBBFD3 /* main.m */,
				DAF330B0164F335100DBBFD3 /* Latitune-Prefix.pch */,
			);
			name = "Supporting Files";
			sourceTree = "<group>";
		};
		DAF330D7164F335200DBBFD3 /* LatituneTests */ = {
			isa = PBXGroup;
			children = (
				DAF330DD164F335200DBBFD3 /* LatituneTests.h */,
				DAF330DE164F335200DBBFD3 /* LatituneTests.m */,
				DAF330D8164F335200DBBFD3 /* Supporting Files */,
			);
			path = LatituneTests;
			sourceTree = "<group>";
		};
		DAF330D8164F335200DBBFD3 /* Supporting Files */ = {
			isa = PBXGroup;
			children = (
				DAF330D9164F335200DBBFD3 /* LatituneTests-Info.plist */,
				DAF330DA164F335200DBBFD3 /* InfoPlist.strings */,
			);
			name = "Supporting Files";
			sourceTree = "<group>";
		};
		DAF330EE164F374000DBBFD3 /* External Sources */ = {
			isa = PBXGroup;
			children = (
				A6176F99165826F200F5E5EE /* ASIHTTPRequest */,
				A6176FAE165826F200F5E5EE /* FormKit */,
				A6176FE5165826F200F5E5EE /* KIF */,
				A617704D165826F200F5E5EE /* LBYouTubeView */,
				A6177055165826F200F5E5EE /* Reachability */,
				A6177058165826F200F5E5EE /* SBJSON */,
				A6177072165826F200F5E5EE /* SSKeyChain */,
				A6177075165826F200F5E5EE /* SVProgressHUD */,
				A6177079165826F200F5E5EE /* Vendor */,
				A6E84ADD1650204B00CE73F6 /* JSONKit.h */,
				A6E84ADE1650204B00CE73F6 /* JSONKit.m */,
			);
			name = "External Sources";
			sourceTree = "<group>";
		};
/* End PBXGroup section */

/* Begin PBXNativeTarget section */
		A681A7671655F99E0069521B /* Integration Tests */ = {
			isa = PBXNativeTarget;
			buildConfigurationList = A681A7C31655F99E0069521B /* Build configuration list for PBXNativeTarget "Integration Tests" */;
			buildPhases = (
				A681A7681655F99E0069521B /* Sources */,
				A681A7AC1655F99E0069521B /* Frameworks */,
				A681A7B71655F99E0069521B /* Resources */,
			);
			buildRules = (
			);
			dependencies = (
			);
			name = "Integration Tests";
			productName = Latitune;
			productReference = A681A7C61655F99E0069521B /* Latitune copy.app */;
			productType = "com.apple.product-type.application";
		};
		DAF3309D164F335100DBBFD3 /* Latitune */ = {
			isa = PBXNativeTarget;
			buildConfigurationList = DAF330E2164F335200DBBFD3 /* Build configuration list for PBXNativeTarget "Latitune" */;
			buildPhases = (
				DAF3309A164F335100DBBFD3 /* Sources */,
				DAF3309B164F335100DBBFD3 /* Frameworks */,
				DAF3309C164F335100DBBFD3 /* Resources */,
			);
			buildRules = (
			);
			dependencies = (
			);
			name = Latitune;
			productName = Latitune;
			productReference = DAF3309E164F335100DBBFD3 /* Latitune.app */;
			productType = "com.apple.product-type.application";
		};
/* End PBXNativeTarget section */

/* Begin PBXProject section */
		DAF33095164F335100DBBFD3 /* Project object */ = {
			isa = PBXProject;
			attributes = {
				CLASSPREFIX = LT;
				LastUpgradeCheck = 0450;
				ORGANIZATIONNAME = "Ben Weitzman";
			};
			buildConfigurationList = DAF33098164F335100DBBFD3 /* Build configuration list for PBXProject "Latitune" */;
			compatibilityVersion = "Xcode 3.2";
			developmentRegion = English;
			hasScannedForEncodings = 0;
			knownRegions = (
				en,
			);
			mainGroup = DAF33093164F335100DBBFD3;
			productRefGroup = DAF3309F164F335100DBBFD3 /* Products */;
			projectDirPath = "";
			projectRoot = "";
			targets = (
				DAF3309D164F335100DBBFD3 /* Latitune */,
				A681A7671655F99E0069521B /* Integration Tests */,
			);
		};
/* End PBXProject section */

/* Begin PBXResourcesBuildPhase section */
		A681A7B71655F99E0069521B /* Resources */ = {
			isa = PBXResourcesBuildPhase;
			buildActionMask = 2147483647;
			files = (
				A681A7B81655F99E0069521B /* InfoPlist.strings in Resources */,
				A681A7B91655F99E0069521B /* Default.png in Resources */,
				A681A7BA1655F99E0069521B /* Default@2x.png in Resources */,
				A681A7BB1655F99E0069521B /* Default-568h@2x.png in Resources */,
				A681A7BC1655F99E0069521B /* MainStoryboard.storyboard in Resources */,
			);
			runOnlyForDeploymentPostprocessing = 0;
		};
		DAF3309C164F335100DBBFD3 /* Resources */ = {
			isa = PBXResourcesBuildPhase;
			buildActionMask = 2147483647;
			files = (
				DAF330AD164F335100DBBFD3 /* InfoPlist.strings in Resources */,
				DAF330B5164F335100DBBFD3 /* Default.png in Resources */,
				DAF330B7164F335100DBBFD3 /* Default@2x.png in Resources */,
				DAF330B9164F335100DBBFD3 /* Default-568h@2x.png in Resources */,
				DAF330BC164F335100DBBFD3 /* MainStoryboard.storyboard in Resources */,
				A61770F7165826F200F5E5EE /* SVProgressHUD.bundle in Resources */,
				A617710F1658281F00F5E5EE /* arrow.png in Resources */,
				A61771101658281F00F5E5EE /* arrow@2x.png in Resources */,
			);
			runOnlyForDeploymentPostprocessing = 0;
		};
/* End PBXResourcesBuildPhase section */

/* Begin PBXSourcesBuildPhase section */
		A681A7681655F99E0069521B /* Sources */ = {
			isa = PBXSourcesBuildPhase;
			buildActionMask = 2147483647;
			files = (
				A681A78D1655F99E0069521B /* main.m in Sources */,
				A681A78E1655F99E0069521B /* LTAppDelegate.m in Sources */,
				A681A78F1655F99E0069521B /* LTExploreViewController.m in Sources */,
				A681A7901655F99E0069521B /* LTListenViewController.m in Sources */,
				A681A7911655F99E0069521B /* LTBlipViewController.m in Sources */,
				A681A7921655F99E0069521B /* LTCommunication.m in Sources */,
				A681A7A81655F99E0069521B /* LTLocationController.m in Sources */,
				A681A7A91655F99E0069521B /* LTYouTubeViewController.m in Sources */,
				A681A7AA1655F99E0069521B /* JSONKit.m in Sources */,
				A681A7AB1655F99E0069521B /* LTRegisterViewController.m in Sources */,
				A681A7CF1655FB5C0069521B /* LTTestController.m in Sources */,
				A681A7D41655FBEB0069521B /* KIFTestScenario+LTAdditions.m in Sources */,
				A681A7DD1655FE660069521B /* KIFTestStep+EXAdditions.m in Sources */,
			);
			runOnlyForDeploymentPostprocessing = 0;
		};
		DAF3309A164F335100DBBFD3 /* Sources */ = {
			isa = PBXSourcesBuildPhase;
			buildActionMask = 2147483647;
			files = (
				DAF330AF164F335100DBBFD3 /* main.m in Sources */,
				DAF330B3164F335100DBBFD3 /* LTAppDelegate.m in Sources */,
				DAF330BF164F335100DBBFD3 /* LTExploreViewController.m in Sources */,
				DAF330C6164F335200DBBFD3 /* LTListenViewController.m in Sources */,
				DAF330EA164F343D00DBBFD3 /* LTBlipViewController.m in Sources */,
				DAF330ED164F347400DBBFD3 /* LTCommunication.m in Sources */,
				A69FE9C3164F59AB00274407 /* LTLocationController.m in Sources */,
				DA0A31F016501AFB00E7A2A4 /* LTYouTubeViewController.m in Sources */,
				A6E84ADF1650204B00CE73F6 /* JSONKit.m in Sources */,
				DA0A32ED16502BAC00E7A2A4 /* LTRegisterViewController.m in Sources */,
				DA0A331C1651948200E7A2A4 /* LTLoginViewController.m in Sources */,
				A6177097165826F200F5E5EE /* ASIAuthenticationDialog.m in Sources */,
				A6177098165826F200F5E5EE /* ASIDataCompressor.m in Sources */,
				A6177099165826F200F5E5EE /* ASIDataDecompressor.m in Sources */,
				A617709A165826F200F5E5EE /* ASIDownloadCache.m in Sources */,
				A617709B165826F200F5E5EE /* ASIFormDataRequest.m in Sources */,
				A617709C165826F200F5E5EE /* ASIHTTPRequest.m in Sources */,
				A617709D165826F200F5E5EE /* ASIInputStream.m in Sources */,
				A617709E165826F200F5E5EE /* ASINetworkQueue.m in Sources */,
				A617709F165826F200F5E5EE /* FKBadgeField.m in Sources */,
				A61770A0165826F200F5E5EE /* FKButtonField.m in Sources */,
				A61770A1165826F200F5E5EE /* FKDisclosureIndicatorAccessoryField.m in Sources */,
				A61770A2165826F200F5E5EE /* FKFloatField.m in Sources */,
				A61770A3165826F200F5E5EE /* FKImageField.m in Sources */,
				A61770A4165826F200F5E5EE /* FKIntegerField.m in Sources */,
				A61770A5165826F200F5E5EE /* FKLabelField.m in Sources */,
				A61770A6165826F200F5E5EE /* FKPasswordTextField.m in Sources */,
				A61770A7165826F200F5E5EE /* FKSaveButtonField.m in Sources */,
				A61770A8165826F200F5E5EE /* FKSimpleField.m in Sources */,
				A61770A9165826F200F5E5EE /* FKSliderField.m in Sources */,
				A61770AA165826F200F5E5EE /* FKSwitchField.m in Sources */,
				A61770AB165826F200F5E5EE /* FKTextField.m in Sources */,
				A61770AC165826F200F5E5EE /* FKTextViewField.m in Sources */,
				A61770AD165826F200F5E5EE /* FKValueViewField.m in Sources */,
				A61770AE165826F200F5E5EE /* FKFormAttributeMapping.m in Sources */,
				A61770AF165826F200F5E5EE /* FKFormAttributeValidation.m in Sources */,
				A61770B0165826F200F5E5EE /* FKFormMapper.m in Sources */,
				A61770B1165826F200F5E5EE /* FKFormMapping.m in Sources */,
				A61770B2165826F200F5E5EE /* FKFormModel.m in Sources */,
				A61770B3165826F200F5E5EE /* FKSectionObject.m in Sources */,
				A61770B4165826F200F5E5EE /* NSObject+FKFormAttributeMapping.m in Sources */,
				A61770B5165826F200F5E5EE /* UITableViewCell+FormKit.m in Sources */,
				A61770B6165826F200F5E5EE /* UIView+FormKit.m in Sources */,
				A61770E6165826F200F5E5EE /* LBYouTubeExtractor.m in Sources */,
				A61770E7165826F200F5E5EE /* LBYouTubePlayerController.m in Sources */,
				A61770E8165826F200F5E5EE /* LBYouTubePlayerViewController.m in Sources */,
				A61770E9165826F200F5E5EE /* Reachability.m in Sources */,
				A61770EA165826F200F5E5EE /* NSObject+SBJson.m in Sources */,
				A61770EB165826F200F5E5EE /* SBJsonParser.m in Sources */,
				A61770EC165826F200F5E5EE /* SBJsonStreamParser.m in Sources */,
				A61770ED165826F200F5E5EE /* SBJsonStreamParserAccumulator.m in Sources */,
				A61770EE165826F200F5E5EE /* SBJsonStreamParserAdapter.m in Sources */,
				A61770EF165826F200F5E5EE /* SBJsonStreamParserState.m in Sources */,
				A61770F0165826F200F5E5EE /* SBJsonStreamWriter.m in Sources */,
				A61770F1165826F200F5E5EE /* SBJsonStreamWriterAccumulator.m in Sources */,
				A61770F2165826F200F5E5EE /* SBJsonStreamWriterState.m in Sources */,
				A61770F3165826F200F5E5EE /* SBJsonTokeniser.m in Sources */,
				A61770F4165826F200F5E5EE /* SBJsonUTF8Stream.m in Sources */,
				A61770F5165826F200F5E5EE /* SBJsonWriter.m in Sources */,
				A61770F6165826F200F5E5EE /* SSKeychain.m in Sources */,
				A61770F8165826F200F5E5EE /* SVProgressHUD.m in Sources */,
				A61770F9165826F200F5E5EE /* AbstractActionSheetPicker.m in Sources */,
				A61770FA165826F200F5E5EE /* ActionSheetCustomPicker.m in Sources */,
				A61770FB165826F200F5E5EE /* ActionSheetDatePicker.m in Sources */,
				A61770FC165826F200F5E5EE /* ActionSheetDistancePicker.m in Sources */,
				A61770FD165826F200F5E5EE /* ActionSheetStringPicker.m in Sources */,
				A61770FE165826F200F5E5EE /* DistancePickerView.m in Sources */,
				A61770FF165826F200F5E5EE /* BWLongTextViewController.m in Sources */,
				A6177100165826F200F5E5EE /* BWSelectViewController.m in Sources */,
			);
			runOnlyForDeploymentPostprocessing = 0;
		};
/* End PBXSourcesBuildPhase section */

/* Begin PBXVariantGroup section */
		DAF330AB164F335100DBBFD3 /* InfoPlist.strings */ = {
			isa = PBXVariantGroup;
			children = (
				DAF330AC164F335100DBBFD3 /* en */,
			);
			name = InfoPlist.strings;
			sourceTree = "<group>";
		};
		DAF330BA164F335100DBBFD3 /* MainStoryboard.storyboard */ = {
			isa = PBXVariantGroup;
			children = (
				DAF330BB164F335100DBBFD3 /* en */,
			);
			name = MainStoryboard.storyboard;
			path = Latitune;
			sourceTree = "<group>";
		};
		DAF330DA164F335200DBBFD3 /* InfoPlist.strings */ = {
			isa = PBXVariantGroup;
			children = (
				DAF330DB164F335200DBBFD3 /* en */,
			);
			name = InfoPlist.strings;
			sourceTree = "<group>";
		};
/* End PBXVariantGroup section */

/* Begin XCBuildConfiguration section */
		A681A7C41655F99E0069521B /* Debug */ = {
			isa = XCBuildConfiguration;
			buildSettings = {
				GCC_PRECOMPILE_PREFIX_HEADER = YES;
				GCC_PREFIX_HEADER = "Latitune/Latitune-Prefix.pch";
				GCC_PREPROCESSOR_DEFINITIONS = (
					"$(inherited)",
					"RUN_KIF_TESTS=1",
				);
				HEADER_SEARCH_PATHS = (
					"$(inherited)",
					"$(SRCROOT)/KIF/**",
				);
				INFOPLIST_FILE = "Latitune copy-Info.plist";
				OTHER_LDFLAGS = (
					"-ObjC",
					"-all_load",
				);
				PRODUCT_NAME = "Latitune copy";
				WRAPPER_EXTENSION = app;
			};
			name = Debug;
		};
		A681A7C51655F99E0069521B /* Release */ = {
			isa = XCBuildConfiguration;
			buildSettings = {
				GCC_PRECOMPILE_PREFIX_HEADER = YES;
				GCC_PREFIX_HEADER = "Latitune/Latitune-Prefix.pch";
				GCC_PREPROCESSOR_DEFINITIONS = (
					"$(inherited)",
					"RUN_KIF_TESTS=1",
				);
				HEADER_SEARCH_PATHS = (
					"$(inherited)",
					"$(SRCROOT)/KIF/**",
				);
				INFOPLIST_FILE = "Latitune copy-Info.plist";
				OTHER_LDFLAGS = (
					"-ObjC",
					"-all_load",
				);
				PRODUCT_NAME = "Latitune copy";
				WRAPPER_EXTENSION = app;
			};
			name = Release;
		};
		DAF330E0164F335200DBBFD3 /* Debug */ = {
			isa = XCBuildConfiguration;
			buildSettings = {
				ALWAYS_SEARCH_USER_PATHS = NO;
				CLANG_CXX_LANGUAGE_STANDARD = "gnu++0x";
				CLANG_CXX_LIBRARY = "libc++";
				CLANG_ENABLE_OBJC_ARC = YES;
				CLANG_WARN_EMPTY_BODY = YES;
				CLANG_WARN__DUPLICATE_METHOD_MATCH = YES;
				"CODE_SIGN_IDENTITY[sdk=iphoneos*]" = "iPhone Developer";
				COPY_PHASE_STRIP = NO;
				GCC_C_LANGUAGE_STANDARD = gnu99;
				GCC_DYNAMIC_NO_PIC = NO;
				GCC_OPTIMIZATION_LEVEL = 0;
				GCC_PREPROCESSOR_DEFINITIONS = (
					"DEBUG=1",
					"$(inherited)",
				);
				GCC_SYMBOLS_PRIVATE_EXTERN = NO;
				GCC_WARN_ABOUT_RETURN_TYPE = YES;
				GCC_WARN_UNINITIALIZED_AUTOS = YES;
				GCC_WARN_UNUSED_VARIABLE = YES;
				IPHONEOS_DEPLOYMENT_TARGET = 6.0;
				ONLY_ACTIVE_ARCH = YES;
				SDKROOT = iphoneos;
			};
			name = Debug;
		};
		DAF330E1164F335200DBBFD3 /* Release */ = {
			isa = XCBuildConfiguration;
			buildSettings = {
				ALWAYS_SEARCH_USER_PATHS = NO;
				CLANG_CXX_LANGUAGE_STANDARD = "gnu++0x";
				CLANG_CXX_LIBRARY = "libc++";
				CLANG_ENABLE_OBJC_ARC = YES;
				CLANG_WARN_EMPTY_BODY = YES;
				CLANG_WARN__DUPLICATE_METHOD_MATCH = YES;
				"CODE_SIGN_IDENTITY[sdk=iphoneos*]" = "iPhone Developer";
				COPY_PHASE_STRIP = YES;
				GCC_C_LANGUAGE_STANDARD = gnu99;
				GCC_WARN_ABOUT_RETURN_TYPE = YES;
				GCC_WARN_UNINITIALIZED_AUTOS = YES;
				GCC_WARN_UNUSED_VARIABLE = YES;
				IPHONEOS_DEPLOYMENT_TARGET = 6.0;
				OTHER_CFLAGS = "-DNS_BLOCK_ASSERTIONS=1";
				SDKROOT = iphoneos;
				VALIDATE_PRODUCT = YES;
			};
			name = Release;
		};
		DAF330E3164F335200DBBFD3 /* Debug */ = {
			isa = XCBuildConfiguration;
			buildSettings = {
				GCC_PRECOMPILE_PREFIX_HEADER = YES;
				GCC_PREFIX_HEADER = "Latitune/Latitune-Prefix.pch";
				INFOPLIST_FILE = "Latitune/Latitune-Info.plist";
				PRODUCT_NAME = "$(TARGET_NAME)";
				WRAPPER_EXTENSION = app;
			};
			name = Debug;
		};
		DAF330E4164F335200DBBFD3 /* Release */ = {
			isa = XCBuildConfiguration;
			buildSettings = {
				GCC_PRECOMPILE_PREFIX_HEADER = YES;
				GCC_PREFIX_HEADER = "Latitune/Latitune-Prefix.pch";
				INFOPLIST_FILE = "Latitune/Latitune-Info.plist";
				PRODUCT_NAME = "$(TARGET_NAME)";
				WRAPPER_EXTENSION = app;
			};
			name = Release;
		};
/* End XCBuildConfiguration section */

/* Begin XCConfigurationList section */
		A681A7C31655F99E0069521B /* Build configuration list for PBXNativeTarget "Integration Tests" */ = {
			isa = XCConfigurationList;
			buildConfigurations = (
				A681A7C41655F99E0069521B /* Debug */,
				A681A7C51655F99E0069521B /* Release */,
			);
			defaultConfigurationIsVisible = 0;
			defaultConfigurationName = Release;
		};
		DAF33098164F335100DBBFD3 /* Build configuration list for PBXProject "Latitune" */ = {
			isa = XCConfigurationList;
			buildConfigurations = (
				DAF330E0164F335200DBBFD3 /* Debug */,
				DAF330E1164F335200DBBFD3 /* Release */,
			);
			defaultConfigurationIsVisible = 0;
			defaultConfigurationName = Release;
		};
		DAF330E2164F335200DBBFD3 /* Build configuration list for PBXNativeTarget "Latitune" */ = {
			isa = XCConfigurationList;
			buildConfigurations = (
				DAF330E3164F335200DBBFD3 /* Debug */,
				DAF330E4164F335200DBBFD3 /* Release */,
			);
			defaultConfigurationIsVisible = 0;
			defaultConfigurationName = Release;
		};
/* End XCConfigurationList section */
	};
	rootObject = DAF33095164F335100DBBFD3 /* Project object */;
}
