// !$*UTF8*$!
{
	archiveVersion = 1;
	classes = {
	};
	objectVersion = 46;
	objects = {

/* Begin PBXBuildFile section */
		A69FE9BB164F51C600274407 /* MediaPlayer.framework in Frameworks */ = {isa = PBXBuildFile; fileRef = A69FE9BA164F51C600274407 /* MediaPlayer.framework */; };
		A69FE9C3164F59AB00274407 /* LTLocationController.m in Sources */ = {isa = PBXBuildFile; fileRef = A69FE9C2164F59AB00274407 /* LTLocationController.m */; };
		A6E84ADF1650204B00CE73F6 /* JSONKit.m in Sources */ = {isa = PBXBuildFile; fileRef = A6E84ADE1650204B00CE73F6 /* JSONKit.m */; settings = {COMPILER_FLAGS = "-fno-objc-arc"; }; };
		DA0A31F016501AFB00E7A2A4 /* LTYouTubeViewController.m in Sources */ = {isa = PBXBuildFile; fileRef = DA0A31EF16501AFB00E7A2A4 /* LTYouTubeViewController.m */; };
		DA0A327716502B8300E7A2A4 /* LBYouTubeExtractor.m in Sources */ = {isa = PBXBuildFile; fileRef = DA0A327216502B8300E7A2A4 /* LBYouTubeExtractor.m */; };
		DA0A327816502B8300E7A2A4 /* LBYouTubePlayerController.m in Sources */ = {isa = PBXBuildFile; fileRef = DA0A327416502B8300E7A2A4 /* LBYouTubePlayerController.m */; };
		DA0A327916502B8300E7A2A4 /* LBYouTubePlayerViewController.m in Sources */ = {isa = PBXBuildFile; fileRef = DA0A327616502B8300E7A2A4 /* LBYouTubePlayerViewController.m */; };
		DA0A32CA16502B9C00E7A2A4 /* FKBadgeField.m in Sources */ = {isa = PBXBuildFile; fileRef = DA0A327E16502B9C00E7A2A4 /* FKBadgeField.m */; };
		DA0A32CB16502B9C00E7A2A4 /* FKButtonField.m in Sources */ = {isa = PBXBuildFile; fileRef = DA0A328016502B9C00E7A2A4 /* FKButtonField.m */; };
		DA0A32CC16502B9C00E7A2A4 /* FKDisclosureIndicatorAccessoryField.m in Sources */ = {isa = PBXBuildFile; fileRef = DA0A328216502B9C00E7A2A4 /* FKDisclosureIndicatorAccessoryField.m */; };
		DA0A32CD16502B9C00E7A2A4 /* FKFloatField.m in Sources */ = {isa = PBXBuildFile; fileRef = DA0A328616502B9C00E7A2A4 /* FKFloatField.m */; };
		DA0A32CE16502B9C00E7A2A4 /* FKImageField.m in Sources */ = {isa = PBXBuildFile; fileRef = DA0A328816502B9C00E7A2A4 /* FKImageField.m */; };
		DA0A32CF16502B9C00E7A2A4 /* FKIntegerField.m in Sources */ = {isa = PBXBuildFile; fileRef = DA0A328A16502B9C00E7A2A4 /* FKIntegerField.m */; };
		DA0A32D016502B9C00E7A2A4 /* FKLabelField.m in Sources */ = {isa = PBXBuildFile; fileRef = DA0A328C16502B9C00E7A2A4 /* FKLabelField.m */; };
		DA0A32D116502B9C00E7A2A4 /* FKPasswordTextField.m in Sources */ = {isa = PBXBuildFile; fileRef = DA0A328E16502B9C00E7A2A4 /* FKPasswordTextField.m */; };
		DA0A32D216502B9C00E7A2A4 /* FKSaveButtonField.m in Sources */ = {isa = PBXBuildFile; fileRef = DA0A329016502B9C00E7A2A4 /* FKSaveButtonField.m */; };
		DA0A32D316502B9C00E7A2A4 /* FKSimpleField.m in Sources */ = {isa = PBXBuildFile; fileRef = DA0A329216502B9C00E7A2A4 /* FKSimpleField.m */; };
		DA0A32D416502B9C00E7A2A4 /* FKSliderField.m in Sources */ = {isa = PBXBuildFile; fileRef = DA0A329416502B9C00E7A2A4 /* FKSliderField.m */; };
		DA0A32D516502B9C00E7A2A4 /* FKSwitchField.m in Sources */ = {isa = PBXBuildFile; fileRef = DA0A329616502B9C00E7A2A4 /* FKSwitchField.m */; };
		DA0A32D616502B9C00E7A2A4 /* FKTextField.m in Sources */ = {isa = PBXBuildFile; fileRef = DA0A329816502B9C00E7A2A4 /* FKTextField.m */; };
		DA0A32D716502B9C00E7A2A4 /* FKTextViewField.m in Sources */ = {isa = PBXBuildFile; fileRef = DA0A329A16502B9C00E7A2A4 /* FKTextViewField.m */; };
		DA0A32D816502B9C00E7A2A4 /* FKValueViewField.m in Sources */ = {isa = PBXBuildFile; fileRef = DA0A329C16502B9C00E7A2A4 /* FKValueViewField.m */; };
		DA0A32D916502B9C00E7A2A4 /* FKFormAttributeMapping.m in Sources */ = {isa = PBXBuildFile; fileRef = DA0A329F16502B9C00E7A2A4 /* FKFormAttributeMapping.m */; };
		DA0A32DA16502B9C00E7A2A4 /* FKFormAttributeValidation.m in Sources */ = {isa = PBXBuildFile; fileRef = DA0A32A116502B9C00E7A2A4 /* FKFormAttributeValidation.m */; };
		DA0A32DB16502B9C00E7A2A4 /* FKFormMapper.m in Sources */ = {isa = PBXBuildFile; fileRef = DA0A32A316502B9C00E7A2A4 /* FKFormMapper.m */; };
		DA0A32DC16502B9C00E7A2A4 /* FKFormMapping.m in Sources */ = {isa = PBXBuildFile; fileRef = DA0A32A516502B9C00E7A2A4 /* FKFormMapping.m */; };
		DA0A32DD16502B9C00E7A2A4 /* FKFormModel.m in Sources */ = {isa = PBXBuildFile; fileRef = DA0A32A716502B9C00E7A2A4 /* FKFormModel.m */; };
		DA0A32DE16502B9C00E7A2A4 /* FKSectionObject.m in Sources */ = {isa = PBXBuildFile; fileRef = DA0A32AA16502B9C00E7A2A4 /* FKSectionObject.m */; };
		DA0A32DF16502B9C00E7A2A4 /* NSObject+FKFormAttributeMapping.m in Sources */ = {isa = PBXBuildFile; fileRef = DA0A32AD16502B9C00E7A2A4 /* NSObject+FKFormAttributeMapping.m */; };
		DA0A32E016502B9C00E7A2A4 /* UITableViewCell+FormKit.m in Sources */ = {isa = PBXBuildFile; fileRef = DA0A32AF16502B9C00E7A2A4 /* UITableViewCell+FormKit.m */; };
		DA0A32E116502B9C00E7A2A4 /* UIView+FormKit.m in Sources */ = {isa = PBXBuildFile; fileRef = DA0A32B116502B9C00E7A2A4 /* UIView+FormKit.m */; };
		DA0A32E216502B9C00E7A2A4 /* SSKeychain.m in Sources */ = {isa = PBXBuildFile; fileRef = DA0A32B416502B9C00E7A2A4 /* SSKeychain.m */; };
		DA0A32E316502B9C00E7A2A4 /* AbstractActionSheetPicker.m in Sources */ = {isa = PBXBuildFile; fileRef = DA0A32B816502B9C00E7A2A4 /* AbstractActionSheetPicker.m */; };
		DA0A32E416502B9C00E7A2A4 /* ActionSheetCustomPicker.m in Sources */ = {isa = PBXBuildFile; fileRef = DA0A32BA16502B9C00E7A2A4 /* ActionSheetCustomPicker.m */; };
		DA0A32E516502B9C00E7A2A4 /* ActionSheetDatePicker.m in Sources */ = {isa = PBXBuildFile; fileRef = DA0A32BD16502B9C00E7A2A4 /* ActionSheetDatePicker.m */; };
		DA0A32E616502B9C00E7A2A4 /* ActionSheetDistancePicker.m in Sources */ = {isa = PBXBuildFile; fileRef = DA0A32BF16502B9C00E7A2A4 /* ActionSheetDistancePicker.m */; };
		DA0A32E716502B9C00E7A2A4 /* ActionSheetStringPicker.m in Sources */ = {isa = PBXBuildFile; fileRef = DA0A32C116502B9C00E7A2A4 /* ActionSheetStringPicker.m */; };
		DA0A32E816502B9C00E7A2A4 /* DistancePickerView.m in Sources */ = {isa = PBXBuildFile; fileRef = DA0A32C316502B9C00E7A2A4 /* DistancePickerView.m */; };
		DA0A32E916502B9C00E7A2A4 /* BWLongTextViewController.m in Sources */ = {isa = PBXBuildFile; fileRef = DA0A32C616502B9C00E7A2A4 /* BWLongTextViewController.m */; };
		DA0A32EA16502B9C00E7A2A4 /* BWSelectViewController.m in Sources */ = {isa = PBXBuildFile; fileRef = DA0A32C916502B9C00E7A2A4 /* BWSelectViewController.m */; };
		DA0A32ED16502BAC00E7A2A4 /* LTRegisterViewController.m in Sources */ = {isa = PBXBuildFile; fileRef = DA0A32EC16502BAC00E7A2A4 /* LTRegisterViewController.m */; };
		DA0A32EF16502BCD00E7A2A4 /* Security.framework in Frameworks */ = {isa = PBXBuildFile; fileRef = DA0A32EE16502BCD00E7A2A4 /* Security.framework */; };
		DA0A32F016502C1500E7A2A4 /* LBYouTubeExtractor.m in Sources */ = {isa = PBXBuildFile; fileRef = DA0A327216502B8300E7A2A4 /* LBYouTubeExtractor.m */; };
		DA0A32F116502C1500E7A2A4 /* LBYouTubePlayerController.m in Sources */ = {isa = PBXBuildFile; fileRef = DA0A327416502B8300E7A2A4 /* LBYouTubePlayerController.m */; };
		DA0A32F216502C1500E7A2A4 /* LBYouTubePlayerViewController.m in Sources */ = {isa = PBXBuildFile; fileRef = DA0A327616502B8300E7A2A4 /* LBYouTubePlayerViewController.m */; };
		DA0A32F316502C6B00E7A2A4 /* FKBadgeField.m in Sources */ = {isa = PBXBuildFile; fileRef = DA0A327E16502B9C00E7A2A4 /* FKBadgeField.m */; };
		DA0A32F416502C6B00E7A2A4 /* FKButtonField.m in Sources */ = {isa = PBXBuildFile; fileRef = DA0A328016502B9C00E7A2A4 /* FKButtonField.m */; };
		DA0A32F516502C6B00E7A2A4 /* FKDisclosureIndicatorAccessoryField.m in Sources */ = {isa = PBXBuildFile; fileRef = DA0A328216502B9C00E7A2A4 /* FKDisclosureIndicatorAccessoryField.m */; };
		DA0A32F616502C6B00E7A2A4 /* FKFloatField.m in Sources */ = {isa = PBXBuildFile; fileRef = DA0A328616502B9C00E7A2A4 /* FKFloatField.m */; };
		DA0A32F716502C6B00E7A2A4 /* FKImageField.m in Sources */ = {isa = PBXBuildFile; fileRef = DA0A328816502B9C00E7A2A4 /* FKImageField.m */; };
		DA0A32F816502C6B00E7A2A4 /* FKIntegerField.m in Sources */ = {isa = PBXBuildFile; fileRef = DA0A328A16502B9C00E7A2A4 /* FKIntegerField.m */; };
		DA0A32F916502C6B00E7A2A4 /* FKLabelField.m in Sources */ = {isa = PBXBuildFile; fileRef = DA0A328C16502B9C00E7A2A4 /* FKLabelField.m */; };
		DA0A32FA16502C6B00E7A2A4 /* FKPasswordTextField.m in Sources */ = {isa = PBXBuildFile; fileRef = DA0A328E16502B9C00E7A2A4 /* FKPasswordTextField.m */; };
		DA0A32FB16502C6B00E7A2A4 /* FKSaveButtonField.m in Sources */ = {isa = PBXBuildFile; fileRef = DA0A329016502B9C00E7A2A4 /* FKSaveButtonField.m */; };
		DA0A32FC16502C6B00E7A2A4 /* FKSimpleField.m in Sources */ = {isa = PBXBuildFile; fileRef = DA0A329216502B9C00E7A2A4 /* FKSimpleField.m */; };
		DA0A32FD16502C6B00E7A2A4 /* FKSliderField.m in Sources */ = {isa = PBXBuildFile; fileRef = DA0A329416502B9C00E7A2A4 /* FKSliderField.m */; };
		DA0A32FE16502C6B00E7A2A4 /* FKSwitchField.m in Sources */ = {isa = PBXBuildFile; fileRef = DA0A329616502B9C00E7A2A4 /* FKSwitchField.m */; };
		DA0A32FF16502C6B00E7A2A4 /* FKTextField.m in Sources */ = {isa = PBXBuildFile; fileRef = DA0A329816502B9C00E7A2A4 /* FKTextField.m */; };
		DA0A330016502C6B00E7A2A4 /* FKTextViewField.m in Sources */ = {isa = PBXBuildFile; fileRef = DA0A329A16502B9C00E7A2A4 /* FKTextViewField.m */; };
		DA0A330116502C6B00E7A2A4 /* FKValueViewField.m in Sources */ = {isa = PBXBuildFile; fileRef = DA0A329C16502B9C00E7A2A4 /* FKValueViewField.m */; };
		DA0A330216502C6B00E7A2A4 /* FKFormAttributeMapping.m in Sources */ = {isa = PBXBuildFile; fileRef = DA0A329F16502B9C00E7A2A4 /* FKFormAttributeMapping.m */; };
		DA0A330316502C6B00E7A2A4 /* FKFormAttributeValidation.m in Sources */ = {isa = PBXBuildFile; fileRef = DA0A32A116502B9C00E7A2A4 /* FKFormAttributeValidation.m */; };
		DA0A330416502C6B00E7A2A4 /* FKFormMapper.m in Sources */ = {isa = PBXBuildFile; fileRef = DA0A32A316502B9C00E7A2A4 /* FKFormMapper.m */; };
		DA0A330516502C6B00E7A2A4 /* FKFormMapping.m in Sources */ = {isa = PBXBuildFile; fileRef = DA0A32A516502B9C00E7A2A4 /* FKFormMapping.m */; };
		DA0A330616502C6B00E7A2A4 /* FKFormModel.m in Sources */ = {isa = PBXBuildFile; fileRef = DA0A32A716502B9C00E7A2A4 /* FKFormModel.m */; };
		DA0A330716502C6B00E7A2A4 /* FKSectionObject.m in Sources */ = {isa = PBXBuildFile; fileRef = DA0A32AA16502B9C00E7A2A4 /* FKSectionObject.m */; };
		DA0A330816502C6B00E7A2A4 /* NSObject+FKFormAttributeMapping.m in Sources */ = {isa = PBXBuildFile; fileRef = DA0A32AD16502B9C00E7A2A4 /* NSObject+FKFormAttributeMapping.m */; };
		DA0A330916502C6B00E7A2A4 /* UITableViewCell+FormKit.m in Sources */ = {isa = PBXBuildFile; fileRef = DA0A32AF16502B9C00E7A2A4 /* UITableViewCell+FormKit.m */; };
		DA0A330A16502C6B00E7A2A4 /* UIView+FormKit.m in Sources */ = {isa = PBXBuildFile; fileRef = DA0A32B116502B9C00E7A2A4 /* UIView+FormKit.m */; };
		DA0A330B16502C6B00E7A2A4 /* SSKeychain.m in Sources */ = {isa = PBXBuildFile; fileRef = DA0A32B416502B9C00E7A2A4 /* SSKeychain.m */; };
		DA0A330C16502C6B00E7A2A4 /* AbstractActionSheetPicker.m in Sources */ = {isa = PBXBuildFile; fileRef = DA0A32B816502B9C00E7A2A4 /* AbstractActionSheetPicker.m */; };
		DA0A330D16502C6B00E7A2A4 /* ActionSheetCustomPicker.m in Sources */ = {isa = PBXBuildFile; fileRef = DA0A32BA16502B9C00E7A2A4 /* ActionSheetCustomPicker.m */; };
		DA0A330E16502C6B00E7A2A4 /* ActionSheetDatePicker.m in Sources */ = {isa = PBXBuildFile; fileRef = DA0A32BD16502B9C00E7A2A4 /* ActionSheetDatePicker.m */; };
		DA0A330F16502C6B00E7A2A4 /* ActionSheetDistancePicker.m in Sources */ = {isa = PBXBuildFile; fileRef = DA0A32BF16502B9C00E7A2A4 /* ActionSheetDistancePicker.m */; };
		DA0A331016502C6B00E7A2A4 /* ActionSheetStringPicker.m in Sources */ = {isa = PBXBuildFile; fileRef = DA0A32C116502B9C00E7A2A4 /* ActionSheetStringPicker.m */; };
		DA0A331116502C6B00E7A2A4 /* DistancePickerView.m in Sources */ = {isa = PBXBuildFile; fileRef = DA0A32C316502B9C00E7A2A4 /* DistancePickerView.m */; };
		DA0A331216502C6B00E7A2A4 /* BWLongTextViewController.m in Sources */ = {isa = PBXBuildFile; fileRef = DA0A32C616502B9C00E7A2A4 /* BWLongTextViewController.m */; };
		DA0A331316502C6B00E7A2A4 /* BWSelectViewController.m in Sources */ = {isa = PBXBuildFile; fileRef = DA0A32C916502B9C00E7A2A4 /* BWSelectViewController.m */; };
		DA2E05B9164F900600BF9B50 /* glyphicons_233_direction.png in Resources */ = {isa = PBXBuildFile; fileRef = DA2E05B7164F900600BF9B50 /* glyphicons_233_direction.png */; };
		DA2E05BA164F900600BF9B50 /* glyphicons_233_direction@2x.png in Resources */ = {isa = PBXBuildFile; fileRef = DA2E05B8164F900600BF9B50 /* glyphicons_233_direction@2x.png */; };
		DAF330A3164F335100DBBFD3 /* UIKit.framework in Frameworks */ = {isa = PBXBuildFile; fileRef = DAF330A2164F335100DBBFD3 /* UIKit.framework */; };
		DAF330A5164F335100DBBFD3 /* Foundation.framework in Frameworks */ = {isa = PBXBuildFile; fileRef = DAF330A4164F335100DBBFD3 /* Foundation.framework */; };
		DAF330A7164F335100DBBFD3 /* CoreGraphics.framework in Frameworks */ = {isa = PBXBuildFile; fileRef = DAF330A6164F335100DBBFD3 /* CoreGraphics.framework */; };
		DAF330AD164F335100DBBFD3 /* InfoPlist.strings in Resources */ = {isa = PBXBuildFile; fileRef = DAF330AB164F335100DBBFD3 /* InfoPlist.strings */; };
		DAF330AF164F335100DBBFD3 /* main.m in Sources */ = {isa = PBXBuildFile; fileRef = DAF330AE164F335100DBBFD3 /* main.m */; };
		DAF330B3164F335100DBBFD3 /* LTAppDelegate.m in Sources */ = {isa = PBXBuildFile; fileRef = DAF330B2164F335100DBBFD3 /* LTAppDelegate.m */; };
		DAF330B5164F335100DBBFD3 /* Default.png in Resources */ = {isa = PBXBuildFile; fileRef = DAF330B4164F335100DBBFD3 /* Default.png */; };
		DAF330B7164F335100DBBFD3 /* Default@2x.png in Resources */ = {isa = PBXBuildFile; fileRef = DAF330B6164F335100DBBFD3 /* Default@2x.png */; };
		DAF330B9164F335100DBBFD3 /* Default-568h@2x.png in Resources */ = {isa = PBXBuildFile; fileRef = DAF330B8164F335100DBBFD3 /* Default-568h@2x.png */; };
		DAF330BC164F335100DBBFD3 /* MainStoryboard.storyboard in Resources */ = {isa = PBXBuildFile; fileRef = DAF330BA164F335100DBBFD3 /* MainStoryboard.storyboard */; };
		DAF330BF164F335100DBBFD3 /* LTExploreViewController.m in Sources */ = {isa = PBXBuildFile; fileRef = DAF330BE164F335100DBBFD3 /* LTExploreViewController.m */; };
		DAF330C1164F335100DBBFD3 /* first.png in Resources */ = {isa = PBXBuildFile; fileRef = DAF330C0164F335100DBBFD3 /* first.png */; };
		DAF330C3164F335200DBBFD3 /* first@2x.png in Resources */ = {isa = PBXBuildFile; fileRef = DAF330C2164F335100DBBFD3 /* first@2x.png */; };
		DAF330C6164F335200DBBFD3 /* LTListenViewController.m in Sources */ = {isa = PBXBuildFile; fileRef = DAF330C5164F335200DBBFD3 /* LTListenViewController.m */; };
		DAF330C8164F335200DBBFD3 /* second.png in Resources */ = {isa = PBXBuildFile; fileRef = DAF330C7164F335200DBBFD3 /* second.png */; };
		DAF330CA164F335200DBBFD3 /* second@2x.png in Resources */ = {isa = PBXBuildFile; fileRef = DAF330C9164F335200DBBFD3 /* second@2x.png */; };
		DAF330D2164F335200DBBFD3 /* SenTestingKit.framework in Frameworks */ = {isa = PBXBuildFile; fileRef = DAF330D1164F335200DBBFD3 /* SenTestingKit.framework */; };
		DAF330D3164F335200DBBFD3 /* UIKit.framework in Frameworks */ = {isa = PBXBuildFile; fileRef = DAF330A2164F335100DBBFD3 /* UIKit.framework */; };
		DAF330D4164F335200DBBFD3 /* Foundation.framework in Frameworks */ = {isa = PBXBuildFile; fileRef = DAF330A4164F335100DBBFD3 /* Foundation.framework */; };
		DAF330DC164F335200DBBFD3 /* InfoPlist.strings in Resources */ = {isa = PBXBuildFile; fileRef = DAF330DA164F335200DBBFD3 /* InfoPlist.strings */; };
		DAF330DF164F335200DBBFD3 /* LatituneTests.m in Sources */ = {isa = PBXBuildFile; fileRef = DAF330DE164F335200DBBFD3 /* LatituneTests.m */; };
		DAF330EA164F343D00DBBFD3 /* LTBlipViewController.m in Sources */ = {isa = PBXBuildFile; fileRef = DAF330E9164F343D00DBBFD3 /* LTBlipViewController.m */; };
		DAF330ED164F347400DBBFD3 /* LTCommunication.m in Sources */ = {isa = PBXBuildFile; fileRef = DAF330EC164F347400DBBFD3 /* LTCommunication.m */; };
		DAF33121164F375800DBBFD3 /* ASIAuthenticationDialog.m in Sources */ = {isa = PBXBuildFile; fileRef = DAF330F1164F375800DBBFD3 /* ASIAuthenticationDialog.m */; settings = {COMPILER_FLAGS = "-fno-objc-arc"; }; };
		DAF33122164F375800DBBFD3 /* ASIDataCompressor.m in Sources */ = {isa = PBXBuildFile; fileRef = DAF330F4164F375800DBBFD3 /* ASIDataCompressor.m */; settings = {COMPILER_FLAGS = "-fno-objc-arc"; }; };
		DAF33123164F375800DBBFD3 /* ASIDataDecompressor.m in Sources */ = {isa = PBXBuildFile; fileRef = DAF330F6164F375800DBBFD3 /* ASIDataDecompressor.m */; settings = {COMPILER_FLAGS = "-fno-objc-arc"; }; };
		DAF33124164F375800DBBFD3 /* ASIDownloadCache.m in Sources */ = {isa = PBXBuildFile; fileRef = DAF330F8164F375800DBBFD3 /* ASIDownloadCache.m */; settings = {COMPILER_FLAGS = "-fno-objc-arc"; }; };
		DAF33125164F375800DBBFD3 /* ASIFormDataRequest.m in Sources */ = {isa = PBXBuildFile; fileRef = DAF330FA164F375800DBBFD3 /* ASIFormDataRequest.m */; settings = {COMPILER_FLAGS = "-fno-objc-arc"; }; };
		DAF33126164F375800DBBFD3 /* ASIHTTPRequest.m in Sources */ = {isa = PBXBuildFile; fileRef = DAF330FC164F375800DBBFD3 /* ASIHTTPRequest.m */; settings = {COMPILER_FLAGS = "-fno-objc-arc"; }; };
		DAF33127164F375800DBBFD3 /* ASIInputStream.m in Sources */ = {isa = PBXBuildFile; fileRef = DAF33100164F375800DBBFD3 /* ASIInputStream.m */; settings = {COMPILER_FLAGS = "-fno-objc-arc"; }; };
		DAF33128164F375800DBBFD3 /* ASINetworkQueue.m in Sources */ = {isa = PBXBuildFile; fileRef = DAF33102164F375800DBBFD3 /* ASINetworkQueue.m */; settings = {COMPILER_FLAGS = "-fno-objc-arc"; }; };
		DAF33129164F375800DBBFD3 /* Reachability.m in Sources */ = {isa = PBXBuildFile; fileRef = DAF33106164F375800DBBFD3 /* Reachability.m */; settings = {COMPILER_FLAGS = "-fno-objc-arc"; }; };
		DAF3312A164F375800DBBFD3 /* NSObject+SBJson.m in Sources */ = {isa = PBXBuildFile; fileRef = DAF33109164F375800DBBFD3 /* NSObject+SBJson.m */; };
		DAF3312B164F375800DBBFD3 /* SBJsonParser.m in Sources */ = {isa = PBXBuildFile; fileRef = DAF3310C164F375800DBBFD3 /* SBJsonParser.m */; };
		DAF3312C164F375800DBBFD3 /* SBJsonStreamParser.m in Sources */ = {isa = PBXBuildFile; fileRef = DAF3310E164F375800DBBFD3 /* SBJsonStreamParser.m */; };
		DAF3312D164F375800DBBFD3 /* SBJsonStreamParserAccumulator.m in Sources */ = {isa = PBXBuildFile; fileRef = DAF33110164F375800DBBFD3 /* SBJsonStreamParserAccumulator.m */; };
		DAF3312E164F375800DBBFD3 /* SBJsonStreamParserAdapter.m in Sources */ = {isa = PBXBuildFile; fileRef = DAF33112164F375800DBBFD3 /* SBJsonStreamParserAdapter.m */; };
		DAF3312F164F375800DBBFD3 /* SBJsonStreamParserState.m in Sources */ = {isa = PBXBuildFile; fileRef = DAF33114164F375800DBBFD3 /* SBJsonStreamParserState.m */; };
		DAF33130164F375800DBBFD3 /* SBJsonStreamWriter.m in Sources */ = {isa = PBXBuildFile; fileRef = DAF33116164F375800DBBFD3 /* SBJsonStreamWriter.m */; };
		DAF33131164F375800DBBFD3 /* SBJsonStreamWriterAccumulator.m in Sources */ = {isa = PBXBuildFile; fileRef = DAF33118164F375800DBBFD3 /* SBJsonStreamWriterAccumulator.m */; };
		DAF33132164F375800DBBFD3 /* SBJsonStreamWriterState.m in Sources */ = {isa = PBXBuildFile; fileRef = DAF3311A164F375800DBBFD3 /* SBJsonStreamWriterState.m */; };
		DAF33133164F375800DBBFD3 /* SBJsonTokeniser.m in Sources */ = {isa = PBXBuildFile; fileRef = DAF3311C164F375800DBBFD3 /* SBJsonTokeniser.m */; };
		DAF33134164F375800DBBFD3 /* SBJsonUTF8Stream.m in Sources */ = {isa = PBXBuildFile; fileRef = DAF3311E164F375800DBBFD3 /* SBJsonUTF8Stream.m */; };
		DAF33135164F375800DBBFD3 /* SBJsonWriter.m in Sources */ = {isa = PBXBuildFile; fileRef = DAF33120164F375800DBBFD3 /* SBJsonWriter.m */; };
		DAF33137164F430300DBBFD3 /* CFNetwork.framework in Frameworks */ = {isa = PBXBuildFile; fileRef = DAF33136164F430300DBBFD3 /* CFNetwork.framework */; };
		DAF33139164F431000DBBFD3 /* SystemConfiguration.framework in Frameworks */ = {isa = PBXBuildFile; fileRef = DAF33138164F431000DBBFD3 /* SystemConfiguration.framework */; };
		DAF3313B164F431600DBBFD3 /* MobileCoreServices.framework in Frameworks */ = {isa = PBXBuildFile; fileRef = DAF3313A164F431600DBBFD3 /* MobileCoreServices.framework */; };
		DAF3313D164F432700DBBFD3 /* libz.dylib in Frameworks */ = {isa = PBXBuildFile; fileRef = DAF3313C164F432700DBBFD3 /* libz.dylib */; };
		DAF3313F164F443600DBBFD3 /* CoreLocation.framework in Frameworks */ = {isa = PBXBuildFile; fileRef = DAF3313E164F443600DBBFD3 /* CoreLocation.framework */; };
/* End PBXBuildFile section */

/* Begin PBXContainerItemProxy section */
		DAF330D5164F335200DBBFD3 /* PBXContainerItemProxy */ = {
			isa = PBXContainerItemProxy;
			containerPortal = DAF33095164F335100DBBFD3 /* Project object */;
			proxyType = 1;
			remoteGlobalIDString = DAF3309D164F335100DBBFD3;
			remoteInfo = Latitune;
		};
/* End PBXContainerItemProxy section */

/* Begin PBXFileReference section */
		A69FE9BA164F51C600274407 /* MediaPlayer.framework */ = {isa = PBXFileReference; lastKnownFileType = wrapper.framework; name = MediaPlayer.framework; path = System/Library/Frameworks/MediaPlayer.framework; sourceTree = SDKROOT; };
		A69FE9C1164F59AB00274407 /* LTLocationController.h */ = {isa = PBXFileReference; fileEncoding = 4; lastKnownFileType = sourcecode.c.h; path = LTLocationController.h; sourceTree = "<group>"; };
		A69FE9C2164F59AB00274407 /* LTLocationController.m */ = {isa = PBXFileReference; fileEncoding = 4; lastKnownFileType = sourcecode.c.objc; path = LTLocationController.m; sourceTree = "<group>"; };
		A6E84ADD1650204B00CE73F6 /* JSONKit.h */ = {isa = PBXFileReference; fileEncoding = 4; lastKnownFileType = sourcecode.c.h; path = JSONKit.h; sourceTree = "<group>"; };
		A6E84ADE1650204B00CE73F6 /* JSONKit.m */ = {isa = PBXFileReference; fileEncoding = 4; lastKnownFileType = sourcecode.c.objc; path = JSONKit.m; sourceTree = "<group>"; };
		DA0A31EE16501AFB00E7A2A4 /* LTYouTubeViewController.h */ = {isa = PBXFileReference; fileEncoding = 4; lastKnownFileType = sourcecode.c.h; path = LTYouTubeViewController.h; sourceTree = "<group>"; };
		DA0A31EF16501AFB00E7A2A4 /* LTYouTubeViewController.m */ = {isa = PBXFileReference; fileEncoding = 4; lastKnownFileType = sourcecode.c.objc; path = LTYouTubeViewController.m; sourceTree = "<group>"; };
		DA0A327016502B8300E7A2A4 /* LBYouTube.h */ = {isa = PBXFileReference; fileEncoding = 4; lastKnownFileType = sourcecode.c.h; path = LBYouTube.h; sourceTree = "<group>"; };
		DA0A327116502B8300E7A2A4 /* LBYouTubeExtractor.h */ = {isa = PBXFileReference; fileEncoding = 4; lastKnownFileType = sourcecode.c.h; path = LBYouTubeExtractor.h; sourceTree = "<group>"; };
		DA0A327216502B8300E7A2A4 /* LBYouTubeExtractor.m */ = {isa = PBXFileReference; fileEncoding = 4; lastKnownFileType = sourcecode.c.objc; path = LBYouTubeExtractor.m; sourceTree = "<group>"; };
		DA0A327316502B8300E7A2A4 /* LBYouTubePlayerController.h */ = {isa = PBXFileReference; fileEncoding = 4; lastKnownFileType = sourcecode.c.h; path = LBYouTubePlayerController.h; sourceTree = "<group>"; };
		DA0A327416502B8300E7A2A4 /* LBYouTubePlayerController.m */ = {isa = PBXFileReference; fileEncoding = 4; lastKnownFileType = sourcecode.c.objc; path = LBYouTubePlayerController.m; sourceTree = "<group>"; };
		DA0A327516502B8300E7A2A4 /* LBYouTubePlayerViewController.h */ = {isa = PBXFileReference; fileEncoding = 4; lastKnownFileType = sourcecode.c.h; path = LBYouTubePlayerViewController.h; sourceTree = "<group>"; };
		DA0A327616502B8300E7A2A4 /* LBYouTubePlayerViewController.m */ = {isa = PBXFileReference; fileEncoding = 4; lastKnownFileType = sourcecode.c.objc; path = LBYouTubePlayerViewController.m; sourceTree = "<group>"; };
		DA0A327D16502B9C00E7A2A4 /* FKBadgeField.h */ = {isa = PBXFileReference; fileEncoding = 4; lastKnownFileType = sourcecode.c.h; path = FKBadgeField.h; sourceTree = "<group>"; };
		DA0A327E16502B9C00E7A2A4 /* FKBadgeField.m */ = {isa = PBXFileReference; fileEncoding = 4; lastKnownFileType = sourcecode.c.objc; path = FKBadgeField.m; sourceTree = "<group>"; };
		DA0A327F16502B9C00E7A2A4 /* FKButtonField.h */ = {isa = PBXFileReference; fileEncoding = 4; lastKnownFileType = sourcecode.c.h; path = FKButtonField.h; sourceTree = "<group>"; };
		DA0A328016502B9C00E7A2A4 /* FKButtonField.m */ = {isa = PBXFileReference; fileEncoding = 4; lastKnownFileType = sourcecode.c.objc; path = FKButtonField.m; sourceTree = "<group>"; };
		DA0A328116502B9C00E7A2A4 /* FKDisclosureIndicatorAccessoryField.h */ = {isa = PBXFileReference; fileEncoding = 4; lastKnownFileType = sourcecode.c.h; path = FKDisclosureIndicatorAccessoryField.h; sourceTree = "<group>"; };
		DA0A328216502B9C00E7A2A4 /* FKDisclosureIndicatorAccessoryField.m */ = {isa = PBXFileReference; fileEncoding = 4; lastKnownFileType = sourcecode.c.objc; path = FKDisclosureIndicatorAccessoryField.m; sourceTree = "<group>"; };
		DA0A328316502B9C00E7A2A4 /* FKFields.h */ = {isa = PBXFileReference; fileEncoding = 4; lastKnownFileType = sourcecode.c.h; path = FKFields.h; sourceTree = "<group>"; };
		DA0A328416502B9C00E7A2A4 /* FKFieldsBlocks.h */ = {isa = PBXFileReference; fileEncoding = 4; lastKnownFileType = sourcecode.c.h; path = FKFieldsBlocks.h; sourceTree = "<group>"; };
		DA0A328516502B9C00E7A2A4 /* FKFloatField.h */ = {isa = PBXFileReference; fileEncoding = 4; lastKnownFileType = sourcecode.c.h; path = FKFloatField.h; sourceTree = "<group>"; };
		DA0A328616502B9C00E7A2A4 /* FKFloatField.m */ = {isa = PBXFileReference; fileEncoding = 4; lastKnownFileType = sourcecode.c.objc; path = FKFloatField.m; sourceTree = "<group>"; };
		DA0A328716502B9C00E7A2A4 /* FKImageField.h */ = {isa = PBXFileReference; fileEncoding = 4; lastKnownFileType = sourcecode.c.h; path = FKImageField.h; sourceTree = "<group>"; };
		DA0A328816502B9C00E7A2A4 /* FKImageField.m */ = {isa = PBXFileReference; fileEncoding = 4; lastKnownFileType = sourcecode.c.objc; path = FKImageField.m; sourceTree = "<group>"; };
		DA0A328916502B9C00E7A2A4 /* FKIntegerField.h */ = {isa = PBXFileReference; fileEncoding = 4; lastKnownFileType = sourcecode.c.h; path = FKIntegerField.h; sourceTree = "<group>"; };
		DA0A328A16502B9C00E7A2A4 /* FKIntegerField.m */ = {isa = PBXFileReference; fileEncoding = 4; lastKnownFileType = sourcecode.c.objc; path = FKIntegerField.m; sourceTree = "<group>"; };
		DA0A328B16502B9C00E7A2A4 /* FKLabelField.h */ = {isa = PBXFileReference; fileEncoding = 4; lastKnownFileType = sourcecode.c.h; path = FKLabelField.h; sourceTree = "<group>"; };
		DA0A328C16502B9C00E7A2A4 /* FKLabelField.m */ = {isa = PBXFileReference; fileEncoding = 4; lastKnownFileType = sourcecode.c.objc; path = FKLabelField.m; sourceTree = "<group>"; };
		DA0A328D16502B9C00E7A2A4 /* FKPasswordTextField.h */ = {isa = PBXFileReference; fileEncoding = 4; lastKnownFileType = sourcecode.c.h; path = FKPasswordTextField.h; sourceTree = "<group>"; };
		DA0A328E16502B9C00E7A2A4 /* FKPasswordTextField.m */ = {isa = PBXFileReference; fileEncoding = 4; lastKnownFileType = sourcecode.c.objc; path = FKPasswordTextField.m; sourceTree = "<group>"; };
		DA0A328F16502B9C00E7A2A4 /* FKSaveButtonField.h */ = {isa = PBXFileReference; fileEncoding = 4; lastKnownFileType = sourcecode.c.h; path = FKSaveButtonField.h; sourceTree = "<group>"; };
		DA0A329016502B9C00E7A2A4 /* FKSaveButtonField.m */ = {isa = PBXFileReference; fileEncoding = 4; lastKnownFileType = sourcecode.c.objc; path = FKSaveButtonField.m; sourceTree = "<group>"; };
		DA0A329116502B9C00E7A2A4 /* FKSimpleField.h */ = {isa = PBXFileReference; fileEncoding = 4; lastKnownFileType = sourcecode.c.h; path = FKSimpleField.h; sourceTree = "<group>"; };
		DA0A329216502B9C00E7A2A4 /* FKSimpleField.m */ = {isa = PBXFileReference; fileEncoding = 4; lastKnownFileType = sourcecode.c.objc; path = FKSimpleField.m; sourceTree = "<group>"; };
		DA0A329316502B9C00E7A2A4 /* FKSliderField.h */ = {isa = PBXFileReference; fileEncoding = 4; lastKnownFileType = sourcecode.c.h; path = FKSliderField.h; sourceTree = "<group>"; };
		DA0A329416502B9C00E7A2A4 /* FKSliderField.m */ = {isa = PBXFileReference; fileEncoding = 4; lastKnownFileType = sourcecode.c.objc; path = FKSliderField.m; sourceTree = "<group>"; };
		DA0A329516502B9C00E7A2A4 /* FKSwitchField.h */ = {isa = PBXFileReference; fileEncoding = 4; lastKnownFileType = sourcecode.c.h; path = FKSwitchField.h; sourceTree = "<group>"; };
		DA0A329616502B9C00E7A2A4 /* FKSwitchField.m */ = {isa = PBXFileReference; fileEncoding = 4; lastKnownFileType = sourcecode.c.objc; path = FKSwitchField.m; sourceTree = "<group>"; };
		DA0A329716502B9C00E7A2A4 /* FKTextField.h */ = {isa = PBXFileReference; fileEncoding = 4; lastKnownFileType = sourcecode.c.h; path = FKTextField.h; sourceTree = "<group>"; };
		DA0A329816502B9C00E7A2A4 /* FKTextField.m */ = {isa = PBXFileReference; fileEncoding = 4; lastKnownFileType = sourcecode.c.objc; path = FKTextField.m; sourceTree = "<group>"; };
		DA0A329916502B9C00E7A2A4 /* FKTextViewField.h */ = {isa = PBXFileReference; fileEncoding = 4; lastKnownFileType = sourcecode.c.h; path = FKTextViewField.h; sourceTree = "<group>"; };
		DA0A329A16502B9C00E7A2A4 /* FKTextViewField.m */ = {isa = PBXFileReference; fileEncoding = 4; lastKnownFileType = sourcecode.c.objc; path = FKTextViewField.m; sourceTree = "<group>"; };
		DA0A329B16502B9C00E7A2A4 /* FKValueViewField.h */ = {isa = PBXFileReference; fileEncoding = 4; lastKnownFileType = sourcecode.c.h; path = FKValueViewField.h; sourceTree = "<group>"; };
		DA0A329C16502B9C00E7A2A4 /* FKValueViewField.m */ = {isa = PBXFileReference; fileEncoding = 4; lastKnownFileType = sourcecode.c.objc; path = FKValueViewField.m; sourceTree = "<group>"; };
		DA0A329D16502B9C00E7A2A4 /* FKBlocks.h */ = {isa = PBXFileReference; fileEncoding = 4; lastKnownFileType = sourcecode.c.h; path = FKBlocks.h; sourceTree = "<group>"; };
		DA0A329E16502B9C00E7A2A4 /* FKFormAttributeMapping.h */ = {isa = PBXFileReference; fileEncoding = 4; lastKnownFileType = sourcecode.c.h; path = FKFormAttributeMapping.h; sourceTree = "<group>"; };
		DA0A329F16502B9C00E7A2A4 /* FKFormAttributeMapping.m */ = {isa = PBXFileReference; fileEncoding = 4; lastKnownFileType = sourcecode.c.objc; path = FKFormAttributeMapping.m; sourceTree = "<group>"; };
		DA0A32A016502B9C00E7A2A4 /* FKFormAttributeValidation.h */ = {isa = PBXFileReference; fileEncoding = 4; lastKnownFileType = sourcecode.c.h; path = FKFormAttributeValidation.h; sourceTree = "<group>"; };
		DA0A32A116502B9C00E7A2A4 /* FKFormAttributeValidation.m */ = {isa = PBXFileReference; fileEncoding = 4; lastKnownFileType = sourcecode.c.objc; path = FKFormAttributeValidation.m; sourceTree = "<group>"; };
		DA0A32A216502B9C00E7A2A4 /* FKFormMapper.h */ = {isa = PBXFileReference; fileEncoding = 4; lastKnownFileType = sourcecode.c.h; path = FKFormMapper.h; sourceTree = "<group>"; };
		DA0A32A316502B9C00E7A2A4 /* FKFormMapper.m */ = {isa = PBXFileReference; fileEncoding = 4; lastKnownFileType = sourcecode.c.objc; path = FKFormMapper.m; sourceTree = "<group>"; };
		DA0A32A416502B9C00E7A2A4 /* FKFormMapping.h */ = {isa = PBXFileReference; fileEncoding = 4; lastKnownFileType = sourcecode.c.h; path = FKFormMapping.h; sourceTree = "<group>"; };
		DA0A32A516502B9C00E7A2A4 /* FKFormMapping.m */ = {isa = PBXFileReference; fileEncoding = 4; lastKnownFileType = sourcecode.c.objc; path = FKFormMapping.m; sourceTree = "<group>"; };
		DA0A32A616502B9C00E7A2A4 /* FKFormModel.h */ = {isa = PBXFileReference; fileEncoding = 4; lastKnownFileType = sourcecode.c.h; path = FKFormModel.h; sourceTree = "<group>"; };
		DA0A32A716502B9C00E7A2A4 /* FKFormModel.m */ = {isa = PBXFileReference; fileEncoding = 4; lastKnownFileType = sourcecode.c.objc; path = FKFormModel.m; sourceTree = "<group>"; };
		DA0A32A816502B9C00E7A2A4 /* FKMacrosDefinitions.h */ = {isa = PBXFileReference; fileEncoding = 4; lastKnownFileType = sourcecode.c.h; path = FKMacrosDefinitions.h; sourceTree = "<group>"; };
		DA0A32A916502B9C00E7A2A4 /* FKSectionObject.h */ = {isa = PBXFileReference; fileEncoding = 4; lastKnownFileType = sourcecode.c.h; path = FKSectionObject.h; sourceTree = "<group>"; };
		DA0A32AA16502B9C00E7A2A4 /* FKSectionObject.m */ = {isa = PBXFileReference; fileEncoding = 4; lastKnownFileType = sourcecode.c.objc; path = FKSectionObject.m; sourceTree = "<group>"; };
		DA0A32AB16502B9C00E7A2A4 /* FormKit.h */ = {isa = PBXFileReference; fileEncoding = 4; lastKnownFileType = sourcecode.c.h; path = FormKit.h; sourceTree = "<group>"; };
		DA0A32AC16502B9C00E7A2A4 /* NSObject+FKFormAttributeMapping.h */ = {isa = PBXFileReference; fileEncoding = 4; lastKnownFileType = sourcecode.c.h; path = "NSObject+FKFormAttributeMapping.h"; sourceTree = "<group>"; };
		DA0A32AD16502B9C00E7A2A4 /* NSObject+FKFormAttributeMapping.m */ = {isa = PBXFileReference; fileEncoding = 4; lastKnownFileType = sourcecode.c.objc; path = "NSObject+FKFormAttributeMapping.m"; sourceTree = "<group>"; };
		DA0A32AE16502B9C00E7A2A4 /* UITableViewCell+FormKit.h */ = {isa = PBXFileReference; fileEncoding = 4; lastKnownFileType = sourcecode.c.h; path = "UITableViewCell+FormKit.h"; sourceTree = "<group>"; };
		DA0A32AF16502B9C00E7A2A4 /* UITableViewCell+FormKit.m */ = {isa = PBXFileReference; fileEncoding = 4; lastKnownFileType = sourcecode.c.objc; path = "UITableViewCell+FormKit.m"; sourceTree = "<group>"; };
		DA0A32B016502B9C00E7A2A4 /* UIView+FormKit.h */ = {isa = PBXFileReference; fileEncoding = 4; lastKnownFileType = sourcecode.c.h; path = "UIView+FormKit.h"; sourceTree = "<group>"; };
		DA0A32B116502B9C00E7A2A4 /* UIView+FormKit.m */ = {isa = PBXFileReference; fileEncoding = 4; lastKnownFileType = sourcecode.c.objc; path = "UIView+FormKit.m"; sourceTree = "<group>"; };
		DA0A32B316502B9C00E7A2A4 /* SSKeychain.h */ = {isa = PBXFileReference; fileEncoding = 4; lastKnownFileType = sourcecode.c.h; path = SSKeychain.h; sourceTree = "<group>"; };
		DA0A32B416502B9C00E7A2A4 /* SSKeychain.m */ = {isa = PBXFileReference; fileEncoding = 4; lastKnownFileType = sourcecode.c.objc; path = SSKeychain.m; sourceTree = "<group>"; };
		DA0A32B716502B9C00E7A2A4 /* AbstractActionSheetPicker.h */ = {isa = PBXFileReference; fileEncoding = 4; lastKnownFileType = sourcecode.c.h; path = AbstractActionSheetPicker.h; sourceTree = "<group>"; };
		DA0A32B816502B9C00E7A2A4 /* AbstractActionSheetPicker.m */ = {isa = PBXFileReference; fileEncoding = 4; lastKnownFileType = sourcecode.c.objc; path = AbstractActionSheetPicker.m; sourceTree = "<group>"; };
		DA0A32B916502B9C00E7A2A4 /* ActionSheetCustomPicker.h */ = {isa = PBXFileReference; fileEncoding = 4; lastKnownFileType = sourcecode.c.h; path = ActionSheetCustomPicker.h; sourceTree = "<group>"; };
		DA0A32BA16502B9C00E7A2A4 /* ActionSheetCustomPicker.m */ = {isa = PBXFileReference; fileEncoding = 4; lastKnownFileType = sourcecode.c.objc; path = ActionSheetCustomPicker.m; sourceTree = "<group>"; };
		DA0A32BB16502B9C00E7A2A4 /* ActionSheetCustomPickerDelegate.h */ = {isa = PBXFileReference; fileEncoding = 4; lastKnownFileType = sourcecode.c.h; path = ActionSheetCustomPickerDelegate.h; sourceTree = "<group>"; };
		DA0A32BC16502B9C00E7A2A4 /* ActionSheetDatePicker.h */ = {isa = PBXFileReference; fileEncoding = 4; lastKnownFileType = sourcecode.c.h; path = ActionSheetDatePicker.h; sourceTree = "<group>"; };
		DA0A32BD16502B9C00E7A2A4 /* ActionSheetDatePicker.m */ = {isa = PBXFileReference; fileEncoding = 4; lastKnownFileType = sourcecode.c.objc; path = ActionSheetDatePicker.m; sourceTree = "<group>"; };
		DA0A32BE16502B9C00E7A2A4 /* ActionSheetDistancePicker.h */ = {isa = PBXFileReference; fileEncoding = 4; lastKnownFileType = sourcecode.c.h; path = ActionSheetDistancePicker.h; sourceTree = "<group>"; };
		DA0A32BF16502B9C00E7A2A4 /* ActionSheetDistancePicker.m */ = {isa = PBXFileReference; fileEncoding = 4; lastKnownFileType = sourcecode.c.objc; path = ActionSheetDistancePicker.m; sourceTree = "<group>"; };
		DA0A32C016502B9C00E7A2A4 /* ActionSheetStringPicker.h */ = {isa = PBXFileReference; fileEncoding = 4; lastKnownFileType = sourcecode.c.h; path = ActionSheetStringPicker.h; sourceTree = "<group>"; };
		DA0A32C116502B9C00E7A2A4 /* ActionSheetStringPicker.m */ = {isa = PBXFileReference; fileEncoding = 4; lastKnownFileType = sourcecode.c.objc; path = ActionSheetStringPicker.m; sourceTree = "<group>"; };
		DA0A32C216502B9C00E7A2A4 /* DistancePickerView.h */ = {isa = PBXFileReference; fileEncoding = 4; lastKnownFileType = sourcecode.c.h; path = DistancePickerView.h; sourceTree = "<group>"; };
		DA0A32C316502B9C00E7A2A4 /* DistancePickerView.m */ = {isa = PBXFileReference; fileEncoding = 4; lastKnownFileType = sourcecode.c.objc; path = DistancePickerView.m; sourceTree = "<group>"; };
		DA0A32C516502B9C00E7A2A4 /* BWLongTextViewController.h */ = {isa = PBXFileReference; fileEncoding = 4; lastKnownFileType = sourcecode.c.h; path = BWLongTextViewController.h; sourceTree = "<group>"; };
		DA0A32C616502B9C00E7A2A4 /* BWLongTextViewController.m */ = {isa = PBXFileReference; fileEncoding = 4; lastKnownFileType = sourcecode.c.objc; path = BWLongTextViewController.m; sourceTree = "<group>"; };
		DA0A32C816502B9C00E7A2A4 /* BWSelectViewController.h */ = {isa = PBXFileReference; fileEncoding = 4; lastKnownFileType = sourcecode.c.h; path = BWSelectViewController.h; sourceTree = "<group>"; };
		DA0A32C916502B9C00E7A2A4 /* BWSelectViewController.m */ = {isa = PBXFileReference; fileEncoding = 4; lastKnownFileType = sourcecode.c.objc; path = BWSelectViewController.m; sourceTree = "<group>"; };
		DA0A32EB16502BAC00E7A2A4 /* LTRegisterViewController.h */ = {isa = PBXFileReference; fileEncoding = 4; lastKnownFileType = sourcecode.c.h; path = LTRegisterViewController.h; sourceTree = "<group>"; };
		DA0A32EC16502BAC00E7A2A4 /* LTRegisterViewController.m */ = {isa = PBXFileReference; fileEncoding = 4; lastKnownFileType = sourcecode.c.objc; path = LTRegisterViewController.m; sourceTree = "<group>"; };
		DA0A32EE16502BCD00E7A2A4 /* Security.framework */ = {isa = PBXFileReference; lastKnownFileType = wrapper.framework; name = Security.framework; path = System/Library/Frameworks/Security.framework; sourceTree = SDKROOT; };
		DA2E05B7164F900600BF9B50 /* glyphicons_233_direction.png */ = {isa = PBXFileReference; lastKnownFileType = image.png; path = glyphicons_233_direction.png; sourceTree = "<group>"; };
		DA2E05B8164F900600BF9B50 /* glyphicons_233_direction@2x.png */ = {isa = PBXFileReference; lastKnownFileType = image.png; path = "glyphicons_233_direction@2x.png"; sourceTree = "<group>"; };
		DAF3309E164F335100DBBFD3 /* Latitune.app */ = {isa = PBXFileReference; explicitFileType = wrapper.application; includeInIndex = 0; path = Latitune.app; sourceTree = BUILT_PRODUCTS_DIR; };
		DAF330A2164F335100DBBFD3 /* UIKit.framework */ = {isa = PBXFileReference; lastKnownFileType = wrapper.framework; name = UIKit.framework; path = System/Library/Frameworks/UIKit.framework; sourceTree = SDKROOT; };
		DAF330A4164F335100DBBFD3 /* Foundation.framework */ = {isa = PBXFileReference; lastKnownFileType = wrapper.framework; name = Foundation.framework; path = System/Library/Frameworks/Foundation.framework; sourceTree = SDKROOT; };
		DAF330A6164F335100DBBFD3 /* CoreGraphics.framework */ = {isa = PBXFileReference; lastKnownFileType = wrapper.framework; name = CoreGraphics.framework; path = System/Library/Frameworks/CoreGraphics.framework; sourceTree = SDKROOT; };
		DAF330AA164F335100DBBFD3 /* Latitune-Info.plist */ = {isa = PBXFileReference; lastKnownFileType = text.plist.xml; path = "Latitune-Info.plist"; sourceTree = "<group>"; };
		DAF330AC164F335100DBBFD3 /* en */ = {isa = PBXFileReference; lastKnownFileType = text.plist.strings; name = en; path = en.lproj/InfoPlist.strings; sourceTree = "<group>"; };
		DAF330AE164F335100DBBFD3 /* main.m */ = {isa = PBXFileReference; lastKnownFileType = sourcecode.c.objc; path = main.m; sourceTree = "<group>"; };
		DAF330B0164F335100DBBFD3 /* Latitune-Prefix.pch */ = {isa = PBXFileReference; lastKnownFileType = sourcecode.c.h; path = "Latitune-Prefix.pch"; sourceTree = "<group>"; };
		DAF330B1164F335100DBBFD3 /* LTAppDelegate.h */ = {isa = PBXFileReference; lastKnownFileType = sourcecode.c.h; path = LTAppDelegate.h; sourceTree = "<group>"; };
		DAF330B2164F335100DBBFD3 /* LTAppDelegate.m */ = {isa = PBXFileReference; lastKnownFileType = sourcecode.c.objc; path = LTAppDelegate.m; sourceTree = "<group>"; };
		DAF330B4164F335100DBBFD3 /* Default.png */ = {isa = PBXFileReference; lastKnownFileType = image.png; path = Default.png; sourceTree = "<group>"; };
		DAF330B6164F335100DBBFD3 /* Default@2x.png */ = {isa = PBXFileReference; lastKnownFileType = image.png; path = "Default@2x.png"; sourceTree = "<group>"; };
		DAF330B8164F335100DBBFD3 /* Default-568h@2x.png */ = {isa = PBXFileReference; lastKnownFileType = image.png; path = "Default-568h@2x.png"; sourceTree = "<group>"; };
		DAF330BB164F335100DBBFD3 /* en */ = {isa = PBXFileReference; lastKnownFileType = file.storyboard; name = en; path = en.lproj/MainStoryboard.storyboard; sourceTree = "<group>"; };
		DAF330BD164F335100DBBFD3 /* LTExploreViewController.h */ = {isa = PBXFileReference; lastKnownFileType = sourcecode.c.h; path = LTExploreViewController.h; sourceTree = "<group>"; };
		DAF330BE164F335100DBBFD3 /* LTExploreViewController.m */ = {isa = PBXFileReference; lastKnownFileType = sourcecode.c.objc; path = LTExploreViewController.m; sourceTree = "<group>"; };
		DAF330C0164F335100DBBFD3 /* first.png */ = {isa = PBXFileReference; lastKnownFileType = image.png; path = first.png; sourceTree = "<group>"; };
		DAF330C2164F335100DBBFD3 /* first@2x.png */ = {isa = PBXFileReference; lastKnownFileType = image.png; path = "first@2x.png"; sourceTree = "<group>"; };
		DAF330C4164F335200DBBFD3 /* LTListenViewController.h */ = {isa = PBXFileReference; lastKnownFileType = sourcecode.c.h; path = LTListenViewController.h; sourceTree = "<group>"; };
		DAF330C5164F335200DBBFD3 /* LTListenViewController.m */ = {isa = PBXFileReference; lastKnownFileType = sourcecode.c.objc; path = LTListenViewController.m; sourceTree = "<group>"; };
		DAF330C7164F335200DBBFD3 /* second.png */ = {isa = PBXFileReference; lastKnownFileType = image.png; path = second.png; sourceTree = "<group>"; };
		DAF330C9164F335200DBBFD3 /* second@2x.png */ = {isa = PBXFileReference; lastKnownFileType = image.png; path = "second@2x.png"; sourceTree = "<group>"; };
		DAF330D0164F335200DBBFD3 /* LatituneTests.octest */ = {isa = PBXFileReference; explicitFileType = wrapper.cfbundle; includeInIndex = 0; path = LatituneTests.octest; sourceTree = BUILT_PRODUCTS_DIR; };
		DAF330D1164F335200DBBFD3 /* SenTestingKit.framework */ = {isa = PBXFileReference; lastKnownFileType = wrapper.framework; name = SenTestingKit.framework; path = Library/Frameworks/SenTestingKit.framework; sourceTree = DEVELOPER_DIR; };
		DAF330D9164F335200DBBFD3 /* LatituneTests-Info.plist */ = {isa = PBXFileReference; lastKnownFileType = text.plist.xml; path = "LatituneTests-Info.plist"; sourceTree = "<group>"; };
		DAF330DB164F335200DBBFD3 /* en */ = {isa = PBXFileReference; lastKnownFileType = text.plist.strings; name = en; path = en.lproj/InfoPlist.strings; sourceTree = "<group>"; };
		DAF330DD164F335200DBBFD3 /* LatituneTests.h */ = {isa = PBXFileReference; lastKnownFileType = sourcecode.c.h; path = LatituneTests.h; sourceTree = "<group>"; };
		DAF330DE164F335200DBBFD3 /* LatituneTests.m */ = {isa = PBXFileReference; lastKnownFileType = sourcecode.c.objc; path = LatituneTests.m; sourceTree = "<group>"; };
		DAF330E8164F343D00DBBFD3 /* LTBlipViewController.h */ = {isa = PBXFileReference; fileEncoding = 4; lastKnownFileType = sourcecode.c.h; path = LTBlipViewController.h; sourceTree = "<group>"; };
		DAF330E9164F343D00DBBFD3 /* LTBlipViewController.m */ = {isa = PBXFileReference; fileEncoding = 4; lastKnownFileType = sourcecode.c.objc; path = LTBlipViewController.m; sourceTree = "<group>"; };
		DAF330EB164F347400DBBFD3 /* LTCommunication.h */ = {isa = PBXFileReference; fileEncoding = 4; lastKnownFileType = sourcecode.c.h; path = LTCommunication.h; sourceTree = "<group>"; };
		DAF330EC164F347400DBBFD3 /* LTCommunication.m */ = {isa = PBXFileReference; fileEncoding = 4; lastKnownFileType = sourcecode.c.objc; path = LTCommunication.m; sourceTree = "<group>"; };
		DAF330F0164F375800DBBFD3 /* ASIAuthenticationDialog.h */ = {isa = PBXFileReference; fileEncoding = 4; lastKnownFileType = sourcecode.c.h; path = ASIAuthenticationDialog.h; sourceTree = "<group>"; };
		DAF330F1164F375800DBBFD3 /* ASIAuthenticationDialog.m */ = {isa = PBXFileReference; fileEncoding = 4; lastKnownFileType = sourcecode.c.objc; path = ASIAuthenticationDialog.m; sourceTree = "<group>"; };
		DAF330F2164F375800DBBFD3 /* ASICacheDelegate.h */ = {isa = PBXFileReference; fileEncoding = 4; lastKnownFileType = sourcecode.c.h; path = ASICacheDelegate.h; sourceTree = "<group>"; };
		DAF330F3164F375800DBBFD3 /* ASIDataCompressor.h */ = {isa = PBXFileReference; fileEncoding = 4; lastKnownFileType = sourcecode.c.h; path = ASIDataCompressor.h; sourceTree = "<group>"; };
		DAF330F4164F375800DBBFD3 /* ASIDataCompressor.m */ = {isa = PBXFileReference; fileEncoding = 4; lastKnownFileType = sourcecode.c.objc; path = ASIDataCompressor.m; sourceTree = "<group>"; };
		DAF330F5164F375800DBBFD3 /* ASIDataDecompressor.h */ = {isa = PBXFileReference; fileEncoding = 4; lastKnownFileType = sourcecode.c.h; path = ASIDataDecompressor.h; sourceTree = "<group>"; };
		DAF330F6164F375800DBBFD3 /* ASIDataDecompressor.m */ = {isa = PBXFileReference; fileEncoding = 4; lastKnownFileType = sourcecode.c.objc; path = ASIDataDecompressor.m; sourceTree = "<group>"; };
		DAF330F7164F375800DBBFD3 /* ASIDownloadCache.h */ = {isa = PBXFileReference; fileEncoding = 4; lastKnownFileType = sourcecode.c.h; path = ASIDownloadCache.h; sourceTree = "<group>"; };
		DAF330F8164F375800DBBFD3 /* ASIDownloadCache.m */ = {isa = PBXFileReference; fileEncoding = 4; lastKnownFileType = sourcecode.c.objc; path = ASIDownloadCache.m; sourceTree = "<group>"; };
		DAF330F9164F375800DBBFD3 /* ASIFormDataRequest.h */ = {isa = PBXFileReference; fileEncoding = 4; lastKnownFileType = sourcecode.c.h; path = ASIFormDataRequest.h; sourceTree = "<group>"; };
		DAF330FA164F375800DBBFD3 /* ASIFormDataRequest.m */ = {isa = PBXFileReference; fileEncoding = 4; lastKnownFileType = sourcecode.c.objc; path = ASIFormDataRequest.m; sourceTree = "<group>"; };
		DAF330FB164F375800DBBFD3 /* ASIHTTPRequest.h */ = {isa = PBXFileReference; fileEncoding = 4; lastKnownFileType = sourcecode.c.h; path = ASIHTTPRequest.h; sourceTree = "<group>"; };
		DAF330FC164F375800DBBFD3 /* ASIHTTPRequest.m */ = {isa = PBXFileReference; fileEncoding = 4; lastKnownFileType = sourcecode.c.objc; path = ASIHTTPRequest.m; sourceTree = "<group>"; };
		DAF330FD164F375800DBBFD3 /* ASIHTTPRequestConfig.h */ = {isa = PBXFileReference; fileEncoding = 4; lastKnownFileType = sourcecode.c.h; path = ASIHTTPRequestConfig.h; sourceTree = "<group>"; };
		DAF330FE164F375800DBBFD3 /* ASIHTTPRequestDelegate.h */ = {isa = PBXFileReference; fileEncoding = 4; lastKnownFileType = sourcecode.c.h; path = ASIHTTPRequestDelegate.h; sourceTree = "<group>"; };
		DAF330FF164F375800DBBFD3 /* ASIInputStream.h */ = {isa = PBXFileReference; fileEncoding = 4; lastKnownFileType = sourcecode.c.h; path = ASIInputStream.h; sourceTree = "<group>"; };
		DAF33100164F375800DBBFD3 /* ASIInputStream.m */ = {isa = PBXFileReference; fileEncoding = 4; lastKnownFileType = sourcecode.c.objc; path = ASIInputStream.m; sourceTree = "<group>"; };
		DAF33101164F375800DBBFD3 /* ASINetworkQueue.h */ = {isa = PBXFileReference; fileEncoding = 4; lastKnownFileType = sourcecode.c.h; path = ASINetworkQueue.h; sourceTree = "<group>"; };
		DAF33102164F375800DBBFD3 /* ASINetworkQueue.m */ = {isa = PBXFileReference; fileEncoding = 4; lastKnownFileType = sourcecode.c.objc; path = ASINetworkQueue.m; sourceTree = "<group>"; };
		DAF33103164F375800DBBFD3 /* ASIProgressDelegate.h */ = {isa = PBXFileReference; fileEncoding = 4; lastKnownFileType = sourcecode.c.h; path = ASIProgressDelegate.h; sourceTree = "<group>"; };
		DAF33105164F375800DBBFD3 /* Reachability.h */ = {isa = PBXFileReference; fileEncoding = 4; lastKnownFileType = sourcecode.c.h; path = Reachability.h; sourceTree = "<group>"; };
		DAF33106164F375800DBBFD3 /* Reachability.m */ = {isa = PBXFileReference; fileEncoding = 4; lastKnownFileType = sourcecode.c.objc; path = Reachability.m; sourceTree = "<group>"; };
		DAF33108164F375800DBBFD3 /* NSObject+SBJson.h */ = {isa = PBXFileReference; fileEncoding = 4; lastKnownFileType = sourcecode.c.h; path = "NSObject+SBJson.h"; sourceTree = "<group>"; };
		DAF33109164F375800DBBFD3 /* NSObject+SBJson.m */ = {isa = PBXFileReference; fileEncoding = 4; lastKnownFileType = sourcecode.c.objc; path = "NSObject+SBJson.m"; sourceTree = "<group>"; };
		DAF3310A164F375800DBBFD3 /* SBJson.h */ = {isa = PBXFileReference; fileEncoding = 4; lastKnownFileType = sourcecode.c.h; path = SBJson.h; sourceTree = "<group>"; };
		DAF3310B164F375800DBBFD3 /* SBJsonParser.h */ = {isa = PBXFileReference; fileEncoding = 4; lastKnownFileType = sourcecode.c.h; path = SBJsonParser.h; sourceTree = "<group>"; };
		DAF3310C164F375800DBBFD3 /* SBJsonParser.m */ = {isa = PBXFileReference; fileEncoding = 4; lastKnownFileType = sourcecode.c.objc; path = SBJsonParser.m; sourceTree = "<group>"; };
		DAF3310D164F375800DBBFD3 /* SBJsonStreamParser.h */ = {isa = PBXFileReference; fileEncoding = 4; lastKnownFileType = sourcecode.c.h; path = SBJsonStreamParser.h; sourceTree = "<group>"; };
		DAF3310E164F375800DBBFD3 /* SBJsonStreamParser.m */ = {isa = PBXFileReference; fileEncoding = 4; lastKnownFileType = sourcecode.c.objc; path = SBJsonStreamParser.m; sourceTree = "<group>"; };
		DAF3310F164F375800DBBFD3 /* SBJsonStreamParserAccumulator.h */ = {isa = PBXFileReference; fileEncoding = 4; lastKnownFileType = sourcecode.c.h; path = SBJsonStreamParserAccumulator.h; sourceTree = "<group>"; };
		DAF33110164F375800DBBFD3 /* SBJsonStreamParserAccumulator.m */ = {isa = PBXFileReference; fileEncoding = 4; lastKnownFileType = sourcecode.c.objc; path = SBJsonStreamParserAccumulator.m; sourceTree = "<group>"; };
		DAF33111164F375800DBBFD3 /* SBJsonStreamParserAdapter.h */ = {isa = PBXFileReference; fileEncoding = 4; lastKnownFileType = sourcecode.c.h; path = SBJsonStreamParserAdapter.h; sourceTree = "<group>"; };
		DAF33112164F375800DBBFD3 /* SBJsonStreamParserAdapter.m */ = {isa = PBXFileReference; fileEncoding = 4; lastKnownFileType = sourcecode.c.objc; path = SBJsonStreamParserAdapter.m; sourceTree = "<group>"; };
		DAF33113164F375800DBBFD3 /* SBJsonStreamParserState.h */ = {isa = PBXFileReference; fileEncoding = 4; lastKnownFileType = sourcecode.c.h; path = SBJsonStreamParserState.h; sourceTree = "<group>"; };
		DAF33114164F375800DBBFD3 /* SBJsonStreamParserState.m */ = {isa = PBXFileReference; fileEncoding = 4; lastKnownFileType = sourcecode.c.objc; path = SBJsonStreamParserState.m; sourceTree = "<group>"; };
		DAF33115164F375800DBBFD3 /* SBJsonStreamWriter.h */ = {isa = PBXFileReference; fileEncoding = 4; lastKnownFileType = sourcecode.c.h; path = SBJsonStreamWriter.h; sourceTree = "<group>"; };
		DAF33116164F375800DBBFD3 /* SBJsonStreamWriter.m */ = {isa = PBXFileReference; fileEncoding = 4; lastKnownFileType = sourcecode.c.objc; path = SBJsonStreamWriter.m; sourceTree = "<group>"; };
		DAF33117164F375800DBBFD3 /* SBJsonStreamWriterAccumulator.h */ = {isa = PBXFileReference; fileEncoding = 4; lastKnownFileType = sourcecode.c.h; path = SBJsonStreamWriterAccumulator.h; sourceTree = "<group>"; };
		DAF33118164F375800DBBFD3 /* SBJsonStreamWriterAccumulator.m */ = {isa = PBXFileReference; fileEncoding = 4; lastKnownFileType = sourcecode.c.objc; path = SBJsonStreamWriterAccumulator.m; sourceTree = "<group>"; };
		DAF33119164F375800DBBFD3 /* SBJsonStreamWriterState.h */ = {isa = PBXFileReference; fileEncoding = 4; lastKnownFileType = sourcecode.c.h; path = SBJsonStreamWriterState.h; sourceTree = "<group>"; };
		DAF3311A164F375800DBBFD3 /* SBJsonStreamWriterState.m */ = {isa = PBXFileReference; fileEncoding = 4; lastKnownFileType = sourcecode.c.objc; path = SBJsonStreamWriterState.m; sourceTree = "<group>"; };
		DAF3311B164F375800DBBFD3 /* SBJsonTokeniser.h */ = {isa = PBXFileReference; fileEncoding = 4; lastKnownFileType = sourcecode.c.h; path = SBJsonTokeniser.h; sourceTree = "<group>"; };
		DAF3311C164F375800DBBFD3 /* SBJsonTokeniser.m */ = {isa = PBXFileReference; fileEncoding = 4; lastKnownFileType = sourcecode.c.objc; path = SBJsonTokeniser.m; sourceTree = "<group>"; };
		DAF3311D164F375800DBBFD3 /* SBJsonUTF8Stream.h */ = {isa = PBXFileReference; fileEncoding = 4; lastKnownFileType = sourcecode.c.h; path = SBJsonUTF8Stream.h; sourceTree = "<group>"; };
		DAF3311E164F375800DBBFD3 /* SBJsonUTF8Stream.m */ = {isa = PBXFileReference; fileEncoding = 4; lastKnownFileType = sourcecode.c.objc; path = SBJsonUTF8Stream.m; sourceTree = "<group>"; };
		DAF3311F164F375800DBBFD3 /* SBJsonWriter.h */ = {isa = PBXFileReference; fileEncoding = 4; lastKnownFileType = sourcecode.c.h; path = SBJsonWriter.h; sourceTree = "<group>"; };
		DAF33120164F375800DBBFD3 /* SBJsonWriter.m */ = {isa = PBXFileReference; fileEncoding = 4; lastKnownFileType = sourcecode.c.objc; path = SBJsonWriter.m; sourceTree = "<group>"; };
		DAF33136164F430300DBBFD3 /* CFNetwork.framework */ = {isa = PBXFileReference; lastKnownFileType = wrapper.framework; name = CFNetwork.framework; path = System/Library/Frameworks/CFNetwork.framework; sourceTree = SDKROOT; };
		DAF33138164F431000DBBFD3 /* SystemConfiguration.framework */ = {isa = PBXFileReference; lastKnownFileType = wrapper.framework; name = SystemConfiguration.framework; path = System/Library/Frameworks/SystemConfiguration.framework; sourceTree = SDKROOT; };
		DAF3313A164F431600DBBFD3 /* MobileCoreServices.framework */ = {isa = PBXFileReference; lastKnownFileType = wrapper.framework; name = MobileCoreServices.framework; path = System/Library/Frameworks/MobileCoreServices.framework; sourceTree = SDKROOT; };
		DAF3313C164F432700DBBFD3 /* libz.dylib */ = {isa = PBXFileReference; lastKnownFileType = "compiled.mach-o.dylib"; name = libz.dylib; path = usr/lib/libz.dylib; sourceTree = SDKROOT; };
		DAF3313E164F443600DBBFD3 /* CoreLocation.framework */ = {isa = PBXFileReference; lastKnownFileType = wrapper.framework; name = CoreLocation.framework; path = System/Library/Frameworks/CoreLocation.framework; sourceTree = SDKROOT; };
/* End PBXFileReference section */

/* Begin PBXFrameworksBuildPhase section */
		DAF3309B164F335100DBBFD3 /* Frameworks */ = {
			isa = PBXFrameworksBuildPhase;
			buildActionMask = 2147483647;
			files = (
				DA0A32EF16502BCD00E7A2A4 /* Security.framework in Frameworks */,
				A69FE9BB164F51C600274407 /* MediaPlayer.framework in Frameworks */,
				DAF3313F164F443600DBBFD3 /* CoreLocation.framework in Frameworks */,
				DAF3313D164F432700DBBFD3 /* libz.dylib in Frameworks */,
				DAF330A7164F335100DBBFD3 /* CoreGraphics.framework in Frameworks */,
				DAF3313B164F431600DBBFD3 /* MobileCoreServices.framework in Frameworks */,
				DAF33139164F431000DBBFD3 /* SystemConfiguration.framework in Frameworks */,
				DAF33137164F430300DBBFD3 /* CFNetwork.framework in Frameworks */,
				DAF330A3164F335100DBBFD3 /* UIKit.framework in Frameworks */,
				DAF330A5164F335100DBBFD3 /* Foundation.framework in Frameworks */,
			);
			runOnlyForDeploymentPostprocessing = 0;
		};
		DAF330CC164F335200DBBFD3 /* Frameworks */ = {
			isa = PBXFrameworksBuildPhase;
			buildActionMask = 2147483647;
			files = (
				DAF330D2164F335200DBBFD3 /* SenTestingKit.framework in Frameworks */,
				DAF330D3164F335200DBBFD3 /* UIKit.framework in Frameworks */,
				DAF330D4164F335200DBBFD3 /* Foundation.framework in Frameworks */,
			);
			runOnlyForDeploymentPostprocessing = 0;
		};
/* End PBXFrameworksBuildPhase section */

/* Begin PBXGroup section */
		A6E84AD116501F4200CE73F6 /* LBYouTubeView */ = {
			isa = PBXGroup;
			children = (
				DA0A327016502B8300E7A2A4 /* LBYouTube.h */,
				DA0A327116502B8300E7A2A4 /* LBYouTubeExtractor.h */,
				DA0A327216502B8300E7A2A4 /* LBYouTubeExtractor.m */,
				DA0A327316502B8300E7A2A4 /* LBYouTubePlayerController.h */,
				DA0A327416502B8300E7A2A4 /* LBYouTubePlayerController.m */,
				DA0A327516502B8300E7A2A4 /* LBYouTubePlayerViewController.h */,
				DA0A327616502B8300E7A2A4 /* LBYouTubePlayerViewController.m */,
			);
			path = LBYouTubeView;
			sourceTree = "<group>";
		};
		DA0A327B16502B9C00E7A2A4 /* FormKit */ = {
			isa = PBXGroup;
			children = (
				DA0A327C16502B9C00E7A2A4 /* Fields */,
				DA0A329D16502B9C00E7A2A4 /* FKBlocks.h */,
				DA0A329E16502B9C00E7A2A4 /* FKFormAttributeMapping.h */,
				DA0A329F16502B9C00E7A2A4 /* FKFormAttributeMapping.m */,
				DA0A32A016502B9C00E7A2A4 /* FKFormAttributeValidation.h */,
				DA0A32A116502B9C00E7A2A4 /* FKFormAttributeValidation.m */,
				DA0A32A216502B9C00E7A2A4 /* FKFormMapper.h */,
				DA0A32A316502B9C00E7A2A4 /* FKFormMapper.m */,
				DA0A32A416502B9C00E7A2A4 /* FKFormMapping.h */,
				DA0A32A516502B9C00E7A2A4 /* FKFormMapping.m */,
				DA0A32A616502B9C00E7A2A4 /* FKFormModel.h */,
				DA0A32A716502B9C00E7A2A4 /* FKFormModel.m */,
				DA0A32A816502B9C00E7A2A4 /* FKMacrosDefinitions.h */,
				DA0A32A916502B9C00E7A2A4 /* FKSectionObject.h */,
				DA0A32AA16502B9C00E7A2A4 /* FKSectionObject.m */,
				DA0A32AB16502B9C00E7A2A4 /* FormKit.h */,
				DA0A32AC16502B9C00E7A2A4 /* NSObject+FKFormAttributeMapping.h */,
				DA0A32AD16502B9C00E7A2A4 /* NSObject+FKFormAttributeMapping.m */,
				DA0A32AE16502B9C00E7A2A4 /* UITableViewCell+FormKit.h */,
				DA0A32AF16502B9C00E7A2A4 /* UITableViewCell+FormKit.m */,
				DA0A32B016502B9C00E7A2A4 /* UIView+FormKit.h */,
				DA0A32B116502B9C00E7A2A4 /* UIView+FormKit.m */,
			);
			path = FormKit;
			sourceTree = "<group>";
		};
		DA0A327C16502B9C00E7A2A4 /* Fields */ = {
			isa = PBXGroup;
			children = (
				DA0A327D16502B9C00E7A2A4 /* FKBadgeField.h */,
				DA0A327E16502B9C00E7A2A4 /* FKBadgeField.m */,
				DA0A327F16502B9C00E7A2A4 /* FKButtonField.h */,
				DA0A328016502B9C00E7A2A4 /* FKButtonField.m */,
				DA0A328116502B9C00E7A2A4 /* FKDisclosureIndicatorAccessoryField.h */,
				DA0A328216502B9C00E7A2A4 /* FKDisclosureIndicatorAccessoryField.m */,
				DA0A328316502B9C00E7A2A4 /* FKFields.h */,
				DA0A328416502B9C00E7A2A4 /* FKFieldsBlocks.h */,
				DA0A328516502B9C00E7A2A4 /* FKFloatField.h */,
				DA0A328616502B9C00E7A2A4 /* FKFloatField.m */,
				DA0A328716502B9C00E7A2A4 /* FKImageField.h */,
				DA0A328816502B9C00E7A2A4 /* FKImageField.m */,
				DA0A328916502B9C00E7A2A4 /* FKIntegerField.h */,
				DA0A328A16502B9C00E7A2A4 /* FKIntegerField.m */,
				DA0A328B16502B9C00E7A2A4 /* FKLabelField.h */,
				DA0A328C16502B9C00E7A2A4 /* FKLabelField.m */,
				DA0A328D16502B9C00E7A2A4 /* FKPasswordTextField.h */,
				DA0A328E16502B9C00E7A2A4 /* FKPasswordTextField.m */,
				DA0A328F16502B9C00E7A2A4 /* FKSaveButtonField.h */,
				DA0A329016502B9C00E7A2A4 /* FKSaveButtonField.m */,
				DA0A329116502B9C00E7A2A4 /* FKSimpleField.h */,
				DA0A329216502B9C00E7A2A4 /* FKSimpleField.m */,
				DA0A329316502B9C00E7A2A4 /* FKSliderField.h */,
				DA0A329416502B9C00E7A2A4 /* FKSliderField.m */,
				DA0A329516502B9C00E7A2A4 /* FKSwitchField.h */,
				DA0A329616502B9C00E7A2A4 /* FKSwitchField.m */,
				DA0A329716502B9C00E7A2A4 /* FKTextField.h */,
				DA0A329816502B9C00E7A2A4 /* FKTextField.m */,
				DA0A329916502B9C00E7A2A4 /* FKTextViewField.h */,
				DA0A329A16502B9C00E7A2A4 /* FKTextViewField.m */,
				DA0A329B16502B9C00E7A2A4 /* FKValueViewField.h */,
				DA0A329C16502B9C00E7A2A4 /* FKValueViewField.m */,
			);
			path = Fields;
			sourceTree = "<group>";
		};
		DA0A32B216502B9C00E7A2A4 /* SSKeyChain */ = {
			isa = PBXGroup;
			children = (
				DA0A32B316502B9C00E7A2A4 /* SSKeychain.h */,
				DA0A32B416502B9C00E7A2A4 /* SSKeychain.m */,
			);
			path = SSKeyChain;
			sourceTree = "<group>";
		};
		DA0A32B516502B9C00E7A2A4 /* Vendor */ = {
			isa = PBXGroup;
			children = (
				DA0A32B616502B9C00E7A2A4 /* ActionSheetPicker */,
				DA0A32C416502B9C00E7A2A4 /* BWLongTextViewController */,
				DA0A32C716502B9C00E7A2A4 /* BWSelectViewController */,
			);
			path = Vendor;
			sourceTree = "<group>";
		};
		DA0A32B616502B9C00E7A2A4 /* ActionSheetPicker */ = {
			isa = PBXGroup;
			children = (
				DA0A32B716502B9C00E7A2A4 /* AbstractActionSheetPicker.h */,
				DA0A32B816502B9C00E7A2A4 /* AbstractActionSheetPicker.m */,
				DA0A32B916502B9C00E7A2A4 /* ActionSheetCustomPicker.h */,
				DA0A32BA16502B9C00E7A2A4 /* ActionSheetCustomPicker.m */,
				DA0A32BB16502B9C00E7A2A4 /* ActionSheetCustomPickerDelegate.h */,
				DA0A32BC16502B9C00E7A2A4 /* ActionSheetDatePicker.h */,
				DA0A32BD16502B9C00E7A2A4 /* ActionSheetDatePicker.m */,
				DA0A32BE16502B9C00E7A2A4 /* ActionSheetDistancePicker.h */,
				DA0A32BF16502B9C00E7A2A4 /* ActionSheetDistancePicker.m */,
				DA0A32C016502B9C00E7A2A4 /* ActionSheetStringPicker.h */,
				DA0A32C116502B9C00E7A2A4 /* ActionSheetStringPicker.m */,
				DA0A32C216502B9C00E7A2A4 /* DistancePickerView.h */,
				DA0A32C316502B9C00E7A2A4 /* DistancePickerView.m */,
			);
			path = ActionSheetPicker;
			sourceTree = "<group>";
		};
		DA0A32C416502B9C00E7A2A4 /* BWLongTextViewController */ = {
			isa = PBXGroup;
			children = (
				DA0A32C516502B9C00E7A2A4 /* BWLongTextViewController.h */,
				DA0A32C616502B9C00E7A2A4 /* BWLongTextViewController.m */,
			);
			path = BWLongTextViewController;
			sourceTree = "<group>";
		};
		DA0A32C716502B9C00E7A2A4 /* BWSelectViewController */ = {
			isa = PBXGroup;
			children = (
				DA0A32C816502B9C00E7A2A4 /* BWSelectViewController.h */,
				DA0A32C916502B9C00E7A2A4 /* BWSelectViewController.m */,
			);
			path = BWSelectViewController;
			sourceTree = "<group>";
		};
		DA2E05B4164F8FC400BF9B50 /* Resources */ = {
			isa = PBXGroup;
			children = (
				DA2E05B6164F8FFB00BF9B50 /* Icons */,
			);
			name = Resources;
			sourceTree = "<group>";
		};
		DA2E05B6164F8FFB00BF9B50 /* Icons */ = {
			isa = PBXGroup;
			children = (
				DA2E05B7164F900600BF9B50 /* glyphicons_233_direction.png */,
				DA2E05B8164F900600BF9B50 /* glyphicons_233_direction@2x.png */,
			);
			name = Icons;
			sourceTree = "<group>";
		};
		DAF33093164F335100DBBFD3 = {
			isa = PBXGroup;
			children = (
				DA0A32EE16502BCD00E7A2A4 /* Security.framework */,
				A69FE9BA164F51C600274407 /* MediaPlayer.framework */,
				DAF3313E164F443600DBBFD3 /* CoreLocation.framework */,
				DAF3313C164F432700DBBFD3 /* libz.dylib */,
				DAF3313A164F431600DBBFD3 /* MobileCoreServices.framework */,
				DAF33138164F431000DBBFD3 /* SystemConfiguration.framework */,
				DAF33136164F430300DBBFD3 /* CFNetwork.framework */,
				DA2E05B4164F8FC400BF9B50 /* Resources */,
				DAF330EE164F374000DBBFD3 /* External Sources */,
				DAF330A8164F335100DBBFD3 /* Latitune */,
				DAF330D7164F335200DBBFD3 /* LatituneTests */,
				DAF330A1164F335100DBBFD3 /* Frameworks */,
				DAF3309F164F335100DBBFD3 /* Products */,
			);
			sourceTree = "<group>";
		};
		DAF3309F164F335100DBBFD3 /* Products */ = {
			isa = PBXGroup;
			children = (
				DAF3309E164F335100DBBFD3 /* Latitune.app */,
				DAF330D0164F335200DBBFD3 /* LatituneTests.octest */,
			);
			name = Products;
			sourceTree = "<group>";
		};
		DAF330A1164F335100DBBFD3 /* Frameworks */ = {
			isa = PBXGroup;
			children = (
				DAF330A2164F335100DBBFD3 /* UIKit.framework */,
				DAF330A4164F335100DBBFD3 /* Foundation.framework */,
				DAF330A6164F335100DBBFD3 /* CoreGraphics.framework */,
				DAF330D1164F335200DBBFD3 /* SenTestingKit.framework */,
			);
			name = Frameworks;
			sourceTree = "<group>";
		};
		DAF330A8164F335100DBBFD3 /* Latitune */ = {
			isa = PBXGroup;
			children = (
				DA0A32EB16502BAC00E7A2A4 /* LTRegisterViewController.h */,
				DA0A32EC16502BAC00E7A2A4 /* LTRegisterViewController.m */,
				A69FE9C1164F59AB00274407 /* LTLocationController.h */,
				A69FE9C2164F59AB00274407 /* LTLocationController.m */,
				DAF330B1164F335100DBBFD3 /* LTAppDelegate.h */,
				DAF330B2164F335100DBBFD3 /* LTAppDelegate.m */,
				DAF330BA164F335100DBBFD3 /* MainStoryboard.storyboard */,
				DAF330BD164F335100DBBFD3 /* LTExploreViewController.h */,
				DAF330BE164F335100DBBFD3 /* LTExploreViewController.m */,
				DA0A31EE16501AFB00E7A2A4 /* LTYouTubeViewController.h */,
				DA0A31EF16501AFB00E7A2A4 /* LTYouTubeViewController.m */,
				DAF330C0164F335100DBBFD3 /* first.png */,
				DAF330C2164F335100DBBFD3 /* first@2x.png */,
				DAF330C4164F335200DBBFD3 /* LTListenViewController.h */,
				DAF330C5164F335200DBBFD3 /* LTListenViewController.m */,
				DAF330E8164F343D00DBBFD3 /* LTBlipViewController.h */,
				DAF330E9164F343D00DBBFD3 /* LTBlipViewController.m */,
				DAF330EB164F347400DBBFD3 /* LTCommunication.h */,
				DAF330EC164F347400DBBFD3 /* LTCommunication.m */,
				DAF330C7164F335200DBBFD3 /* second.png */,
				DAF330C9164F335200DBBFD3 /* second@2x.png */,
				DAF330A9164F335100DBBFD3 /* Supporting Files */,
			);
			path = Latitune;
			sourceTree = "<group>";
		};
		DAF330A9164F335100DBBFD3 /* Supporting Files */ = {
			isa = PBXGroup;
			children = (
				DAF330AA164F335100DBBFD3 /* Latitune-Info.plist */,
				DAF330AB164F335100DBBFD3 /* InfoPlist.strings */,
				DAF330AE164F335100DBBFD3 /* main.m */,
				DAF330B0164F335100DBBFD3 /* Latitune-Prefix.pch */,
				DAF330B4164F335100DBBFD3 /* Default.png */,
				DAF330B6164F335100DBBFD3 /* Default@2x.png */,
				DAF330B8164F335100DBBFD3 /* Default-568h@2x.png */,
			);
			name = "Supporting Files";
			sourceTree = "<group>";
		};
		DAF330D7164F335200DBBFD3 /* LatituneTests */ = {
			isa = PBXGroup;
			children = (
				DAF330DD164F335200DBBFD3 /* LatituneTests.h */,
				DAF330DE164F335200DBBFD3 /* LatituneTests.m */,
				DAF330D8164F335200DBBFD3 /* Supporting Files */,
			);
			path = LatituneTests;
			sourceTree = "<group>";
		};
		DAF330D8164F335200DBBFD3 /* Supporting Files */ = {
			isa = PBXGroup;
			children = (
				DAF330D9164F335200DBBFD3 /* LatituneTests-Info.plist */,
				DAF330DA164F335200DBBFD3 /* InfoPlist.strings */,
			);
			name = "Supporting Files";
			sourceTree = "<group>";
		};
		DAF330EE164F374000DBBFD3 /* External Sources */ = {
			isa = PBXGroup;
			children = (
				DA0A327B16502B9C00E7A2A4 /* FormKit */,
				DA0A32B216502B9C00E7A2A4 /* SSKeyChain */,
				DA0A32B516502B9C00E7A2A4 /* Vendor */,
				A6E84ADD1650204B00CE73F6 /* JSONKit.h */,
				A6E84ADE1650204B00CE73F6 /* JSONKit.m */,
				A6E84AD116501F4200CE73F6 /* LBYouTubeView */,
				DAF330EF164F375800DBBFD3 /* ASIHTTPRequest */,
				DAF33104164F375800DBBFD3 /* Reachability */,
				DAF33107164F375800DBBFD3 /* SBJSON */,
			);
			name = "External Sources";
			sourceTree = "<group>";
		};
		DAF330EF164F375800DBBFD3 /* ASIHTTPRequest */ = {
			isa = PBXGroup;
			children = (
				DAF330F0164F375800DBBFD3 /* ASIAuthenticationDialog.h */,
				DAF330F1164F375800DBBFD3 /* ASIAuthenticationDialog.m */,
				DAF330F2164F375800DBBFD3 /* ASICacheDelegate.h */,
				DAF330F3164F375800DBBFD3 /* ASIDataCompressor.h */,
				DAF330F4164F375800DBBFD3 /* ASIDataCompressor.m */,
				DAF330F5164F375800DBBFD3 /* ASIDataDecompressor.h */,
				DAF330F6164F375800DBBFD3 /* ASIDataDecompressor.m */,
				DAF330F7164F375800DBBFD3 /* ASIDownloadCache.h */,
				DAF330F8164F375800DBBFD3 /* ASIDownloadCache.m */,
				DAF330F9164F375800DBBFD3 /* ASIFormDataRequest.h */,
				DAF330FA164F375800DBBFD3 /* ASIFormDataRequest.m */,
				DAF330FB164F375800DBBFD3 /* ASIHTTPRequest.h */,
				DAF330FC164F375800DBBFD3 /* ASIHTTPRequest.m */,
				DAF330FD164F375800DBBFD3 /* ASIHTTPRequestConfig.h */,
				DAF330FE164F375800DBBFD3 /* ASIHTTPRequestDelegate.h */,
				DAF330FF164F375800DBBFD3 /* ASIInputStream.h */,
				DAF33100164F375800DBBFD3 /* ASIInputStream.m */,
				DAF33101164F375800DBBFD3 /* ASINetworkQueue.h */,
				DAF33102164F375800DBBFD3 /* ASINetworkQueue.m */,
				DAF33103164F375800DBBFD3 /* ASIProgressDelegate.h */,
			);
			path = ASIHTTPRequest;
			sourceTree = "<group>";
		};
		DAF33104164F375800DBBFD3 /* Reachability */ = {
			isa = PBXGroup;
			children = (
				DAF33105164F375800DBBFD3 /* Reachability.h */,
				DAF33106164F375800DBBFD3 /* Reachability.m */,
			);
			path = Reachability;
			sourceTree = "<group>";
		};
		DAF33107164F375800DBBFD3 /* SBJSON */ = {
			isa = PBXGroup;
			children = (
				DAF33108164F375800DBBFD3 /* NSObject+SBJson.h */,
				DAF33109164F375800DBBFD3 /* NSObject+SBJson.m */,
				DAF3310A164F375800DBBFD3 /* SBJson.h */,
				DAF3310B164F375800DBBFD3 /* SBJsonParser.h */,
				DAF3310C164F375800DBBFD3 /* SBJsonParser.m */,
				DAF3310D164F375800DBBFD3 /* SBJsonStreamParser.h */,
				DAF3310E164F375800DBBFD3 /* SBJsonStreamParser.m */,
				DAF3310F164F375800DBBFD3 /* SBJsonStreamParserAccumulator.h */,
				DAF33110164F375800DBBFD3 /* SBJsonStreamParserAccumulator.m */,
				DAF33111164F375800DBBFD3 /* SBJsonStreamParserAdapter.h */,
				DAF33112164F375800DBBFD3 /* SBJsonStreamParserAdapter.m */,
				DAF33113164F375800DBBFD3 /* SBJsonStreamParserState.h */,
				DAF33114164F375800DBBFD3 /* SBJsonStreamParserState.m */,
				DAF33115164F375800DBBFD3 /* SBJsonStreamWriter.h */,
				DAF33116164F375800DBBFD3 /* SBJsonStreamWriter.m */,
				DAF33117164F375800DBBFD3 /* SBJsonStreamWriterAccumulator.h */,
				DAF33118164F375800DBBFD3 /* SBJsonStreamWriterAccumulator.m */,
				DAF33119164F375800DBBFD3 /* SBJsonStreamWriterState.h */,
				DAF3311A164F375800DBBFD3 /* SBJsonStreamWriterState.m */,
				DAF3311B164F375800DBBFD3 /* SBJsonTokeniser.h */,
				DAF3311C164F375800DBBFD3 /* SBJsonTokeniser.m */,
				DAF3311D164F375800DBBFD3 /* SBJsonUTF8Stream.h */,
				DAF3311E164F375800DBBFD3 /* SBJsonUTF8Stream.m */,
				DAF3311F164F375800DBBFD3 /* SBJsonWriter.h */,
				DAF33120164F375800DBBFD3 /* SBJsonWriter.m */,
			);
			path = SBJSON;
			sourceTree = "<group>";
		};
/* End PBXGroup section */

/* Begin PBXNativeTarget section */
		DAF3309D164F335100DBBFD3 /* Latitune */ = {
			isa = PBXNativeTarget;
			buildConfigurationList = DAF330E2164F335200DBBFD3 /* Build configuration list for PBXNativeTarget "Latitune" */;
			buildPhases = (
				DAF3309A164F335100DBBFD3 /* Sources */,
				DAF3309B164F335100DBBFD3 /* Frameworks */,
				DAF3309C164F335100DBBFD3 /* Resources */,
			);
			buildRules = (
			);
			dependencies = (
			);
			name = Latitune;
			productName = Latitune;
			productReference = DAF3309E164F335100DBBFD3 /* Latitune.app */;
			productType = "com.apple.product-type.application";
		};
		DAF330CF164F335200DBBFD3 /* LatituneTests */ = {
			isa = PBXNativeTarget;
			buildConfigurationList = DAF330E5164F335200DBBFD3 /* Build configuration list for PBXNativeTarget "LatituneTests" */;
			buildPhases = (
				DAF330CB164F335200DBBFD3 /* Sources */,
				DAF330CC164F335200DBBFD3 /* Frameworks */,
				DAF330CD164F335200DBBFD3 /* Resources */,
				DAF330CE164F335200DBBFD3 /* ShellScript */,
			);
			buildRules = (
			);
			dependencies = (
				DAF330D6164F335200DBBFD3 /* PBXTargetDependency */,
			);
			name = LatituneTests;
			productName = LatituneTests;
			productReference = DAF330D0164F335200DBBFD3 /* LatituneTests.octest */;
			productType = "com.apple.product-type.bundle";
		};
/* End PBXNativeTarget section */

/* Begin PBXProject section */
		DAF33095164F335100DBBFD3 /* Project object */ = {
			isa = PBXProject;
			attributes = {
				CLASSPREFIX = LT;
				LastUpgradeCheck = 0450;
				ORGANIZATIONNAME = "Ben Weitzman";
			};
			buildConfigurationList = DAF33098164F335100DBBFD3 /* Build configuration list for PBXProject "Latitune" */;
			compatibilityVersion = "Xcode 3.2";
			developmentRegion = English;
			hasScannedForEncodings = 0;
			knownRegions = (
				en,
			);
			mainGroup = DAF33093164F335100DBBFD3;
			productRefGroup = DAF3309F164F335100DBBFD3 /* Products */;
			projectDirPath = "";
			projectRoot = "";
			targets = (
				DAF3309D164F335100DBBFD3 /* Latitune */,
				DAF330CF164F335200DBBFD3 /* LatituneTests */,
			);
		};
/* End PBXProject section */

/* Begin PBXResourcesBuildPhase section */
		DAF3309C164F335100DBBFD3 /* Resources */ = {
			isa = PBXResourcesBuildPhase;
			buildActionMask = 2147483647;
			files = (
				DAF330AD164F335100DBBFD3 /* InfoPlist.strings in Resources */,
				DAF330B5164F335100DBBFD3 /* Default.png in Resources */,
				DAF330B7164F335100DBBFD3 /* Default@2x.png in Resources */,
				DAF330B9164F335100DBBFD3 /* Default-568h@2x.png in Resources */,
				DAF330BC164F335100DBBFD3 /* MainStoryboard.storyboard in Resources */,
				DAF330C1164F335100DBBFD3 /* first.png in Resources */,
				DAF330C3164F335200DBBFD3 /* first@2x.png in Resources */,
				DAF330C8164F335200DBBFD3 /* second.png in Resources */,
				DAF330CA164F335200DBBFD3 /* second@2x.png in Resources */,
				DA2E05B9164F900600BF9B50 /* glyphicons_233_direction.png in Resources */,
				DA2E05BA164F900600BF9B50 /* glyphicons_233_direction@2x.png in Resources */,
			);
			runOnlyForDeploymentPostprocessing = 0;
		};
		DAF330CD164F335200DBBFD3 /* Resources */ = {
			isa = PBXResourcesBuildPhase;
			buildActionMask = 2147483647;
			files = (
				DAF330DC164F335200DBBFD3 /* InfoPlist.strings in Resources */,
			);
			runOnlyForDeploymentPostprocessing = 0;
		};
/* End PBXResourcesBuildPhase section */

/* Begin PBXShellScriptBuildPhase section */
		DAF330CE164F335200DBBFD3 /* ShellScript */ = {
			isa = PBXShellScriptBuildPhase;
			buildActionMask = 2147483647;
			files = (
			);
			inputPaths = (
			);
			outputPaths = (
			);
			runOnlyForDeploymentPostprocessing = 0;
			shellPath = /bin/sh;
			shellScript = "# Run the unit tests in this test bundle.\n\"${SYSTEM_DEVELOPER_DIR}/Tools/RunUnitTests\"\n";
		};
/* End PBXShellScriptBuildPhase section */

/* Begin PBXSourcesBuildPhase section */
		DAF3309A164F335100DBBFD3 /* Sources */ = {
			isa = PBXSourcesBuildPhase;
			buildActionMask = 2147483647;
			files = (
				DA0A32F316502C6B00E7A2A4 /* FKBadgeField.m in Sources */,
				DA0A32F416502C6B00E7A2A4 /* FKButtonField.m in Sources */,
				DA0A32F516502C6B00E7A2A4 /* FKDisclosureIndicatorAccessoryField.m in Sources */,
				DA0A32F616502C6B00E7A2A4 /* FKFloatField.m in Sources */,
				DA0A32F716502C6B00E7A2A4 /* FKImageField.m in Sources */,
				DA0A32F816502C6B00E7A2A4 /* FKIntegerField.m in Sources */,
				DA0A32F916502C6B00E7A2A4 /* FKLabelField.m in Sources */,
				DA0A32FA16502C6B00E7A2A4 /* FKPasswordTextField.m in Sources */,
				DA0A32FB16502C6B00E7A2A4 /* FKSaveButtonField.m in Sources */,
				DA0A32FC16502C6B00E7A2A4 /* FKSimpleField.m in Sources */,
				DA0A32FD16502C6B00E7A2A4 /* FKSliderField.m in Sources */,
				DA0A32FE16502C6B00E7A2A4 /* FKSwitchField.m in Sources */,
				DA0A32FF16502C6B00E7A2A4 /* FKTextField.m in Sources */,
				DA0A330016502C6B00E7A2A4 /* FKTextViewField.m in Sources */,
				DA0A330116502C6B00E7A2A4 /* FKValueViewField.m in Sources */,
				DA0A330216502C6B00E7A2A4 /* FKFormAttributeMapping.m in Sources */,
				DA0A330316502C6B00E7A2A4 /* FKFormAttributeValidation.m in Sources */,
				DA0A330416502C6B00E7A2A4 /* FKFormMapper.m in Sources */,
				DA0A330516502C6B00E7A2A4 /* FKFormMapping.m in Sources */,
				DA0A330616502C6B00E7A2A4 /* FKFormModel.m in Sources */,
				DA0A330716502C6B00E7A2A4 /* FKSectionObject.m in Sources */,
				DA0A330816502C6B00E7A2A4 /* NSObject+FKFormAttributeMapping.m in Sources */,
				DA0A330916502C6B00E7A2A4 /* UITableViewCell+FormKit.m in Sources */,
				DA0A330A16502C6B00E7A2A4 /* UIView+FormKit.m in Sources */,
				DA0A330B16502C6B00E7A2A4 /* SSKeychain.m in Sources */,
				DA0A330C16502C6B00E7A2A4 /* AbstractActionSheetPicker.m in Sources */,
				DA0A330D16502C6B00E7A2A4 /* ActionSheetCustomPicker.m in Sources */,
				DA0A330E16502C6B00E7A2A4 /* ActionSheetDatePicker.m in Sources */,
				DA0A330F16502C6B00E7A2A4 /* ActionSheetDistancePicker.m in Sources */,
				DA0A331016502C6B00E7A2A4 /* ActionSheetStringPicker.m in Sources */,
				DA0A331116502C6B00E7A2A4 /* DistancePickerView.m in Sources */,
				DA0A331216502C6B00E7A2A4 /* BWLongTextViewController.m in Sources */,
				DA0A331316502C6B00E7A2A4 /* BWSelectViewController.m in Sources */,
				DA0A32F016502C1500E7A2A4 /* LBYouTubeExtractor.m in Sources */,
				DA0A32F116502C1500E7A2A4 /* LBYouTubePlayerController.m in Sources */,
				DA0A32F216502C1500E7A2A4 /* LBYouTubePlayerViewController.m in Sources */,
				DAF330AF164F335100DBBFD3 /* main.m in Sources */,
				DAF330B3164F335100DBBFD3 /* LTAppDelegate.m in Sources */,
				DAF330BF164F335100DBBFD3 /* LTExploreViewController.m in Sources */,
				DAF330C6164F335200DBBFD3 /* LTListenViewController.m in Sources */,
				DAF330EA164F343D00DBBFD3 /* LTBlipViewController.m in Sources */,
				DAF330ED164F347400DBBFD3 /* LTCommunication.m in Sources */,
				DAF33121164F375800DBBFD3 /* ASIAuthenticationDialog.m in Sources */,
				DAF33122164F375800DBBFD3 /* ASIDataCompressor.m in Sources */,
				DAF33123164F375800DBBFD3 /* ASIDataDecompressor.m in Sources */,
				DAF33124164F375800DBBFD3 /* ASIDownloadCache.m in Sources */,
				DAF33125164F375800DBBFD3 /* ASIFormDataRequest.m in Sources */,
				DAF33126164F375800DBBFD3 /* ASIHTTPRequest.m in Sources */,
				DAF33127164F375800DBBFD3 /* ASIInputStream.m in Sources */,
				DAF33128164F375800DBBFD3 /* ASINetworkQueue.m in Sources */,
				DAF33129164F375800DBBFD3 /* Reachability.m in Sources */,
				DAF3312A164F375800DBBFD3 /* NSObject+SBJson.m in Sources */,
				DAF3312B164F375800DBBFD3 /* SBJsonParser.m in Sources */,
				DAF3312C164F375800DBBFD3 /* SBJsonStreamParser.m in Sources */,
				DAF3312D164F375800DBBFD3 /* SBJsonStreamParserAccumulator.m in Sources */,
				DAF3312E164F375800DBBFD3 /* SBJsonStreamParserAdapter.m in Sources */,
				DAF3312F164F375800DBBFD3 /* SBJsonStreamParserState.m in Sources */,
				DAF33130164F375800DBBFD3 /* SBJsonStreamWriter.m in Sources */,
				DAF33131164F375800DBBFD3 /* SBJsonStreamWriterAccumulator.m in Sources */,
				DAF33132164F375800DBBFD3 /* SBJsonStreamWriterState.m in Sources */,
				DAF33133164F375800DBBFD3 /* SBJsonTokeniser.m in Sources */,
				DAF33134164F375800DBBFD3 /* SBJsonUTF8Stream.m in Sources */,
				DAF33135164F375800DBBFD3 /* SBJsonWriter.m in Sources */,
				A69FE9C3164F59AB00274407 /* LTLocationController.m in Sources */,
				DA0A31F016501AFB00E7A2A4 /* LTYouTubeViewController.m in Sources */,
				A6E84ADF1650204B00CE73F6 /* JSONKit.m in Sources */,
				DA0A32ED16502BAC00E7A2A4 /* LTRegisterViewController.m in Sources */,
			);
			runOnlyForDeploymentPostprocessing = 0;
		};
		DAF330CB164F335200DBBFD3 /* Sources */ = {
			isa = PBXSourcesBuildPhase;
			buildActionMask = 2147483647;
			files = (
				DAF330DF164F335200DBBFD3 /* LatituneTests.m in Sources */,
				DA0A327716502B8300E7A2A4 /* LBYouTubeExtractor.m in Sources */,
				DA0A327816502B8300E7A2A4 /* LBYouTubePlayerController.m in Sources */,
				DA0A327916502B8300E7A2A4 /* LBYouTubePlayerViewController.m in Sources */,
				DA0A32CA16502B9C00E7A2A4 /* FKBadgeField.m in Sources */,
				DA0A32CB16502B9C00E7A2A4 /* FKButtonField.m in Sources */,
				DA0A32CC16502B9C00E7A2A4 /* FKDisclosureIndicatorAccessoryField.m in Sources */,
				DA0A32CD16502B9C00E7A2A4 /* FKFloatField.m in Sources */,
				DA0A32CE16502B9C00E7A2A4 /* FKImageField.m in Sources */,
				DA0A32CF16502B9C00E7A2A4 /* FKIntegerField.m in Sources */,
				DA0A32D016502B9C00E7A2A4 /* FKLabelField.m in Sources */,
				DA0A32D116502B9C00E7A2A4 /* FKPasswordTextField.m in Sources */,
				DA0A32D216502B9C00E7A2A4 /* FKSaveButtonField.m in Sources */,
				DA0A32D316502B9C00E7A2A4 /* FKSimpleField.m in Sources */,
				DA0A32D416502B9C00E7A2A4 /* FKSliderField.m in Sources */,
				DA0A32D516502B9C00E7A2A4 /* FKSwitchField.m in Sources */,
				DA0A32D616502B9C00E7A2A4 /* FKTextField.m in Sources */,
				DA0A32D716502B9C00E7A2A4 /* FKTextViewField.m in Sources */,
				DA0A32D816502B9C00E7A2A4 /* FKValueViewField.m in Sources */,
				DA0A32D916502B9C00E7A2A4 /* FKFormAttributeMapping.m in Sources */,
				DA0A32DA16502B9C00E7A2A4 /* FKFormAttributeValidation.m in Sources */,
				DA0A32DB16502B9C00E7A2A4 /* FKFormMapper.m in Sources */,
				DA0A32DC16502B9C00E7A2A4 /* FKFormMapping.m in Sources */,
				DA0A32DD16502B9C00E7A2A4 /* FKFormModel.m in Sources */,
				DA0A32DE16502B9C00E7A2A4 /* FKSectionObject.m in Sources */,
				DA0A32DF16502B9C00E7A2A4 /* NSObject+FKFormAttributeMapping.m in Sources */,
				DA0A32E016502B9C00E7A2A4 /* UITableViewCell+FormKit.m in Sources */,
				DA0A32E116502B9C00E7A2A4 /* UIView+FormKit.m in Sources */,
				DA0A32E216502B9C00E7A2A4 /* SSKeychain.m in Sources */,
				DA0A32E316502B9C00E7A2A4 /* AbstractActionSheetPicker.m in Sources */,
				DA0A32E416502B9C00E7A2A4 /* ActionSheetCustomPicker.m in Sources */,
				DA0A32E516502B9C00E7A2A4 /* ActionSheetDatePicker.m in Sources */,
				DA0A32E616502B9C00E7A2A4 /* ActionSheetDistancePicker.m in Sources */,
				DA0A32E716502B9C00E7A2A4 /* ActionSheetStringPicker.m in Sources */,
				DA0A32E816502B9C00E7A2A4 /* DistancePickerView.m in Sources */,
				DA0A32E916502B9C00E7A2A4 /* BWLongTextViewController.m in Sources */,
				DA0A32EA16502B9C00E7A2A4 /* BWSelectViewController.m in Sources */,
			);
			runOnlyForDeploymentPostprocessing = 0;
		};
/* End PBXSourcesBuildPhase section */

/* Begin PBXTargetDependency section */
		DAF330D6164F335200DBBFD3 /* PBXTargetDependency */ = {
			isa = PBXTargetDependency;
			target = DAF3309D164F335100DBBFD3 /* Latitune */;
			targetProxy = DAF330D5164F335200DBBFD3 /* PBXContainerItemProxy */;
		};
/* End PBXTargetDependency section */

/* Begin PBXVariantGroup section */
		DAF330AB164F335100DBBFD3 /* InfoPlist.strings */ = {
			isa = PBXVariantGroup;
			children = (
				DAF330AC164F335100DBBFD3 /* en */,
			);
			name = InfoPlist.strings;
			sourceTree = "<group>";
		};
		DAF330BA164F335100DBBFD3 /* MainStoryboard.storyboard */ = {
			isa = PBXVariantGroup;
			children = (
				DAF330BB164F335100DBBFD3 /* en */,
			);
			name = MainStoryboard.storyboard;
			sourceTree = "<group>";
		};
		DAF330DA164F335200DBBFD3 /* InfoPlist.strings */ = {
			isa = PBXVariantGroup;
			children = (
				DAF330DB164F335200DBBFD3 /* en */,
			);
			name = InfoPlist.strings;
			sourceTree = "<group>";
		};
/* End PBXVariantGroup section */

/* Begin XCBuildConfiguration section */
		DAF330E0164F335200DBBFD3 /* Debug */ = {
			isa = XCBuildConfiguration;
			buildSettings = {
				ALWAYS_SEARCH_USER_PATHS = NO;
				CLANG_CXX_LANGUAGE_STANDARD = "gnu++0x";
				CLANG_CXX_LIBRARY = "libc++";
				CLANG_ENABLE_OBJC_ARC = YES;
				CLANG_WARN_EMPTY_BODY = YES;
				CLANG_WARN__DUPLICATE_METHOD_MATCH = YES;
				"CODE_SIGN_IDENTITY[sdk=iphoneos*]" = "iPhone Developer";
				COPY_PHASE_STRIP = NO;
				GCC_C_LANGUAGE_STANDARD = gnu99;
				GCC_DYNAMIC_NO_PIC = NO;
				GCC_OPTIMIZATION_LEVEL = 0;
				GCC_PREPROCESSOR_DEFINITIONS = (
					"DEBUG=1",
					"$(inherited)",
				);
				GCC_SYMBOLS_PRIVATE_EXTERN = NO;
				GCC_WARN_ABOUT_RETURN_TYPE = YES;
				GCC_WARN_UNINITIALIZED_AUTOS = YES;
				GCC_WARN_UNUSED_VARIABLE = YES;
				IPHONEOS_DEPLOYMENT_TARGET = 6.0;
				ONLY_ACTIVE_ARCH = YES;
				SDKROOT = iphoneos;
			};
			name = Debug;
		};
		DAF330E1164F335200DBBFD3 /* Release */ = {
			isa = XCBuildConfiguration;
			buildSettings = {
				ALWAYS_SEARCH_USER_PATHS = NO;
				CLANG_CXX_LANGUAGE_STANDARD = "gnu++0x";
				CLANG_CXX_LIBRARY = "libc++";
				CLANG_ENABLE_OBJC_ARC = YES;
				CLANG_WARN_EMPTY_BODY = YES;
				CLANG_WARN__DUPLICATE_METHOD_MATCH = YES;
				"CODE_SIGN_IDENTITY[sdk=iphoneos*]" = "iPhone Developer";
				COPY_PHASE_STRIP = YES;
				GCC_C_LANGUAGE_STANDARD = gnu99;
				GCC_WARN_ABOUT_RETURN_TYPE = YES;
				GCC_WARN_UNINITIALIZED_AUTOS = YES;
				GCC_WARN_UNUSED_VARIABLE = YES;
				IPHONEOS_DEPLOYMENT_TARGET = 6.0;
				OTHER_CFLAGS = "-DNS_BLOCK_ASSERTIONS=1";
				SDKROOT = iphoneos;
				VALIDATE_PRODUCT = YES;
			};
			name = Release;
		};
		DAF330E3164F335200DBBFD3 /* Debug */ = {
			isa = XCBuildConfiguration;
			buildSettings = {
				GCC_PRECOMPILE_PREFIX_HEADER = YES;
				GCC_PREFIX_HEADER = "Latitune/Latitune-Prefix.pch";
				INFOPLIST_FILE = "Latitune/Latitune-Info.plist";
				PRODUCT_NAME = "$(TARGET_NAME)";
				WRAPPER_EXTENSION = app;
			};
			name = Debug;
		};
		DAF330E4164F335200DBBFD3 /* Release */ = {
			isa = XCBuildConfiguration;
			buildSettings = {
				GCC_PRECOMPILE_PREFIX_HEADER = YES;
				GCC_PREFIX_HEADER = "Latitune/Latitune-Prefix.pch";
				INFOPLIST_FILE = "Latitune/Latitune-Info.plist";
				PRODUCT_NAME = "$(TARGET_NAME)";
				WRAPPER_EXTENSION = app;
			};
			name = Release;
		};
		DAF330E6164F335200DBBFD3 /* Debug */ = {
			isa = XCBuildConfiguration;
			buildSettings = {
				BUNDLE_LOADER = "$(BUILT_PRODUCTS_DIR)/Latitune.app/Latitune";
				FRAMEWORK_SEARCH_PATHS = (
					"\"$(SDKROOT)/Developer/Library/Frameworks\"",
					"\"$(DEVELOPER_LIBRARY_DIR)/Frameworks\"",
				);
				GCC_PRECOMPILE_PREFIX_HEADER = YES;
				GCC_PREFIX_HEADER = "Latitune/Latitune-Prefix.pch";
				INFOPLIST_FILE = "LatituneTests/LatituneTests-Info.plist";
				PRODUCT_NAME = "$(TARGET_NAME)";
				TEST_HOST = "$(BUNDLE_LOADER)";
				WRAPPER_EXTENSION = octest;
			};
			name = Debug;
		};
		DAF330E7164F335200DBBFD3 /* Release */ = {
			isa = XCBuildConfiguration;
			buildSettings = {
				BUNDLE_LOADER = "$(BUILT_PRODUCTS_DIR)/Latitune.app/Latitune";
				FRAMEWORK_SEARCH_PATHS = (
					"\"$(SDKROOT)/Developer/Library/Frameworks\"",
					"\"$(DEVELOPER_LIBRARY_DIR)/Frameworks\"",
				);
				GCC_PRECOMPILE_PREFIX_HEADER = YES;
				GCC_PREFIX_HEADER = "Latitune/Latitune-Prefix.pch";
				INFOPLIST_FILE = "LatituneTests/LatituneTests-Info.plist";
				PRODUCT_NAME = "$(TARGET_NAME)";
				TEST_HOST = "$(BUNDLE_LOADER)";
				WRAPPER_EXTENSION = octest;
			};
			name = Release;
		};
/* End XCBuildConfiguration section */

/* Begin XCConfigurationList section */
		DAF33098164F335100DBBFD3 /* Build configuration list for PBXProject "Latitune" */ = {
			isa = XCConfigurationList;
			buildConfigurations = (
				DAF330E0164F335200DBBFD3 /* Debug */,
				DAF330E1164F335200DBBFD3 /* Release */,
			);
			defaultConfigurationIsVisible = 0;
			defaultConfigurationName = Release;
		};
		DAF330E2164F335200DBBFD3 /* Build configuration list for PBXNativeTarget "Latitune" */ = {
			isa = XCConfigurationList;
			buildConfigurations = (
				DAF330E3164F335200DBBFD3 /* Debug */,
				DAF330E4164F335200DBBFD3 /* Release */,
			);
			defaultConfigurationIsVisible = 0;
			defaultConfigurationName = Release;
		};
		DAF330E5164F335200DBBFD3 /* Build configuration list for PBXNativeTarget "LatituneTests" */ = {
			isa = XCConfigurationList;
			buildConfigurations = (
				DAF330E6164F335200DBBFD3 /* Debug */,
				DAF330E7164F335200DBBFD3 /* Release */,
			);
			defaultConfigurationIsVisible = 0;
			defaultConfigurationName = Release;
		};
/* End XCConfigurationList section */
	};
	rootObject = DAF33095164F335100DBBFD3 /* Project object */;
}
